<?xml version="1.0" encoding="utf-8"?>
<Project ToolsVersion="4.0" xmlns="http://schemas.microsoft.com/developer/msbuild/2003">
  <ItemGroup>
    <Filter Include="Source Files">
      <UniqueIdentifier>{4FC737F1-C7A5-4376-A066-2A32D752A2FF}</UniqueIdentifier>
      <Extensions>cpp;c;cc;cxx;def;odl;idl;hpj;bat;asm;asmx</Extensions>
    </Filter>
    <Filter Include="Header Files">
      <UniqueIdentifier>{93995380-89BD-4b04-88EB-625FBE52EBFB}</UniqueIdentifier>
      <Extensions>h;hh;hpp;hxx;hm;inl;inc;xsd</Extensions>
    </Filter>
    <Filter Include="Source Files\Tests">
      <UniqueIdentifier>{49f08fd0-1216-4e9e-aaa6-d40722dd7b59}</UniqueIdentifier>
    </Filter>
  </ItemGroup>
  <ItemGroup>
    <ClCompile Include="..\Anaquin.cpp">
      <Filter>Source Files</Filter>
    </ClCompile>
    <ClCompile Include="..\ParserFA.cpp">
      <Filter>Source Files</Filter>
    </ClCompile>
    <ClCompile Include="..\ParserGTF.cpp">
      <Filter>Source Files</Filter>
    </ClCompile>
    <ClCompile Include="..\ParserSAM.cpp">
      <Filter>Source Files</Filter>
    </ClCompile>
    <ClCompile Include="..\Tests\AlignerStatsTest.cpp">
      <Filter>Source Files\Tests</Filter>
    </ClCompile>
    <ClCompile Include="..\SillicoFactory.cpp">
      <Filter>Source Files</Filter>
    </ClCompile>
    <ClCompile Include="..\Tests\AssemblyCompareTest.cpp">
      <Filter>Source Files\Tests</Filter>
    </ClCompile>
    <ClCompile Include="..\AssemblyAnalyst.cpp">
      <Filter>Source Files</Filter>
    </ClCompile>
    <ClCompile Include="..\AlignerAnalyst.cpp">
      <Filter>Source Files</Filter>
    </ClCompile>
    <ClCompile Include="..\ExpressionAnalyst.cpp">
      <Filter>Source Files</Filter>
    </ClCompile>
  </ItemGroup>
  <ItemGroup>
    <ClInclude Include="..\Alignment.hpp">
      <Filter>Header Files</Filter>
    </ClInclude>
    <ClInclude Include="..\Feature.hpp">
      <Filter>Header Files</Filter>
    </ClInclude>
    <ClInclude Include="..\ParserFA.hpp">
      <Filter>Header Files</Filter>
    </ClInclude>
    <ClInclude Include="..\ParserGTF.hpp">
      <Filter>Header Files</Filter>
    </ClInclude>
    <ClInclude Include="..\ParserSAM.hpp">
      <Filter>Header Files</Filter>
    </ClInclude>
    <ClInclude Include="..\Sequence.hpp">
      <Filter>Header Files</Filter>
    </ClInclude>
    <ClInclude Include="..\Types.hpp">
      <Filter>Header Files</Filter>
    </ClInclude>
    <ClInclude Include="..\AssemblyAnalyst.hpp">
      <Filter>Header Files</Filter>
    </ClInclude>
    <ClInclude Include="..\SillicoFactory.hpp">
      <Filter>Header Files</Filter>
    </ClInclude>
    <ClInclude Include="..\AlignerAnalyst.hpp">
      <Filter>Header Files</Filter>
    </ClInclude>
    <ClInclude Include="..\ExpressionAnalyst.hpp">
      <Filter>Header Files</Filter>
    </ClInclude>
  </ItemGroup>
</Project>