// !$*UTF8*$!
{
	archiveVersion = 1;
	classes = {
	};
	objectVersion = 46;
	objects = {

/* Begin PBXBuildFile section */
		EF0C67931C5F25070033168D /* v_align.cpp in Sources */ = {isa = PBXBuildFile; fileRef = EF0C67871C5F25070033168D /* v_align.cpp */; };
		EF0C67941C5F25070033168D /* v_allele.cpp in Sources */ = {isa = PBXBuildFile; fileRef = EF0C67891C5F25070033168D /* v_allele.cpp */; };
		EF0C67951C5F25070033168D /* v_coverage.cpp in Sources */ = {isa = PBXBuildFile; fileRef = EF0C678B1C5F25070033168D /* v_coverage.cpp */; };
		EF0C67961C5F25070033168D /* v_discover.cpp in Sources */ = {isa = PBXBuildFile; fileRef = EF0C678D1C5F25070033168D /* v_discover.cpp */; };
		EF0C67971C5F25070033168D /* v_sample.cpp in Sources */ = {isa = PBXBuildFile; fileRef = EF0C678F1C5F25070033168D /* v_sample.cpp */; settings = {COMPILER_FLAGS = "-w"; }; };
		EF17D29D1BCF246700F503F7 /* t_intervals.cpp in Sources */ = {isa = PBXBuildFile; fileRef = EF17D29C1BCF246700F503F7 /* t_intervals.cpp */; };
		EF1DE0B41B21EC6D00DEC381 /* reader.cpp in Sources */ = {isa = PBXBuildFile; fileRef = EF1DE0AC1B21EC6D00DEC381 /* reader.cpp */; };
		EF1DE0B51B21EC6D00DEC381 /* resources.cpp in Sources */ = {isa = PBXBuildFile; fileRef = EF1DE0AE1B21EC6D00DEC381 /* resources.cpp */; };
		EF1DE0B61B21EC6D00DEC381 /* standard.cpp in Sources */ = {isa = PBXBuildFile; fileRef = EF1DE0B01B21EC6D00DEC381 /* standard.cpp */; };
		EF2290571AC0E58000CE76BF /* main.cpp in Sources */ = {isa = PBXBuildFile; fileRef = EF2290351AC0E58000CE76BF /* main.cpp */; };
		EF26156C1B5FF98A00BE8037 /* gdna.cpp in Sources */ = {isa = PBXBuildFile; fileRef = EF26156A1B5FF98A00BE8037 /* gdna.cpp */; settings = {COMPILER_FLAGS = "-w"; }; };
		EF26156D1B5FF98A00BE8037 /* GStr.cpp in Sources */ = {isa = PBXBuildFile; fileRef = EF26156B1B5FF98A00BE8037 /* GStr.cpp */; settings = {COMPILER_FLAGS = "-w"; }; };
		EF2615701B5FF99F00BE8037 /* GArgs.cpp in Sources */ = {isa = PBXBuildFile; fileRef = EF26156E1B5FF99F00BE8037 /* GArgs.cpp */; settings = {COMPILER_FLAGS = "-w"; }; };
		EF2615711B5FF99F00BE8037 /* GBase.cpp in Sources */ = {isa = PBXBuildFile; fileRef = EF26156F1B5FF99F00BE8037 /* GBase.cpp */; settings = {COMPILER_FLAGS = "-w"; }; };
		EF2615741B5FF9AD00BE8037 /* GFaSeqGet.cpp in Sources */ = {isa = PBXBuildFile; fileRef = EF2615721B5FF9AD00BE8037 /* GFaSeqGet.cpp */; settings = {COMPILER_FLAGS = "-w"; }; };
		EF2615751B5FF9AD00BE8037 /* GFastaIndex.cpp in Sources */ = {isa = PBXBuildFile; fileRef = EF2615731B5FF9AD00BE8037 /* GFastaIndex.cpp */; settings = {COMPILER_FLAGS = "-w"; }; };
		EF2615771B5FF9C500BE8037 /* gtf_tracking.cpp in Sources */ = {isa = PBXBuildFile; fileRef = EF2615761B5FF9C500BE8037 /* gtf_tracking.cpp */; settings = {COMPILER_FLAGS = "-w"; }; };
		EF26157B1B5FF9DC00BE8037 /* gff_utils.cpp in Sources */ = {isa = PBXBuildFile; fileRef = EF2615781B5FF9DC00BE8037 /* gff_utils.cpp */; settings = {COMPILER_FLAGS = "-w"; }; };
		EF26157C1B5FF9DC00BE8037 /* gff.cpp in Sources */ = {isa = PBXBuildFile; fileRef = EF2615791B5FF9DC00BE8037 /* gff.cpp */; settings = {COMPILER_FLAGS = "-w"; }; };
		EF26157D1B5FF9DC00BE8037 /* gffread.cpp in Sources */ = {isa = PBXBuildFile; fileRef = EF26157A1B5FF9DC00BE8037 /* gffread.cpp */; settings = {COMPILER_FLAGS = "-w"; }; };
		EF2615801B5FF9F500BE8037 /* codons.cpp in Sources */ = {isa = PBXBuildFile; fileRef = EF26157E1B5FF9F500BE8037 /* codons.cpp */; settings = {COMPILER_FLAGS = "-w"; }; };
		EF2615811B5FF9F500BE8037 /* cuffcompare.cpp in Sources */ = {isa = PBXBuildFile; fileRef = EF26157F1B5FF9F500BE8037 /* cuffcompare.cpp */; settings = {COMPILER_FLAGS = "-w"; }; };
		EF3211951B1DBC1A0062BB10 /* parser_blast.cpp in Sources */ = {isa = PBXBuildFile; fileRef = EF3211931B1DBC1A0062BB10 /* parser_blast.cpp */; };
		EF3302BE1C8E8498007A73A2 /* t_parser_kallisto.cpp in Sources */ = {isa = PBXBuildFile; fileRef = EF3302BD1C8E8498007A73A2 /* t_parser_kallisto.cpp */; };
		EF3860E71AD3783A0062D246 /* parser_csv.cpp in Sources */ = {isa = PBXBuildFile; fileRef = EF3860D91AD3783A0062D246 /* parser_csv.cpp */; };
		EF3860E81AD3783A0062D246 /* parser_tracking.cpp in Sources */ = {isa = PBXBuildFile; fileRef = EF3860DB1AD3783A0062D246 /* parser_tracking.cpp */; };
		EF3860EA1AD3783A0062D246 /* parser_gtf.cpp in Sources */ = {isa = PBXBuildFile; fileRef = EF3860DF1AD3783A0062D246 /* parser_gtf.cpp */; };
		EF3860EB1AD3783A0062D246 /* parser_sam.cpp in Sources */ = {isa = PBXBuildFile; fileRef = EF3860E11AD3783A0062D246 /* parser_sam.cpp */; settings = {COMPILER_FLAGS = "-w"; }; };
		EF3860EC1AD3783A0062D246 /* parser_vcf.cpp in Sources */ = {isa = PBXBuildFile; fileRef = EF3860E31AD3783A0062D246 /* parser_vcf.cpp */; };
		EF3F04A61B6F2F5000179B55 /* parser_star_fusion.cpp in Sources */ = {isa = PBXBuildFile; fileRef = EF3F04A41B6F2F5000179B55 /* parser_star_fusion.cpp */; };
		EF3F04A81B6F309E00179B55 /* t_parser_star_fusion.cpp in Sources */ = {isa = PBXBuildFile; fileRef = EF3F04A71B6F309E00179B55 /* t_parser_star_fusion.cpp */; };
		EF4270A21B213BF200C9ED4E /* test.cpp in Sources */ = {isa = PBXBuildFile; fileRef = EF4270A11B213BF200C9ED4E /* test.cpp */; };
		EF44A81F1AF78FA20036C894 /* parser_tmap.cpp in Sources */ = {isa = PBXBuildFile; fileRef = EF44A81D1AF78FA20036C894 /* parser_tmap.cpp */; };
		EF4BD9AB1ADDFB92007BE6AB /* parser_cdiffs.cpp in Sources */ = {isa = PBXBuildFile; fileRef = EF4BD9A91ADDFB92007BE6AB /* parser_cdiffs.cpp */; };
		EF4BD9B61ADE4054007BE6AB /* t_parser_sam.cpp in Sources */ = {isa = PBXBuildFile; fileRef = EF4BD9B11ADE4054007BE6AB /* t_parser_sam.cpp */; };
		EF58D8E01C1645EB00958A0C /* t_diffs.cpp in Sources */ = {isa = PBXBuildFile; fileRef = EF58D8DE1C1645EB00958A0C /* t_diffs.cpp */; };
		EF58D8E11C1645EB00958A0C /* t_express.cpp in Sources */ = {isa = PBXBuildFile; fileRef = EF58D8DF1C1645EB00958A0C /* t_express.cpp */; };
		EF5B07B81C48AE6B00751B46 /* experiment.cpp in Sources */ = {isa = PBXBuildFile; fileRef = EF5B07B61C48AE6B00751B46 /* experiment.cpp */; };
		EF5B07BA1C48B08700751B46 /* t_experiment.cpp in Sources */ = {isa = PBXBuildFile; fileRef = EF5B07B91C48B08700751B46 /* t_experiment.cpp */; };
		EF65DDC21C6C3EC6003EE08A /* f_coverage.cpp in Sources */ = {isa = PBXBuildFile; fileRef = EF65DDB81C6C3EC6003EE08A /* f_coverage.cpp */; };
		EF65DDC31C6C3EC6003EE08A /* f_diff.cpp in Sources */ = {isa = PBXBuildFile; fileRef = EF65DDBA1C6C3EC6003EE08A /* f_diff.cpp */; };
		EF65DDC41C6C3EC6003EE08A /* f_discover.cpp in Sources */ = {isa = PBXBuildFile; fileRef = EF65DDBC1C6C3EC6003EE08A /* f_discover.cpp */; };
		EF65DDC51C6C3EC6003EE08A /* f_express.cpp in Sources */ = {isa = PBXBuildFile; fileRef = EF65DDBE1C6C3EC6003EE08A /* f_express.cpp */; };
		EF6B01D11C60975000D82709 /* t_parser_varscan.cpp in Sources */ = {isa = PBXBuildFile; fileRef = EF6B01D01C60975000D82709 /* t_parser_varscan.cpp */; };
		EF6D05F31BD3E6040048044F /* sampling.cpp in Sources */ = {isa = PBXBuildFile; fileRef = EF6D05F21BD3E6040048044F /* sampling.cpp */; };
		EF708C1D1C4C3DDF00039DE4 /* t_parser_HTSeqCount.cpp in Sources */ = {isa = PBXBuildFile; fileRef = EF708C1C1C4C3DDF00039DE4 /* t_parser_HTSeqCount.cpp */; };
		EF7278121CACD9400012648F /* v_kexpress.cpp in Sources */ = {isa = PBXBuildFile; fileRef = EF7278101CACD9400012648F /* v_kexpress.cpp */; };
		EF72781F1CACEC2F0012648F /* t_align.cpp in Sources */ = {isa = PBXBuildFile; fileRef = EF7278141CACEC2F0012648F /* t_align.cpp */; };
		EF7278201CACEC2F0012648F /* t_assembly.cpp in Sources */ = {isa = PBXBuildFile; fileRef = EF7278161CACEC2F0012648F /* t_assembly.cpp */; };
		EF7278211CACEC2F0012648F /* t_coverage.cpp in Sources */ = {isa = PBXBuildFile; fileRef = EF7278181CACEC2F0012648F /* t_coverage.cpp */; };
		EF7278221CACEC2F0012648F /* t_diffs.cpp in Sources */ = {isa = PBXBuildFile; fileRef = EF72781A1CACEC2F0012648F /* t_diffs.cpp */; };
		EF7278231CACEC2F0012648F /* t_express.cpp in Sources */ = {isa = PBXBuildFile; fileRef = EF72781C1CACEC2F0012648F /* t_express.cpp */; };
		EF72782F1CACEC5E0012648F /* l_abund.cpp in Sources */ = {isa = PBXBuildFile; fileRef = EF7278251CACEC5E0012648F /* l_abund.cpp */; };
		EF7278301CACEC5E0012648F /* l_copy.cpp in Sources */ = {isa = PBXBuildFile; fileRef = EF7278271CACEC5E0012648F /* l_copy.cpp */; };
		EF7278311CACEC5E0012648F /* l_coverage.cpp in Sources */ = {isa = PBXBuildFile; fileRef = EF7278291CACEC5E0012648F /* l_coverage.cpp */; };
		EF7278321CACEC5E0012648F /* l_diffs.cpp in Sources */ = {isa = PBXBuildFile; fileRef = EF72782B1CACEC5E0012648F /* l_diffs.cpp */; };
		EF7278331CACEC5E0012648F /* l_norm.cpp in Sources */ = {isa = PBXBuildFile; fileRef = EF72782D1CACEC5E0012648F /* l_norm.cpp */; };
		EF72F0ED1B6898940092DA34 /* t_parser_top_fusion.cpp in Sources */ = {isa = PBXBuildFile; fileRef = EF72F0EC1B6898940092DA34 /* t_parser_top_fusion.cpp */; };
		EF745EEB1C1E8B1B0072CEBB /* t_parser_gtf.cpp in Sources */ = {isa = PBXBuildFile; fileRef = EF745EEA1C1E8B1B0072CEBB /* t_parser_gtf.cpp */; };
		EF98D6BC1C616B5D00697051 /* t_standard.cpp in Sources */ = {isa = PBXBuildFile; fileRef = EF98D6BB1C616B5D00697051 /* t_standard.cpp */; };
		EF9ACCF31B5FB9790085D1B2 /* t_align.cpp in Sources */ = {isa = PBXBuildFile; fileRef = EF9ACCEB1B5FB5F20085D1B2 /* t_align.cpp */; };
		EF9F70EE1B9C397900B8BD7B /* reference.cpp in Sources */ = {isa = PBXBuildFile; fileRef = EF9F70ED1B9C397900B8BD7B /* reference.cpp */; };
		EFA9DE731BCB7D6100780182 /* coverage.cpp in Sources */ = {isa = PBXBuildFile; fileRef = EFA9DE711BCB7D6100780182 /* coverage.cpp */; };
		EFB108451C22D29E004DCBCF /* t_itree.cpp in Sources */ = {isa = PBXBuildFile; fileRef = EFB108441C22D29E004DCBCF /* t_itree.cpp */; };
		EFB3FF621B4A30DC0065CEA0 /* parser_top_fusion.cpp in Sources */ = {isa = PBXBuildFile; fileRef = EFB3FF601B4A30DC0065CEA0 /* parser_top_fusion.cpp */; };
		EFB7FF3A1B4F848D0045DC6A /* t_locus.cpp in Sources */ = {isa = PBXBuildFile; fileRef = EFB7FF381B4F848D0045DC6A /* t_locus.cpp */; };
		EFBB830E1ADF953B0002611E /* parser_sequins.cpp in Sources */ = {isa = PBXBuildFile; fileRef = EFBB830C1ADF953B0002611E /* parser_sequins.cpp */; };
		EFBC882B1C3E78F500B604A7 /* t_r_writer.cpp in Sources */ = {isa = PBXBuildFile; fileRef = EFBC882A1C3E78F500B604A7 /* t_r_writer.cpp */; };
		EFD6292B1C4CAE2400FDF262 /* r_writer.cpp in Sources */ = {isa = PBXBuildFile; fileRef = EFD6292A1C4CAE2400FDF262 /* r_writer.cpp */; };
		EFDC8F491CABB75C0031EF77 /* v_express.cpp in Sources */ = {isa = PBXBuildFile; fileRef = EFDC8F471CABB75C0031EF77 /* v_express.cpp */; };
		EFDD6A711B0DD60500450029 /* libz.dylib in Frameworks */ = {isa = PBXBuildFile; fileRef = EFDD6A701B0DD60500450029 /* libz.dylib */; };
		EFDD6A781B0DD75B00450029 /* bgzf.c in Sources */ = {isa = PBXBuildFile; fileRef = EFDD6A751B0DD75B00450029 /* bgzf.c */; settings = {COMPILER_FLAGS = "-w"; }; };
		EFDD6A921B0DD76200450029 /* hfile_net.c in Sources */ = {isa = PBXBuildFile; fileRef = EFDD6A7D1B0DD76200450029 /* hfile_net.c */; };
		EFDD6A931B0DD76200450029 /* hfile.c in Sources */ = {isa = PBXBuildFile; fileRef = EFDD6A7E1B0DD76200450029 /* hfile.c */; settings = {COMPILER_FLAGS = "-w"; }; };
		EFDD6A941B0DD76200450029 /* hts.c in Sources */ = {isa = PBXBuildFile; fileRef = EFDD6A801B0DD76200450029 /* hts.c */; settings = {COMPILER_FLAGS = "-w"; }; };
		EFDD6A961B0DD76200450029 /* kfunc.c in Sources */ = {isa = PBXBuildFile; fileRef = EFDD6A821B0DD76200450029 /* kfunc.c */; };
		EFDD6A971B0DD76200450029 /* knetfile.c in Sources */ = {isa = PBXBuildFile; fileRef = EFDD6A831B0DD76200450029 /* knetfile.c */; settings = {COMPILER_FLAGS = "-w"; }; };
		EFDD6A981B0DD76200450029 /* kstring.c in Sources */ = {isa = PBXBuildFile; fileRef = EFDD6A841B0DD76200450029 /* kstring.c */; settings = {COMPILER_FLAGS = "-w"; }; };
		EFDD6A991B0DD76200450029 /* md5.c in Sources */ = {isa = PBXBuildFile; fileRef = EFDD6A851B0DD76200450029 /* md5.c */; settings = {COMPILER_FLAGS = "-w"; }; };
		EFDD6A9B1B0DD76200450029 /* sam.c in Sources */ = {isa = PBXBuildFile; fileRef = EFDD6A871B0DD76200450029 /* sam.c */; settings = {COMPILER_FLAGS = "-w"; }; };
		EFDD6A9E1B0DD76200450029 /* tbx.c in Sources */ = {isa = PBXBuildFile; fileRef = EFDD6A8A1B0DD76200450029 /* tbx.c */; settings = {COMPILER_FLAGS = "-w"; }; };
		EFDD6AA21B0DD76200450029 /* vcfutils.c in Sources */ = {isa = PBXBuildFile; fileRef = EFDD6A8E1B0DD76200450029 /* vcfutils.c */; settings = {COMPILER_FLAGS = "-w"; }; };
		EFDD6AC91B0DD76C00450029 /* cram_codecs.c in Sources */ = {isa = PBXBuildFile; fileRef = EFDD6AA31B0DD76C00450029 /* cram_codecs.c */; settings = {COMPILER_FLAGS = "-w"; }; };
		EFDD6ACA1B0DD76C00450029 /* cram_decode.c in Sources */ = {isa = PBXBuildFile; fileRef = EFDD6AA51B0DD76C00450029 /* cram_decode.c */; settings = {COMPILER_FLAGS = "-w"; }; };
		EFDD6ACB1B0DD76C00450029 /* cram_encode.c in Sources */ = {isa = PBXBuildFile; fileRef = EFDD6AA71B0DD76C00450029 /* cram_encode.c */; settings = {COMPILER_FLAGS = "-w"; }; };
		EFDD6ACC1B0DD76C00450029 /* cram_index.c in Sources */ = {isa = PBXBuildFile; fileRef = EFDD6AA91B0DD76C00450029 /* cram_index.c */; settings = {COMPILER_FLAGS = "-w"; }; };
		EFDD6ACD1B0DD76C00450029 /* cram_io.c in Sources */ = {isa = PBXBuildFile; fileRef = EFDD6AAB1B0DD76C00450029 /* cram_io.c */; settings = {COMPILER_FLAGS = "-w"; }; };
		EFDD6ACE1B0DD76C00450029 /* cram_samtools.c in Sources */ = {isa = PBXBuildFile; fileRef = EFDD6AAD1B0DD76C00450029 /* cram_samtools.c */; settings = {COMPILER_FLAGS = "-w"; }; };
		EFDD6ACF1B0DD76C00450029 /* cram_stats.c in Sources */ = {isa = PBXBuildFile; fileRef = EFDD6AAF1B0DD76C00450029 /* cram_stats.c */; settings = {COMPILER_FLAGS = "-w"; }; };
		EFDD6AD11B0DD76C00450029 /* mFILE.c in Sources */ = {isa = PBXBuildFile; fileRef = EFDD6AB41B0DD76C00450029 /* mFILE.c */; settings = {COMPILER_FLAGS = "-w"; }; };
		EFDD6AD21B0DD76C00450029 /* open_trace_file.c in Sources */ = {isa = PBXBuildFile; fileRef = EFDD6AB71B0DD76C00450029 /* open_trace_file.c */; settings = {COMPILER_FLAGS = "-w"; }; };
		EFDD6AD31B0DD76C00450029 /* pooled_alloc.c in Sources */ = {isa = PBXBuildFile; fileRef = EFDD6ABA1B0DD76C00450029 /* pooled_alloc.c */; };
		EFDD6AD41B0DD76C00450029 /* rANS_static.c in Sources */ = {isa = PBXBuildFile; fileRef = EFDD6ABD1B0DD76C00450029 /* rANS_static.c */; settings = {COMPILER_FLAGS = "-w"; }; };
		EFDD6AD51B0DD76C00450029 /* sam_header.c in Sources */ = {isa = PBXBuildFile; fileRef = EFDD6ABF1B0DD76C00450029 /* sam_header.c */; settings = {COMPILER_FLAGS = "-w"; }; };
		EFDD6AD61B0DD76C00450029 /* string_alloc.c in Sources */ = {isa = PBXBuildFile; fileRef = EFDD6AC11B0DD76C00450029 /* string_alloc.c */; };
		EFDD6AD71B0DD76C00450029 /* thread_pool.c in Sources */ = {isa = PBXBuildFile; fileRef = EFDD6AC31B0DD76C00450029 /* thread_pool.c */; settings = {COMPILER_FLAGS = "-w"; }; };
		EFDD6AD81B0DD76C00450029 /* vlen.c in Sources */ = {isa = PBXBuildFile; fileRef = EFDD6AC51B0DD76C00450029 /* vlen.c */; };
		EFDD6AD91B0DD76C00450029 /* zfio.c in Sources */ = {isa = PBXBuildFile; fileRef = EFDD6AC71B0DD76C00450029 /* zfio.c */; };
		EFDD6ADB1B0DDB8700450029 /* files.c in Sources */ = {isa = PBXBuildFile; fileRef = EFDD6ADA1B0DDB8700450029 /* files.c */; settings = {COMPILER_FLAGS = "-w"; }; };
		EFDD6ADD1B0DE65D00450029 /* vcf.c in Sources */ = {isa = PBXBuildFile; fileRef = EFDD6ADC1B0DE65D00450029 /* vcf.c */; settings = {COMPILER_FLAGS = "-w"; }; };
		EFE700A21C8FA9920086A246 /* Bootstrap.cpp in Sources */ = {isa = PBXBuildFile; fileRef = EFE700811C8FA9920086A246 /* Bootstrap.cpp */; settings = {COMPILER_FLAGS = "-w"; }; };
		EFE700A31C8FA9920086A246 /* common.cpp in Sources */ = {isa = PBXBuildFile; fileRef = EFE700841C8FA9920086A246 /* common.cpp */; };
		EFE700A41C8FA9920086A246 /* h5utils.cpp in Sources */ = {isa = PBXBuildFile; fileRef = EFE700871C8FA9920086A246 /* h5utils.cpp */; };
		EFE700A51C8FA9920086A246 /* H5Writer.cpp in Sources */ = {isa = PBXBuildFile; fileRef = EFE700891C8FA9920086A246 /* H5Writer.cpp */; settings = {COMPILER_FLAGS = "-w"; }; };
		EFE700A61C8FA9920086A246 /* hash.cpp in Sources */ = {isa = PBXBuildFile; fileRef = EFE7008B1C8FA9920086A246 /* hash.cpp */; };
		EFE700A71C8FA9920086A246 /* Kmer.cpp in Sources */ = {isa = PBXBuildFile; fileRef = EFE7008E1C8FA9920086A246 /* Kmer.cpp */; settings = {COMPILER_FLAGS = "-w"; }; };
		EFE700A81C8FA9920086A246 /* KmerIndex.cpp in Sources */ = {isa = PBXBuildFile; fileRef = EFE700911C8FA9920086A246 /* KmerIndex.cpp */; settings = {COMPILER_FLAGS = "-w"; }; };
		EFE700A91C8FA9920086A246 /* KmerIterator.cpp in Sources */ = {isa = PBXBuildFile; fileRef = EFE700931C8FA9920086A246 /* KmerIterator.cpp */; settings = {COMPILER_FLAGS = "-w"; }; };
		EFE700AA1C8FA9920086A246 /* main.cpp in Sources */ = {isa = PBXBuildFile; fileRef = EFE700961C8FA9920086A246 /* main.cpp */; settings = {COMPILER_FLAGS = "-w"; }; };
		EFE700AB1C8FA9920086A246 /* MinCollector.cpp in Sources */ = {isa = PBXBuildFile; fileRef = EFE700971C8FA9920086A246 /* MinCollector.cpp */; settings = {COMPILER_FLAGS = "-w"; }; };
		EFE700AC1C8FA9920086A246 /* PlaintextWriter.cpp in Sources */ = {isa = PBXBuildFile; fileRef = EFE7009A1C8FA9920086A246 /* PlaintextWriter.cpp */; };
		EFE700AD1C8FA9920086A246 /* ProcessReads.cpp in Sources */ = {isa = PBXBuildFile; fileRef = EFE7009C1C8FA9920086A246 /* ProcessReads.cpp */; settings = {COMPILER_FLAGS = "-w"; }; };
		EFE700AE1C8FA9920086A246 /* PseudoBam.cpp in Sources */ = {isa = PBXBuildFile; fileRef = EFE7009E1C8FA9920086A246 /* PseudoBam.cpp */; settings = {COMPILER_FLAGS = "-w"; }; };
		EFE700AF1C8FA9920086A246 /* weights.cpp in Sources */ = {isa = PBXBuildFile; fileRef = EFE700A01C8FA9920086A246 /* weights.cpp */; settings = {COMPILER_FLAGS = "-w"; }; };
		EFE700B31C8FAF620086A246 /* libhdf5.a in Frameworks */ = {isa = PBXBuildFile; fileRef = EFE700B21C8FAF620086A246 /* libhdf5.a */; };
		EFE8168F1B5370600004D9BF /* cmd.cpp in Sources */ = {isa = PBXBuildFile; fileRef = EFE8168E1B5370600004D9BF /* cmd.cpp */; };
		EFE88F961C15A7DD00B46829 /* t_assembly.cpp in Sources */ = {isa = PBXBuildFile; fileRef = EFE88F951C15A7DD00B46829 /* t_assembly.cpp */; };
		EFF4B1D21C53A3CA00DF6A0E /* stats.cpp in Sources */ = {isa = PBXBuildFile; fileRef = EFF4B1D11C53A3CA00DF6A0E /* stats.cpp */; };
		EFF5DE171C4B8AF8001C3496 /* linear.cpp in Sources */ = {isa = PBXBuildFile; fileRef = EFF5DE161C4B8AF8001C3496 /* linear.cpp */; };
/* End PBXBuildFile section */

/* Begin PBXCopyFilesBuildPhase section */
		7F7C70501AB4726E00C6EE36 /* CopyFiles */ = {
			isa = PBXCopyFilesBuildPhase;
			buildActionMask = 12;
			dstPath = /Users/tedwong/Sources/QA/builds;
			dstSubfolderSpec = 0;
			files = (
			);
			runOnlyForDeploymentPostprocessing = 0;
		};
/* End PBXCopyFilesBuildPhase section */

/* Begin PBXFileReference section */
		7F7C70521AB4726E00C6EE36 /* Anaquin */ = {isa = PBXFileReference; explicitFileType = "compiled.mach-o.executable"; includeInIndex = 0; path = Anaquin; sourceTree = BUILT_PRODUCTS_DIR; };
		EF02A5231B7E0F8D00295799 /* compare.hpp */ = {isa = PBXFileReference; lastKnownFileType = sourcecode.cpp.h; name = compare.hpp; path = ../src/data/compare.hpp; sourceTree = "<group>"; };
		EF09431A1B365FF6000BBF67 /* terminal_writer.hpp */ = {isa = PBXFileReference; fileEncoding = 4; lastKnownFileType = sourcecode.cpp.h; name = terminal_writer.hpp; path = ../src/writers/terminal_writer.hpp; sourceTree = "<group>"; };
		EF0C67871C5F25070033168D /* v_align.cpp */ = {isa = PBXFileReference; fileEncoding = 4; lastKnownFileType = sourcecode.cpp.cpp; name = v_align.cpp; path = ../src/VARQuin/v_align.cpp; sourceTree = "<group>"; };
		EF0C67881C5F25070033168D /* v_align.hpp */ = {isa = PBXFileReference; fileEncoding = 4; lastKnownFileType = sourcecode.cpp.h; name = v_align.hpp; path = ../src/VARQuin/v_align.hpp; sourceTree = "<group>"; };
		EF0C67891C5F25070033168D /* v_allele.cpp */ = {isa = PBXFileReference; fileEncoding = 4; lastKnownFileType = sourcecode.cpp.cpp; name = v_allele.cpp; path = ../src/VARQuin/v_allele.cpp; sourceTree = "<group>"; };
		EF0C678A1C5F25070033168D /* v_allele.hpp */ = {isa = PBXFileReference; fileEncoding = 4; lastKnownFileType = sourcecode.cpp.h; name = v_allele.hpp; path = ../src/VARQuin/v_allele.hpp; sourceTree = "<group>"; };
		EF0C678B1C5F25070033168D /* v_coverage.cpp */ = {isa = PBXFileReference; fileEncoding = 4; lastKnownFileType = sourcecode.cpp.cpp; name = v_coverage.cpp; path = ../src/VARQuin/v_coverage.cpp; sourceTree = "<group>"; };
		EF0C678C1C5F25070033168D /* v_coverage.hpp */ = {isa = PBXFileReference; fileEncoding = 4; lastKnownFileType = sourcecode.cpp.h; name = v_coverage.hpp; path = ../src/VARQuin/v_coverage.hpp; sourceTree = "<group>"; };
		EF0C678D1C5F25070033168D /* v_discover.cpp */ = {isa = PBXFileReference; fileEncoding = 4; lastKnownFileType = sourcecode.cpp.cpp; name = v_discover.cpp; path = ../src/VARQuin/v_discover.cpp; sourceTree = "<group>"; };
		EF0C678E1C5F25070033168D /* v_discover.hpp */ = {isa = PBXFileReference; fileEncoding = 4; lastKnownFileType = sourcecode.cpp.h; name = v_discover.hpp; path = ../src/VARQuin/v_discover.hpp; sourceTree = "<group>"; };
		EF0C678F1C5F25070033168D /* v_sample.cpp */ = {isa = PBXFileReference; fileEncoding = 4; lastKnownFileType = sourcecode.cpp.cpp; name = v_sample.cpp; path = ../src/VARQuin/v_sample.cpp; sourceTree = "<group>"; };
		EF0C67901C5F25070033168D /* v_sample.hpp */ = {isa = PBXFileReference; fileEncoding = 4; lastKnownFileType = sourcecode.cpp.h; name = v_sample.hpp; path = ../src/VARQuin/v_sample.hpp; sourceTree = "<group>"; };
		EF0C67911C5F25070033168D /* v_viewer.hpp */ = {isa = PBXFileReference; fileEncoding = 4; lastKnownFileType = sourcecode.cpp.h; name = v_viewer.hpp; path = ../src/VARQuin/v_viewer.hpp; sourceTree = "<group>"; };
		EF0C67921C5F25070033168D /* VarQuin.hpp */ = {isa = PBXFileReference; fileEncoding = 4; lastKnownFileType = sourcecode.cpp.h; name = VarQuin.hpp; path = ../src/VARQuin/VarQuin.hpp; sourceTree = "<group>"; };
		EF17D29C1BCF246700F503F7 /* t_intervals.cpp */ = {isa = PBXFileReference; fileEncoding = 4; lastKnownFileType = sourcecode.cpp.cpp; name = t_intervals.cpp; path = ../tests/data/t_intervals.cpp; sourceTree = "<group>"; };
		EF1DE0A71B21EC6D00DEC381 /* alignment.hpp */ = {isa = PBXFileReference; fileEncoding = 4; lastKnownFileType = sourcecode.cpp.h; name = alignment.hpp; path = ../src/data/alignment.hpp; sourceTree = "<group>"; };
		EF1DE0A81B21EC6D00DEC381 /* biology.hpp */ = {isa = PBXFileReference; fileEncoding = 4; lastKnownFileType = sourcecode.cpp.h; name = biology.hpp; path = ../src/data/biology.hpp; sourceTree = "<group>"; };
		EF1DE0A91B21EC6D00DEC381 /* feature.hpp */ = {isa = PBXFileReference; fileEncoding = 4; lastKnownFileType = sourcecode.cpp.h; name = feature.hpp; path = ../src/data/feature.hpp; sourceTree = "<group>"; };
		EF1DE0AB1B21EC6D00DEC381 /* locus.hpp */ = {isa = PBXFileReference; fileEncoding = 4; lastKnownFileType = sourcecode.cpp.h; name = locus.hpp; path = ../src/data/locus.hpp; sourceTree = "<group>"; };
		EF1DE0AC1B21EC6D00DEC381 /* reader.cpp */ = {isa = PBXFileReference; fileEncoding = 4; lastKnownFileType = sourcecode.cpp.cpp; name = reader.cpp; path = ../src/data/reader.cpp; sourceTree = "<group>"; };
		EF1DE0AD1B21EC6D00DEC381 /* reader.hpp */ = {isa = PBXFileReference; fileEncoding = 4; lastKnownFileType = sourcecode.cpp.h; name = reader.hpp; path = ../src/data/reader.hpp; sourceTree = "<group>"; };
		EF1DE0AE1B21EC6D00DEC381 /* resources.cpp */ = {isa = PBXFileReference; fileEncoding = 4; lastKnownFileType = sourcecode.cpp.cpp; name = resources.cpp; path = ../src/data/resources.cpp; sourceTree = "<group>"; };
		EF1DE0B01B21EC6D00DEC381 /* standard.cpp */ = {isa = PBXFileReference; fileEncoding = 4; lastKnownFileType = sourcecode.cpp.cpp; name = standard.cpp; path = ../src/data/standard.cpp; sourceTree = "<group>"; };
		EF1DE0B11B21EC6D00DEC381 /* standard.hpp */ = {isa = PBXFileReference; fileEncoding = 4; lastKnownFileType = sourcecode.cpp.h; name = standard.hpp; path = ../src/data/standard.hpp; sourceTree = "<group>"; };
		EF1DE0B21B21EC6D00DEC381 /* tokens.hpp */ = {isa = PBXFileReference; fileEncoding = 4; lastKnownFileType = sourcecode.cpp.h; name = tokens.hpp; path = ../src/data/tokens.hpp; sourceTree = "<group>"; };
		EF1DE0B31B21EC6D00DEC381 /* types.hpp */ = {isa = PBXFileReference; fileEncoding = 4; lastKnownFileType = sourcecode.cpp.h; name = types.hpp; path = ../src/data/types.hpp; sourceTree = "<group>"; };
		EF1DE0B91B21EC8300DEC381 /* analyzer.hpp */ = {isa = PBXFileReference; lastKnownFileType = sourcecode.cpp.h; name = analyzer.hpp; path = ../src/stats/analyzer.hpp; sourceTree = "<group>"; };
		EF1DE0BA1B21EC8300DEC381 /* classify.hpp */ = {isa = PBXFileReference; lastKnownFileType = sourcecode.cpp.h; name = classify.hpp; path = ../src/stats/classify.hpp; sourceTree = "<group>"; };
		EF1DE0BC1B21EC8300DEC381 /* limit.hpp */ = {isa = PBXFileReference; lastKnownFileType = sourcecode.cpp.h; name = limit.hpp; path = ../src/stats/limit.hpp; sourceTree = "<group>"; };
		EF2002531BCEFD6900F8CE08 /* intervals.hpp */ = {isa = PBXFileReference; lastKnownFileType = sourcecode.cpp.h; name = intervals.hpp; path = ../src/data/intervals.hpp; sourceTree = "<group>"; };
		EF2290351AC0E58000CE76BF /* main.cpp */ = {isa = PBXFileReference; fileEncoding = 4; lastKnownFileType = sourcecode.cpp.cpp; name = main.cpp; path = ../src/main.cpp; sourceTree = "<group>"; };
		EF2537B21BF0A49800ABAABC /* parser_tsv.hpp */ = {isa = PBXFileReference; lastKnownFileType = sourcecode.cpp.h; name = parser_tsv.hpp; path = ../src/parsers/parser_tsv.hpp; sourceTree = "<group>"; };
		EF26156A1B5FF98A00BE8037 /* gdna.cpp */ = {isa = PBXFileReference; fileEncoding = 4; lastKnownFileType = sourcecode.cpp.cpp; name = gdna.cpp; path = ../src/cufflinks/gdna.cpp; sourceTree = "<group>"; };
		EF26156B1B5FF98A00BE8037 /* GStr.cpp */ = {isa = PBXFileReference; fileEncoding = 4; lastKnownFileType = sourcecode.cpp.cpp; name = GStr.cpp; path = ../src/cufflinks/GStr.cpp; sourceTree = "<group>"; };
		EF26156E1B5FF99F00BE8037 /* GArgs.cpp */ = {isa = PBXFileReference; fileEncoding = 4; lastKnownFileType = sourcecode.cpp.cpp; name = GArgs.cpp; path = ../src/cufflinks/GArgs.cpp; sourceTree = "<group>"; };
		EF26156F1B5FF99F00BE8037 /* GBase.cpp */ = {isa = PBXFileReference; fileEncoding = 4; lastKnownFileType = sourcecode.cpp.cpp; name = GBase.cpp; path = ../src/cufflinks/GBase.cpp; sourceTree = "<group>"; };
		EF2615721B5FF9AD00BE8037 /* GFaSeqGet.cpp */ = {isa = PBXFileReference; fileEncoding = 4; lastKnownFileType = sourcecode.cpp.cpp; name = GFaSeqGet.cpp; path = ../src/cufflinks/GFaSeqGet.cpp; sourceTree = "<group>"; };
		EF2615731B5FF9AD00BE8037 /* GFastaIndex.cpp */ = {isa = PBXFileReference; fileEncoding = 4; lastKnownFileType = sourcecode.cpp.cpp; name = GFastaIndex.cpp; path = ../src/cufflinks/GFastaIndex.cpp; sourceTree = "<group>"; };
		EF2615761B5FF9C500BE8037 /* gtf_tracking.cpp */ = {isa = PBXFileReference; fileEncoding = 4; lastKnownFileType = sourcecode.cpp.cpp; name = gtf_tracking.cpp; path = ../src/cufflinks/gtf_tracking.cpp; sourceTree = "<group>"; };
		EF2615781B5FF9DC00BE8037 /* gff_utils.cpp */ = {isa = PBXFileReference; fileEncoding = 4; lastKnownFileType = sourcecode.cpp.cpp; name = gff_utils.cpp; path = ../src/cufflinks/gff_utils.cpp; sourceTree = "<group>"; };
		EF2615791B5FF9DC00BE8037 /* gff.cpp */ = {isa = PBXFileReference; fileEncoding = 4; lastKnownFileType = sourcecode.cpp.cpp; name = gff.cpp; path = ../src/cufflinks/gff.cpp; sourceTree = "<group>"; };
		EF26157A1B5FF9DC00BE8037 /* gffread.cpp */ = {isa = PBXFileReference; fileEncoding = 4; lastKnownFileType = sourcecode.cpp.cpp; name = gffread.cpp; path = ../src/cufflinks/gffread.cpp; sourceTree = "<group>"; };
		EF26157E1B5FF9F500BE8037 /* codons.cpp */ = {isa = PBXFileReference; fileEncoding = 4; lastKnownFileType = sourcecode.cpp.cpp; name = codons.cpp; path = ../src/cufflinks/codons.cpp; sourceTree = "<group>"; };
		EF26157F1B5FF9F500BE8037 /* cuffcompare.cpp */ = {isa = PBXFileReference; fileEncoding = 4; lastKnownFileType = sourcecode.cpp.cpp; name = cuffcompare.cpp; path = ../src/cufflinks/cuffcompare.cpp; sourceTree = "<group>"; };
		EF2947F81C1A5BFA00F48EFB /* parser_stringtie.hpp */ = {isa = PBXFileReference; lastKnownFileType = sourcecode.cpp.h; name = parser_stringtie.hpp; path = ../src/parsers/parser_stringtie.hpp; sourceTree = "<group>"; };
		EF3211931B1DBC1A0062BB10 /* parser_blast.cpp */ = {isa = PBXFileReference; fileEncoding = 4; lastKnownFileType = sourcecode.cpp.cpp; name = parser_blast.cpp; path = ../src/parsers/parser_blast.cpp; sourceTree = "<group>"; };
		EF3211941B1DBC1A0062BB10 /* parser_blast.hpp */ = {isa = PBXFileReference; fileEncoding = 4; lastKnownFileType = sourcecode.cpp.h; name = parser_blast.hpp; path = ../src/parsers/parser_blast.hpp; sourceTree = "<group>"; };
		EF3302BC1C8E81FF007A73A2 /* parser_kallisto.hpp */ = {isa = PBXFileReference; lastKnownFileType = sourcecode.cpp.h; name = parser_kallisto.hpp; path = ../src/parsers/parser_kallisto.hpp; sourceTree = "<group>"; };
		EF3302BD1C8E8498007A73A2 /* t_parser_kallisto.cpp */ = {isa = PBXFileReference; fileEncoding = 4; lastKnownFileType = sourcecode.cpp.cpp; name = t_parser_kallisto.cpp; path = ../tests/parsers/t_parser_kallisto.cpp; sourceTree = "<group>"; };
		EF3860D81AD3783A0062D246 /* parser_bed.hpp */ = {isa = PBXFileReference; fileEncoding = 4; lastKnownFileType = sourcecode.cpp.h; name = parser_bed.hpp; path = ../src/parsers/parser_bed.hpp; sourceTree = "<group>"; };
		EF3860D91AD3783A0062D246 /* parser_csv.cpp */ = {isa = PBXFileReference; fileEncoding = 4; lastKnownFileType = sourcecode.cpp.cpp; name = parser_csv.cpp; path = ../src/parsers/parser_csv.cpp; sourceTree = "<group>"; };
		EF3860DA1AD3783A0062D246 /* parser_csv.hpp */ = {isa = PBXFileReference; fileEncoding = 4; lastKnownFileType = sourcecode.cpp.h; name = parser_csv.hpp; path = ../src/parsers/parser_csv.hpp; sourceTree = "<group>"; };
		EF3860DB1AD3783A0062D246 /* parser_tracking.cpp */ = {isa = PBXFileReference; fileEncoding = 4; lastKnownFileType = sourcecode.cpp.cpp; name = parser_tracking.cpp; path = ../src/parsers/parser_tracking.cpp; sourceTree = "<group>"; };
		EF3860DC1AD3783A0062D246 /* parser_tracking.hpp */ = {isa = PBXFileReference; fileEncoding = 4; lastKnownFileType = sourcecode.cpp.h; name = parser_tracking.hpp; path = ../src/parsers/parser_tracking.hpp; sourceTree = "<group>"; };
		EF3860DF1AD3783A0062D246 /* parser_gtf.cpp */ = {isa = PBXFileReference; fileEncoding = 4; lastKnownFileType = sourcecode.cpp.cpp; name = parser_gtf.cpp; path = ../src/parsers/parser_gtf.cpp; sourceTree = "<group>"; };
		EF3860E01AD3783A0062D246 /* parser_gtf.hpp */ = {isa = PBXFileReference; fileEncoding = 4; lastKnownFileType = sourcecode.cpp.h; name = parser_gtf.hpp; path = ../src/parsers/parser_gtf.hpp; sourceTree = "<group>"; };
		EF3860E11AD3783A0062D246 /* parser_sam.cpp */ = {isa = PBXFileReference; fileEncoding = 4; lastKnownFileType = sourcecode.cpp.cpp; name = parser_sam.cpp; path = ../src/parsers/parser_sam.cpp; sourceTree = "<group>"; };
		EF3860E21AD3783A0062D246 /* parser_sam.hpp */ = {isa = PBXFileReference; fileEncoding = 4; lastKnownFileType = sourcecode.cpp.h; name = parser_sam.hpp; path = ../src/parsers/parser_sam.hpp; sourceTree = "<group>"; };
		EF3860E31AD3783A0062D246 /* parser_vcf.cpp */ = {isa = PBXFileReference; fileEncoding = 4; lastKnownFileType = sourcecode.cpp.cpp; name = parser_vcf.cpp; path = ../src/parsers/parser_vcf.cpp; sourceTree = "<group>"; };
		EF3860E41AD3783A0062D246 /* parser_vcf.hpp */ = {isa = PBXFileReference; fileEncoding = 4; lastKnownFileType = sourcecode.cpp.h; name = parser_vcf.hpp; path = ../src/parsers/parser_vcf.hpp; sourceTree = "<group>"; };
		EF3A43FB1B8EDF9400C968F0 /* script.hpp */ = {isa = PBXFileReference; lastKnownFileType = sourcecode.cpp.h; name = script.hpp; path = ../src/data/script.hpp; sourceTree = "<group>"; };
		EF3F04A41B6F2F5000179B55 /* parser_star_fusion.cpp */ = {isa = PBXFileReference; fileEncoding = 4; lastKnownFileType = sourcecode.cpp.cpp; name = parser_star_fusion.cpp; path = ../src/parsers/parser_star_fusion.cpp; sourceTree = "<group>"; };
		EF3F04A51B6F2F5000179B55 /* parser_star_fusion.hpp */ = {isa = PBXFileReference; fileEncoding = 4; lastKnownFileType = sourcecode.cpp.h; name = parser_star_fusion.hpp; path = ../src/parsers/parser_star_fusion.hpp; sourceTree = "<group>"; };
		EF3F04A71B6F309E00179B55 /* t_parser_star_fusion.cpp */ = {isa = PBXFileReference; fileEncoding = 4; lastKnownFileType = sourcecode.cpp.cpp; name = t_parser_star_fusion.cpp; path = ../tests/parsers/t_parser_star_fusion.cpp; sourceTree = "<group>"; };
		EF40C2AD1C21C0E30057415D /* itree.hpp */ = {isa = PBXFileReference; lastKnownFileType = sourcecode.cpp.h; name = itree.hpp; path = ../src/data/itree.hpp; sourceTree = "<group>"; };
		EF4270A11B213BF200C9ED4E /* test.cpp */ = {isa = PBXFileReference; fileEncoding = 4; lastKnownFileType = sourcecode.cpp.cpp; name = test.cpp; path = ../tests/test.cpp; sourceTree = "<group>"; };
		EF44A81D1AF78FA20036C894 /* parser_tmap.cpp */ = {isa = PBXFileReference; fileEncoding = 4; lastKnownFileType = sourcecode.cpp.cpp; name = parser_tmap.cpp; path = ../src/parsers/parser_tmap.cpp; sourceTree = "<group>"; };
		EF44A81E1AF78FA20036C894 /* parser_tmap.hpp */ = {isa = PBXFileReference; fileEncoding = 4; lastKnownFileType = sourcecode.cpp.h; name = parser_tmap.hpp; path = ../src/parsers/parser_tmap.hpp; sourceTree = "<group>"; };
		EF4BD9A91ADDFB92007BE6AB /* parser_cdiffs.cpp */ = {isa = PBXFileReference; fileEncoding = 4; lastKnownFileType = sourcecode.cpp.cpp; name = parser_cdiffs.cpp; path = ../src/parsers/parser_cdiffs.cpp; sourceTree = "<group>"; };
		EF4BD9AA1ADDFB92007BE6AB /* parser_cdiffs.hpp */ = {isa = PBXFileReference; fileEncoding = 4; lastKnownFileType = sourcecode.cpp.h; name = parser_cdiffs.hpp; path = ../src/parsers/parser_cdiffs.hpp; sourceTree = "<group>"; };
		EF4BD9AC1ADDFBC5007BE6AB /* parser_cuffs.hpp */ = {isa = PBXFileReference; fileEncoding = 4; lastKnownFileType = sourcecode.cpp.h; name = parser_cuffs.hpp; path = ../src/parsers/parser_cuffs.hpp; sourceTree = "<group>"; };
		EF4BD9B11ADE4054007BE6AB /* t_parser_sam.cpp */ = {isa = PBXFileReference; fileEncoding = 4; lastKnownFileType = sourcecode.cpp.cpp; name = t_parser_sam.cpp; path = ../tests/parsers/t_parser_sam.cpp; sourceTree = "<group>"; };
		EF4E9E1C1C7B235800EE0A24 /* parser_cnvnator.hpp */ = {isa = PBXFileReference; lastKnownFileType = sourcecode.cpp.h; name = parser_cnvnator.hpp; path = ../src/parsers/parser_cnvnator.hpp; sourceTree = "<group>"; };
		EF5180E41AE09A56007010F3 /* r_writer.hpp */ = {isa = PBXFileReference; lastKnownFileType = sourcecode.cpp.h; name = r_writer.hpp; path = ../src/writers/r_writer.hpp; sourceTree = "<group>"; };
		EF58D8DE1C1645EB00958A0C /* t_diffs.cpp */ = {isa = PBXFileReference; fileEncoding = 4; lastKnownFileType = sourcecode.cpp.cpp; path = t_diffs.cpp; sourceTree = "<group>"; };
		EF58D8DF1C1645EB00958A0C /* t_express.cpp */ = {isa = PBXFileReference; fileEncoding = 4; lastKnownFileType = sourcecode.cpp.cpp; path = t_express.cpp; sourceTree = "<group>"; };
		EF5B07B61C48AE6B00751B46 /* experiment.cpp */ = {isa = PBXFileReference; fileEncoding = 4; lastKnownFileType = sourcecode.cpp.cpp; name = experiment.cpp; path = ../src/data/experiment.cpp; sourceTree = "<group>"; };
		EF5B07B71C48AE6B00751B46 /* experiment.hpp */ = {isa = PBXFileReference; fileEncoding = 4; lastKnownFileType = sourcecode.cpp.h; name = experiment.hpp; path = ../src/data/experiment.hpp; sourceTree = "<group>"; };
		EF5B07B91C48B08700751B46 /* t_experiment.cpp */ = {isa = PBXFileReference; fileEncoding = 4; lastKnownFileType = sourcecode.cpp.cpp; name = t_experiment.cpp; path = ../tests/data/t_experiment.cpp; sourceTree = "<group>"; };
		EF5B07BF1C48E24100751B46 /* dtest.hpp */ = {isa = PBXFileReference; lastKnownFileType = sourcecode.cpp.h; name = dtest.hpp; path = ../src/data/dtest.hpp; sourceTree = "<group>"; };
		EF5B07C01C48E8A900751B46 /* parser_DESeq2.hpp */ = {isa = PBXFileReference; lastKnownFileType = sourcecode.cpp.h; name = parser_DESeq2.hpp; path = ../src/parsers/parser_DESeq2.hpp; sourceTree = "<group>"; };
		EF5B07C11C48E8A900751B46 /* parser_edgeR.hpp */ = {isa = PBXFileReference; lastKnownFileType = sourcecode.cpp.h; name = parser_edgeR.hpp; path = ../src/parsers/parser_edgeR.hpp; sourceTree = "<group>"; };
		EF65DDB81C6C3EC6003EE08A /* f_coverage.cpp */ = {isa = PBXFileReference; fileEncoding = 4; lastKnownFileType = sourcecode.cpp.cpp; name = f_coverage.cpp; path = ../src/FusQuin/f_coverage.cpp; sourceTree = "<group>"; };
		EF65DDB91C6C3EC6003EE08A /* f_coverage.hpp */ = {isa = PBXFileReference; fileEncoding = 4; lastKnownFileType = sourcecode.cpp.h; name = f_coverage.hpp; path = ../src/FusQuin/f_coverage.hpp; sourceTree = "<group>"; };
		EF65DDBA1C6C3EC6003EE08A /* f_diff.cpp */ = {isa = PBXFileReference; fileEncoding = 4; lastKnownFileType = sourcecode.cpp.cpp; name = f_diff.cpp; path = ../src/FusQuin/f_diff.cpp; sourceTree = "<group>"; };
		EF65DDBB1C6C3EC6003EE08A /* f_diff.hpp */ = {isa = PBXFileReference; fileEncoding = 4; lastKnownFileType = sourcecode.cpp.h; name = f_diff.hpp; path = ../src/FusQuin/f_diff.hpp; sourceTree = "<group>"; };
		EF65DDBC1C6C3EC6003EE08A /* f_discover.cpp */ = {isa = PBXFileReference; fileEncoding = 4; lastKnownFileType = sourcecode.cpp.cpp; name = f_discover.cpp; path = ../src/FusQuin/f_discover.cpp; sourceTree = "<group>"; };
		EF65DDBD1C6C3EC6003EE08A /* f_discover.hpp */ = {isa = PBXFileReference; fileEncoding = 4; lastKnownFileType = sourcecode.cpp.h; name = f_discover.hpp; path = ../src/FusQuin/f_discover.hpp; sourceTree = "<group>"; };
		EF65DDBE1C6C3EC6003EE08A /* f_express.cpp */ = {isa = PBXFileReference; fileEncoding = 4; lastKnownFileType = sourcecode.cpp.cpp; name = f_express.cpp; path = ../src/FusQuin/f_express.cpp; sourceTree = "<group>"; };
		EF65DDBF1C6C3EC6003EE08A /* f_express.hpp */ = {isa = PBXFileReference; fileEncoding = 4; lastKnownFileType = sourcecode.cpp.h; name = f_express.hpp; path = ../src/FusQuin/f_express.hpp; sourceTree = "<group>"; };
		EF65DDC01C6C3EC6003EE08A /* f_viewer.hpp */ = {isa = PBXFileReference; fileEncoding = 4; lastKnownFileType = sourcecode.cpp.h; name = f_viewer.hpp; path = ../src/FusQuin/f_viewer.hpp; sourceTree = "<group>"; };
		EF65DDC11C6C3EC6003EE08A /* FUSQuin.hpp */ = {isa = PBXFileReference; fileEncoding = 4; lastKnownFileType = sourcecode.cpp.h; name = FUSQuin.hpp; path = ../src/FusQuin/FUSQuin.hpp; sourceTree = "<group>"; };
		EF6B01CF1C60956500D82709 /* parser_varscan.hpp */ = {isa = PBXFileReference; lastKnownFileType = sourcecode.cpp.h; name = parser_varscan.hpp; path = ../src/parsers/parser_varscan.hpp; sourceTree = "<group>"; };
		EF6B01D01C60975000D82709 /* t_parser_varscan.cpp */ = {isa = PBXFileReference; fileEncoding = 4; lastKnownFileType = sourcecode.cpp.cpp; name = t_parser_varscan.cpp; path = ../tests/parsers/t_parser_varscan.cpp; sourceTree = "<group>"; };
		EF6D05F01BD3E5DF0048044F /* sampling.hpp */ = {isa = PBXFileReference; lastKnownFileType = sourcecode.cpp.h; name = sampling.hpp; path = ../src/tools/sampling.hpp; sourceTree = "<group>"; };
		EF6D05F21BD3E6040048044F /* sampling.cpp */ = {isa = PBXFileReference; fileEncoding = 4; lastKnownFileType = sourcecode.cpp.cpp; name = sampling.cpp; path = ../tests/tools/sampling.cpp; sourceTree = "<group>"; };
		EF708C1B1C4C3BFB00039DE4 /* parser_HTSeqCount.hpp */ = {isa = PBXFileReference; lastKnownFileType = sourcecode.cpp.h; name = parser_HTSeqCount.hpp; path = ../src/parsers/parser_HTSeqCount.hpp; sourceTree = "<group>"; };
		EF708C1C1C4C3DDF00039DE4 /* t_parser_HTSeqCount.cpp */ = {isa = PBXFileReference; fileEncoding = 4; lastKnownFileType = sourcecode.cpp.cpp; name = t_parser_HTSeqCount.cpp; path = ../tests/parsers/t_parser_HTSeqCount.cpp; sourceTree = "<group>"; };
		EF7278101CACD9400012648F /* v_kexpress.cpp */ = {isa = PBXFileReference; fileEncoding = 4; lastKnownFileType = sourcecode.cpp.cpp; name = v_kexpress.cpp; path = ../src/VarQuin/v_kexpress.cpp; sourceTree = "<group>"; };
		EF7278111CACD9400012648F /* v_kexpress.hpp */ = {isa = PBXFileReference; fileEncoding = 4; lastKnownFileType = sourcecode.cpp.h; name = v_kexpress.hpp; path = ../src/VarQuin/v_kexpress.hpp; sourceTree = "<group>"; };
		EF7278141CACEC2F0012648F /* t_align.cpp */ = {isa = PBXFileReference; fileEncoding = 4; lastKnownFileType = sourcecode.cpp.cpp; name = t_align.cpp; path = ../src/TransQuin/t_align.cpp; sourceTree = "<group>"; };
		EF7278151CACEC2F0012648F /* t_align.hpp */ = {isa = PBXFileReference; fileEncoding = 4; lastKnownFileType = sourcecode.cpp.h; name = t_align.hpp; path = ../src/TransQuin/t_align.hpp; sourceTree = "<group>"; };
		EF7278161CACEC2F0012648F /* t_assembly.cpp */ = {isa = PBXFileReference; fileEncoding = 4; lastKnownFileType = sourcecode.cpp.cpp; name = t_assembly.cpp; path = ../src/TransQuin/t_assembly.cpp; sourceTree = "<group>"; };
		EF7278171CACEC2F0012648F /* t_assembly.hpp */ = {isa = PBXFileReference; fileEncoding = 4; lastKnownFileType = sourcecode.cpp.h; name = t_assembly.hpp; path = ../src/TransQuin/t_assembly.hpp; sourceTree = "<group>"; };
		EF7278181CACEC2F0012648F /* t_coverage.cpp */ = {isa = PBXFileReference; fileEncoding = 4; lastKnownFileType = sourcecode.cpp.cpp; name = t_coverage.cpp; path = ../src/TransQuin/t_coverage.cpp; sourceTree = "<group>"; };
		EF7278191CACEC2F0012648F /* t_coverage.hpp */ = {isa = PBXFileReference; fileEncoding = 4; lastKnownFileType = sourcecode.cpp.h; name = t_coverage.hpp; path = ../src/TransQuin/t_coverage.hpp; sourceTree = "<group>"; };
		EF72781A1CACEC2F0012648F /* t_diffs.cpp */ = {isa = PBXFileReference; fileEncoding = 4; lastKnownFileType = sourcecode.cpp.cpp; name = t_diffs.cpp; path = ../src/TransQuin/t_diffs.cpp; sourceTree = "<group>"; };
		EF72781B1CACEC2F0012648F /* t_diffs.hpp */ = {isa = PBXFileReference; fileEncoding = 4; lastKnownFileType = sourcecode.cpp.h; name = t_diffs.hpp; path = ../src/TransQuin/t_diffs.hpp; sourceTree = "<group>"; };
		EF72781C1CACEC2F0012648F /* t_express.cpp */ = {isa = PBXFileReference; fileEncoding = 4; lastKnownFileType = sourcecode.cpp.cpp; name = t_express.cpp; path = ../src/TransQuin/t_express.cpp; sourceTree = "<group>"; };
		EF72781D1CACEC2F0012648F /* t_express.hpp */ = {isa = PBXFileReference; fileEncoding = 4; lastKnownFileType = sourcecode.cpp.h; name = t_express.hpp; path = ../src/TransQuin/t_express.hpp; sourceTree = "<group>"; };
		EF72781E1CACEC2F0012648F /* t_viewer.hpp */ = {isa = PBXFileReference; fileEncoding = 4; lastKnownFileType = sourcecode.cpp.h; name = t_viewer.hpp; path = ../src/TransQuin/t_viewer.hpp; sourceTree = "<group>"; };
		EF7278251CACEC5E0012648F /* l_abund.cpp */ = {isa = PBXFileReference; fileEncoding = 4; lastKnownFileType = sourcecode.cpp.cpp; name = l_abund.cpp; path = ../src/LadQuin/l_abund.cpp; sourceTree = "<group>"; };
		EF7278261CACEC5E0012648F /* l_abund.hpp */ = {isa = PBXFileReference; fileEncoding = 4; lastKnownFileType = sourcecode.cpp.h; name = l_abund.hpp; path = ../src/LadQuin/l_abund.hpp; sourceTree = "<group>"; };
		EF7278271CACEC5E0012648F /* l_copy.cpp */ = {isa = PBXFileReference; fileEncoding = 4; lastKnownFileType = sourcecode.cpp.cpp; name = l_copy.cpp; path = ../src/LadQuin/l_copy.cpp; sourceTree = "<group>"; };
		EF7278281CACEC5E0012648F /* l_copy.hpp */ = {isa = PBXFileReference; fileEncoding = 4; lastKnownFileType = sourcecode.cpp.h; name = l_copy.hpp; path = ../src/LadQuin/l_copy.hpp; sourceTree = "<group>"; };
		EF7278291CACEC5E0012648F /* l_coverage.cpp */ = {isa = PBXFileReference; fileEncoding = 4; lastKnownFileType = sourcecode.cpp.cpp; name = l_coverage.cpp; path = ../src/LadQuin/l_coverage.cpp; sourceTree = "<group>"; };
		EF72782A1CACEC5E0012648F /* l_coverage.hpp */ = {isa = PBXFileReference; fileEncoding = 4; lastKnownFileType = sourcecode.cpp.h; name = l_coverage.hpp; path = ../src/LadQuin/l_coverage.hpp; sourceTree = "<group>"; };
		EF72782B1CACEC5E0012648F /* l_diffs.cpp */ = {isa = PBXFileReference; fileEncoding = 4; lastKnownFileType = sourcecode.cpp.cpp; name = l_diffs.cpp; path = ../src/LadQuin/l_diffs.cpp; sourceTree = "<group>"; };
		EF72782C1CACEC5E0012648F /* l_diffs.hpp */ = {isa = PBXFileReference; fileEncoding = 4; lastKnownFileType = sourcecode.cpp.h; name = l_diffs.hpp; path = ../src/LadQuin/l_diffs.hpp; sourceTree = "<group>"; };
		EF72782D1CACEC5E0012648F /* l_norm.cpp */ = {isa = PBXFileReference; fileEncoding = 4; lastKnownFileType = sourcecode.cpp.cpp; name = l_norm.cpp; path = ../src/LadQuin/l_norm.cpp; sourceTree = "<group>"; };
		EF72782E1CACEC5E0012648F /* l_norm.hpp */ = {isa = PBXFileReference; fileEncoding = 4; lastKnownFileType = sourcecode.cpp.h; name = l_norm.hpp; path = ../src/LadQuin/l_norm.hpp; sourceTree = "<group>"; };
		EF7278351CACEC940012648F /* m_abund.cpp */ = {isa = PBXFileReference; lastKnownFileType = sourcecode.cpp.cpp; path = m_abund.cpp; sourceTree = "<group>"; };
		EF7278361CACEC940012648F /* m_abund.hpp */ = {isa = PBXFileReference; lastKnownFileType = sourcecode.cpp.h; path = m_abund.hpp; sourceTree = "<group>"; };
		EF7278371CACEC940012648F /* m_assembler.hpp */ = {isa = PBXFileReference; lastKnownFileType = sourcecode.cpp.h; path = m_assembler.hpp; sourceTree = "<group>"; };
		EF7278381CACEC940012648F /* m_assembly.cpp */ = {isa = PBXFileReference; lastKnownFileType = sourcecode.cpp.cpp; path = m_assembly.cpp; sourceTree = "<group>"; };
		EF7278391CACEC940012648F /* m_assembly.hpp */ = {isa = PBXFileReference; lastKnownFileType = sourcecode.cpp.h; path = m_assembly.hpp; sourceTree = "<group>"; };
		EF72783A1CACEC940012648F /* m_blat.cpp */ = {isa = PBXFileReference; lastKnownFileType = sourcecode.cpp.cpp; path = m_blat.cpp; sourceTree = "<group>"; };
		EF72783B1CACEC940012648F /* m_blat.hpp */ = {isa = PBXFileReference; lastKnownFileType = sourcecode.cpp.h; path = m_blat.hpp; sourceTree = "<group>"; };
		EF72783C1CACEC940012648F /* m_coverage.cpp */ = {isa = PBXFileReference; lastKnownFileType = sourcecode.cpp.cpp; path = m_coverage.cpp; sourceTree = "<group>"; };
		EF72783D1CACEC940012648F /* m_coverage.hpp */ = {isa = PBXFileReference; lastKnownFileType = sourcecode.cpp.h; path = m_coverage.hpp; sourceTree = "<group>"; };
		EF72783E1CACEC940012648F /* m_diffs.cpp */ = {isa = PBXFileReference; lastKnownFileType = sourcecode.cpp.cpp; path = m_diffs.cpp; sourceTree = "<group>"; };
		EF72783F1CACEC940012648F /* m_diffs.hpp */ = {isa = PBXFileReference; lastKnownFileType = sourcecode.cpp.h; path = m_diffs.hpp; sourceTree = "<group>"; };
		EF7278401CACEC940012648F /* m_histogram.cpp */ = {isa = PBXFileReference; lastKnownFileType = sourcecode.cpp.cpp; path = m_histogram.cpp; sourceTree = "<group>"; };
		EF7278411CACEC940012648F /* m_histogram.h */ = {isa = PBXFileReference; lastKnownFileType = sourcecode.c.h; path = m_histogram.h; sourceTree = "<group>"; };
		EF7278421CACEC940012648F /* m_viewer.hpp */ = {isa = PBXFileReference; lastKnownFileType = sourcecode.cpp.h; path = m_viewer.hpp; sourceTree = "<group>"; };
		EF72F0EC1B6898940092DA34 /* t_parser_top_fusion.cpp */ = {isa = PBXFileReference; fileEncoding = 4; lastKnownFileType = sourcecode.cpp.cpp; name = t_parser_top_fusion.cpp; path = parsers/t_parser_top_fusion.cpp; sourceTree = "<group>"; };
		EF745EEA1C1E8B1B0072CEBB /* t_parser_gtf.cpp */ = {isa = PBXFileReference; fileEncoding = 4; lastKnownFileType = sourcecode.cpp.cpp; name = t_parser_gtf.cpp; path = ../tests/parsers/t_parser_gtf.cpp; sourceTree = "<group>"; };
		EF76C91A1ADBD59F003D45F9 /* file_writer.hpp */ = {isa = PBXFileReference; fileEncoding = 4; lastKnownFileType = sourcecode.cpp.h; name = file_writer.hpp; path = ../src/writers/file_writer.hpp; sourceTree = "<group>"; };
		EF76C91D1ADBD59F003D45F9 /* mock_writer.hpp */ = {isa = PBXFileReference; fileEncoding = 4; lastKnownFileType = sourcecode.cpp.h; name = mock_writer.hpp; path = ../src/writers/mock_writer.hpp; sourceTree = "<group>"; };
		EF7908AC1B81759100B7C8AF /* parser_feature.hpp */ = {isa = PBXFileReference; lastKnownFileType = sourcecode.cpp.h; name = parser_feature.hpp; path = ../src/parsers/parser_feature.hpp; sourceTree = "<group>"; };
		EF92BC3D1CA3A9000054E8C8 /* errors.hpp */ = {isa = PBXFileReference; lastKnownFileType = sourcecode.cpp.h; name = errors.hpp; path = ../src/data/errors.hpp; sourceTree = "<group>"; };
		EF98D6BB1C616B5D00697051 /* t_standard.cpp */ = {isa = PBXFileReference; fileEncoding = 4; lastKnownFileType = sourcecode.cpp.cpp; name = t_standard.cpp; path = ../tests/data/t_standard.cpp; sourceTree = "<group>"; };
		EF9ACCEB1B5FB5F20085D1B2 /* t_align.cpp */ = {isa = PBXFileReference; lastKnownFileType = sourcecode.cpp.cpp; path = t_align.cpp; sourceTree = "<group>"; };
		EF9F70EC1B9C331200B8BD7B /* variant.hpp */ = {isa = PBXFileReference; lastKnownFileType = sourcecode.cpp.h; name = variant.hpp; path = ../src/data/variant.hpp; sourceTree = "<group>"; };
		EF9F70ED1B9C397900B8BD7B /* reference.cpp */ = {isa = PBXFileReference; fileEncoding = 4; lastKnownFileType = sourcecode.cpp.cpp; name = reference.cpp; path = ../src/data/reference.cpp; sourceTree = "<group>"; };
		EFA1A6B11AFC4FAB0066DD9F /* parser_fa.hpp */ = {isa = PBXFileReference; fileEncoding = 4; lastKnownFileType = sourcecode.cpp.h; name = parser_fa.hpp; path = ../src/parsers/parser_fa.hpp; sourceTree = "<group>"; };
		EFA4FB541C904013007094E8 /* parser_sleuth.hpp */ = {isa = PBXFileReference; lastKnownFileType = sourcecode.cpp.h; name = parser_sleuth.hpp; path = ../src/parsers/parser_sleuth.hpp; sourceTree = "<group>"; };
		EFA9DE711BCB7D6100780182 /* coverage.cpp */ = {isa = PBXFileReference; fileEncoding = 4; lastKnownFileType = sourcecode.cpp.cpp; name = coverage.cpp; path = ../src/tools/coverage.cpp; sourceTree = "<group>"; };
		EFA9DE721BCB7D6100780182 /* coverage.hpp */ = {isa = PBXFileReference; fileEncoding = 4; lastKnownFileType = sourcecode.cpp.h; name = coverage.hpp; path = ../src/tools/coverage.hpp; sourceTree = "<group>"; };
		EFB108441C22D29E004DCBCF /* t_itree.cpp */ = {isa = PBXFileReference; fileEncoding = 4; lastKnownFileType = sourcecode.cpp.cpp; name = t_itree.cpp; path = ../tests/data/t_itree.cpp; sourceTree = "<group>"; };
		EFB1E0421B0098F300F093A2 /* parser.hpp */ = {isa = PBXFileReference; lastKnownFileType = sourcecode.cpp.h; name = parser.hpp; path = ../src/parsers/parser.hpp; sourceTree = "<group>"; };
		EFB2F8891BDEFB9800A9F0AB /* parser_stab.hpp */ = {isa = PBXFileReference; lastKnownFileType = sourcecode.cpp.h; name = parser_stab.hpp; path = ../src/parsers/parser_stab.hpp; sourceTree = "<group>"; };
		EFB3FF601B4A30DC0065CEA0 /* parser_top_fusion.cpp */ = {isa = PBXFileReference; fileEncoding = 4; lastKnownFileType = sourcecode.cpp.cpp; name = parser_top_fusion.cpp; path = ../src/parsers/parser_top_fusion.cpp; sourceTree = "<group>"; };
		EFB3FF611B4A30DC0065CEA0 /* parser_top_fusion.hpp */ = {isa = PBXFileReference; fileEncoding = 4; lastKnownFileType = sourcecode.cpp.h; name = parser_top_fusion.hpp; path = ../src/parsers/parser_top_fusion.hpp; sourceTree = "<group>"; };
		EFB7FF381B4F848D0045DC6A /* t_locus.cpp */ = {isa = PBXFileReference; fileEncoding = 4; lastKnownFileType = sourcecode.cpp.cpp; name = t_locus.cpp; path = ../tests/data/t_locus.cpp; sourceTree = "<group>"; };
		EFB897141C524A3500B875EE /* linear.hpp */ = {isa = PBXFileReference; lastKnownFileType = sourcecode.cpp.h; name = linear.hpp; path = ../src/stats/linear.hpp; sourceTree = "<group>"; };
		EFBB830C1ADF953B0002611E /* parser_sequins.cpp */ = {isa = PBXFileReference; fileEncoding = 4; lastKnownFileType = sourcecode.cpp.cpp; name = parser_sequins.cpp; path = ../src/parsers/parser_sequins.cpp; sourceTree = "<group>"; };
		EFBB830D1ADF953B0002611E /* parser_sequins.hpp */ = {isa = PBXFileReference; fileEncoding = 4; lastKnownFileType = sourcecode.cpp.h; name = parser_sequins.hpp; path = ../src/parsers/parser_sequins.hpp; sourceTree = "<group>"; };
		EFBC882A1C3E78F500B604A7 /* t_r_writer.cpp */ = {isa = PBXFileReference; fileEncoding = 4; lastKnownFileType = sourcecode.cpp.cpp; name = t_r_writer.cpp; path = ../tests/data/t_r_writer.cpp; sourceTree = "<group>"; };
		EFC0DAC51B8C056F005F6C85 /* reference.hpp */ = {isa = PBXFileReference; lastKnownFileType = sourcecode.cpp.h; name = reference.hpp; path = ../src/data/reference.hpp; sourceTree = "<group>"; };
		EFD6292A1C4CAE2400FDF262 /* r_writer.cpp */ = {isa = PBXFileReference; fileEncoding = 4; lastKnownFileType = sourcecode.cpp.cpp; name = r_writer.cpp; path = ../src/writers/r_writer.cpp; sourceTree = "<group>"; };
		EFDC8F471CABB75C0031EF77 /* v_express.cpp */ = {isa = PBXFileReference; fileEncoding = 4; lastKnownFileType = sourcecode.cpp.cpp; name = v_express.cpp; path = ../src/VarQuin/v_express.cpp; sourceTree = "<group>"; };
		EFDC8F481CABB75C0031EF77 /* v_express.hpp */ = {isa = PBXFileReference; fileEncoding = 4; lastKnownFileType = sourcecode.cpp.h; name = v_express.hpp; path = ../src/VarQuin/v_express.hpp; sourceTree = "<group>"; };
		EFDD6A701B0DD60500450029 /* libz.dylib */ = {isa = PBXFileReference; lastKnownFileType = "compiled.mach-o.dylib"; name = libz.dylib; path = usr/lib/libz.dylib; sourceTree = SDKROOT; };
		EFDD6A751B0DD75B00450029 /* bgzf.c */ = {isa = PBXFileReference; fileEncoding = 4; lastKnownFileType = sourcecode.c.c; name = bgzf.c; path = ../src/htslib/bgzf.c; sourceTree = "<group>"; };
		EFDD6A7D1B0DD76200450029 /* hfile_net.c */ = {isa = PBXFileReference; fileEncoding = 4; lastKnownFileType = sourcecode.c.c; name = hfile_net.c; path = ../src/htslib/hfile_net.c; sourceTree = "<group>"; };
		EFDD6A7E1B0DD76200450029 /* hfile.c */ = {isa = PBXFileReference; fileEncoding = 4; lastKnownFileType = sourcecode.c.c; name = hfile.c; path = ../src/htslib/hfile.c; sourceTree = "<group>"; };
		EFDD6A801B0DD76200450029 /* hts.c */ = {isa = PBXFileReference; fileEncoding = 4; lastKnownFileType = sourcecode.c.c; name = hts.c; path = ../src/htslib/hts.c; sourceTree = "<group>"; };
		EFDD6A821B0DD76200450029 /* kfunc.c */ = {isa = PBXFileReference; fileEncoding = 4; lastKnownFileType = sourcecode.c.c; name = kfunc.c; path = ../src/htslib/kfunc.c; sourceTree = "<group>"; };
		EFDD6A831B0DD76200450029 /* knetfile.c */ = {isa = PBXFileReference; fileEncoding = 4; lastKnownFileType = sourcecode.c.c; name = knetfile.c; path = ../src/htslib/knetfile.c; sourceTree = "<group>"; };
		EFDD6A841B0DD76200450029 /* kstring.c */ = {isa = PBXFileReference; fileEncoding = 4; lastKnownFileType = sourcecode.c.c; name = kstring.c; path = ../src/htslib/kstring.c; sourceTree = "<group>"; };
		EFDD6A851B0DD76200450029 /* md5.c */ = {isa = PBXFileReference; fileEncoding = 4; lastKnownFileType = sourcecode.c.c; name = md5.c; path = ../src/htslib/md5.c; sourceTree = "<group>"; };
		EFDD6A871B0DD76200450029 /* sam.c */ = {isa = PBXFileReference; fileEncoding = 4; lastKnownFileType = sourcecode.c.c; name = sam.c; path = ../src/htslib/sam.c; sourceTree = "<group>"; };
		EFDD6A8A1B0DD76200450029 /* tbx.c */ = {isa = PBXFileReference; fileEncoding = 4; lastKnownFileType = sourcecode.c.c; name = tbx.c; path = ../src/htslib/tbx.c; sourceTree = "<group>"; };
		EFDD6A8E1B0DD76200450029 /* vcfutils.c */ = {isa = PBXFileReference; fileEncoding = 4; lastKnownFileType = sourcecode.c.c; name = vcfutils.c; path = ../src/htslib/vcfutils.c; sourceTree = "<group>"; };
		EFDD6AA31B0DD76C00450029 /* cram_codecs.c */ = {isa = PBXFileReference; fileEncoding = 4; lastKnownFileType = sourcecode.c.c; name = cram_codecs.c; path = ../src/htslib/cram/cram_codecs.c; sourceTree = "<group>"; };
		EFDD6AA51B0DD76C00450029 /* cram_decode.c */ = {isa = PBXFileReference; fileEncoding = 4; lastKnownFileType = sourcecode.c.c; name = cram_decode.c; path = ../src/htslib/cram/cram_decode.c; sourceTree = "<group>"; };
		EFDD6AA71B0DD76C00450029 /* cram_encode.c */ = {isa = PBXFileReference; fileEncoding = 4; lastKnownFileType = sourcecode.c.c; name = cram_encode.c; path = ../src/htslib/cram/cram_encode.c; sourceTree = "<group>"; };
		EFDD6AA91B0DD76C00450029 /* cram_index.c */ = {isa = PBXFileReference; fileEncoding = 4; lastKnownFileType = sourcecode.c.c; name = cram_index.c; path = ../src/htslib/cram/cram_index.c; sourceTree = "<group>"; };
		EFDD6AAB1B0DD76C00450029 /* cram_io.c */ = {isa = PBXFileReference; fileEncoding = 4; lastKnownFileType = sourcecode.c.c; name = cram_io.c; path = ../src/htslib/cram/cram_io.c; sourceTree = "<group>"; };
		EFDD6AAD1B0DD76C00450029 /* cram_samtools.c */ = {isa = PBXFileReference; fileEncoding = 4; lastKnownFileType = sourcecode.c.c; name = cram_samtools.c; path = ../src/htslib/cram/cram_samtools.c; sourceTree = "<group>"; };
		EFDD6AAF1B0DD76C00450029 /* cram_stats.c */ = {isa = PBXFileReference; fileEncoding = 4; lastKnownFileType = sourcecode.c.c; name = cram_stats.c; path = ../src/htslib/cram/cram_stats.c; sourceTree = "<group>"; };
		EFDD6AB41B0DD76C00450029 /* mFILE.c */ = {isa = PBXFileReference; fileEncoding = 4; lastKnownFileType = sourcecode.c.c; name = mFILE.c; path = ../src/htslib/cram/mFILE.c; sourceTree = "<group>"; };
		EFDD6AB71B0DD76C00450029 /* open_trace_file.c */ = {isa = PBXFileReference; fileEncoding = 4; lastKnownFileType = sourcecode.c.c; name = open_trace_file.c; path = ../src/htslib/cram/open_trace_file.c; sourceTree = "<group>"; };
		EFDD6ABA1B0DD76C00450029 /* pooled_alloc.c */ = {isa = PBXFileReference; fileEncoding = 4; lastKnownFileType = sourcecode.c.c; name = pooled_alloc.c; path = ../src/htslib/cram/pooled_alloc.c; sourceTree = "<group>"; };
		EFDD6ABD1B0DD76C00450029 /* rANS_static.c */ = {isa = PBXFileReference; fileEncoding = 4; lastKnownFileType = sourcecode.c.c; name = rANS_static.c; path = ../src/htslib/cram/rANS_static.c; sourceTree = "<group>"; };
		EFDD6ABF1B0DD76C00450029 /* sam_header.c */ = {isa = PBXFileReference; fileEncoding = 4; lastKnownFileType = sourcecode.c.c; name = sam_header.c; path = ../src/htslib/cram/sam_header.c; sourceTree = "<group>"; };
		EFDD6AC11B0DD76C00450029 /* string_alloc.c */ = {isa = PBXFileReference; fileEncoding = 4; lastKnownFileType = sourcecode.c.c; name = string_alloc.c; path = ../src/htslib/cram/string_alloc.c; sourceTree = "<group>"; };
		EFDD6AC31B0DD76C00450029 /* thread_pool.c */ = {isa = PBXFileReference; fileEncoding = 4; lastKnownFileType = sourcecode.c.c; name = thread_pool.c; path = ../src/htslib/cram/thread_pool.c; sourceTree = "<group>"; };
		EFDD6AC51B0DD76C00450029 /* vlen.c */ = {isa = PBXFileReference; fileEncoding = 4; lastKnownFileType = sourcecode.c.c; name = vlen.c; path = ../src/htslib/cram/vlen.c; sourceTree = "<group>"; };
		EFDD6AC71B0DD76C00450029 /* zfio.c */ = {isa = PBXFileReference; fileEncoding = 4; lastKnownFileType = sourcecode.c.c; name = zfio.c; path = ../src/htslib/cram/zfio.c; sourceTree = "<group>"; };
		EFDD6ADA1B0DDB8700450029 /* files.c */ = {isa = PBXFileReference; fileEncoding = 4; lastKnownFileType = sourcecode.c.c; name = files.c; path = ../src/htslib/cram/files.c; sourceTree = "<group>"; };
		EFDD6ADC1B0DE65D00450029 /* vcf.c */ = {isa = PBXFileReference; fileEncoding = 4; lastKnownFileType = sourcecode.c.c; name = vcf.c; path = ../src/htslib/vcf.c; sourceTree = "<group>"; };
		EFE700811C8FA9920086A246 /* Bootstrap.cpp */ = {isa = PBXFileReference; fileEncoding = 4; lastKnownFileType = sourcecode.cpp.cpp; name = Bootstrap.cpp; path = ../src/kallisto/src/Bootstrap.cpp; sourceTree = "<group>"; };
		EFE700821C8FA9920086A246 /* Bootstrap.h */ = {isa = PBXFileReference; fileEncoding = 4; lastKnownFileType = sourcecode.c.h; name = Bootstrap.h; path = ../src/kallisto/src/Bootstrap.h; sourceTree = "<group>"; };
		EFE700831C8FA9920086A246 /* CMakeLists.txt */ = {isa = PBXFileReference; fileEncoding = 4; lastKnownFileType = text; name = CMakeLists.txt; path = ../src/kallisto/src/CMakeLists.txt; sourceTree = "<group>"; };
		EFE700841C8FA9920086A246 /* common.cpp */ = {isa = PBXFileReference; fileEncoding = 4; lastKnownFileType = sourcecode.cpp.cpp; name = common.cpp; path = ../src/kallisto/src/common.cpp; sourceTree = "<group>"; };
		EFE700851C8FA9920086A246 /* common.h */ = {isa = PBXFileReference; fileEncoding = 4; lastKnownFileType = sourcecode.c.h; name = common.h; path = ../src/kallisto/src/common.h; sourceTree = "<group>"; };
		EFE700861C8FA9920086A246 /* EMAlgorithm.h */ = {isa = PBXFileReference; fileEncoding = 4; lastKnownFileType = sourcecode.c.h; name = EMAlgorithm.h; path = ../src/kallisto/src/EMAlgorithm.h; sourceTree = "<group>"; };
		EFE700871C8FA9920086A246 /* h5utils.cpp */ = {isa = PBXFileReference; fileEncoding = 4; lastKnownFileType = sourcecode.cpp.cpp; name = h5utils.cpp; path = ../src/kallisto/src/h5utils.cpp; sourceTree = "<group>"; };
		EFE700881C8FA9920086A246 /* h5utils.h */ = {isa = PBXFileReference; fileEncoding = 4; lastKnownFileType = sourcecode.c.h; name = h5utils.h; path = ../src/kallisto/src/h5utils.h; sourceTree = "<group>"; };
		EFE700891C8FA9920086A246 /* H5Writer.cpp */ = {isa = PBXFileReference; fileEncoding = 4; lastKnownFileType = sourcecode.cpp.cpp; name = H5Writer.cpp; path = ../src/kallisto/src/H5Writer.cpp; sourceTree = "<group>"; };
		EFE7008A1C8FA9920086A246 /* H5Writer.h */ = {isa = PBXFileReference; fileEncoding = 4; lastKnownFileType = sourcecode.c.h; name = H5Writer.h; path = ../src/kallisto/src/H5Writer.h; sourceTree = "<group>"; };
		EFE7008B1C8FA9920086A246 /* hash.cpp */ = {isa = PBXFileReference; fileEncoding = 4; lastKnownFileType = sourcecode.cpp.cpp; name = hash.cpp; path = ../src/kallisto/src/hash.cpp; sourceTree = "<group>"; };
		EFE7008C1C8FA9920086A246 /* hash.hpp */ = {isa = PBXFileReference; fileEncoding = 4; lastKnownFileType = sourcecode.cpp.h; name = hash.hpp; path = ../src/kallisto/src/hash.hpp; sourceTree = "<group>"; };
		EFE7008D1C8FA9920086A246 /* Inspect.h */ = {isa = PBXFileReference; fileEncoding = 4; lastKnownFileType = sourcecode.c.h; name = Inspect.h; path = ../src/kallisto/src/Inspect.h; sourceTree = "<group>"; };
		EFE7008E1C8FA9920086A246 /* Kmer.cpp */ = {isa = PBXFileReference; fileEncoding = 4; lastKnownFileType = sourcecode.cpp.cpp; name = Kmer.cpp; path = ../src/kallisto/src/Kmer.cpp; sourceTree = "<group>"; };
		EFE7008F1C8FA9920086A246 /* Kmer.hpp */ = {isa = PBXFileReference; fileEncoding = 4; lastKnownFileType = sourcecode.cpp.h; name = Kmer.hpp; path = ../src/kallisto/src/Kmer.hpp; sourceTree = "<group>"; };
		EFE700901C8FA9920086A246 /* KmerHashTable.h */ = {isa = PBXFileReference; fileEncoding = 4; lastKnownFileType = sourcecode.c.h; name = KmerHashTable.h; path = ../src/kallisto/src/KmerHashTable.h; sourceTree = "<group>"; };
		EFE700911C8FA9920086A246 /* KmerIndex.cpp */ = {isa = PBXFileReference; fileEncoding = 4; lastKnownFileType = sourcecode.cpp.cpp; name = KmerIndex.cpp; path = ../src/kallisto/src/KmerIndex.cpp; sourceTree = "<group>"; };
		EFE700921C8FA9920086A246 /* KmerIndex.h */ = {isa = PBXFileReference; fileEncoding = 4; lastKnownFileType = sourcecode.c.h; name = KmerIndex.h; path = ../src/kallisto/src/KmerIndex.h; sourceTree = "<group>"; };
		EFE700931C8FA9920086A246 /* KmerIterator.cpp */ = {isa = PBXFileReference; fileEncoding = 4; lastKnownFileType = sourcecode.cpp.cpp; name = KmerIterator.cpp; path = ../src/kallisto/src/KmerIterator.cpp; sourceTree = "<group>"; };
		EFE700941C8FA9920086A246 /* KmerIterator.hpp */ = {isa = PBXFileReference; fileEncoding = 4; lastKnownFileType = sourcecode.cpp.h; name = KmerIterator.hpp; path = ../src/kallisto/src/KmerIterator.hpp; sourceTree = "<group>"; };
		EFE700951C8FA9920086A246 /* kseq.h */ = {isa = PBXFileReference; fileEncoding = 4; lastKnownFileType = sourcecode.c.h; name = kseq.h; path = ../src/kallisto/src/kseq.h; sourceTree = "<group>"; };
		EFE700961C8FA9920086A246 /* main.cpp */ = {isa = PBXFileReference; fileEncoding = 4; lastKnownFileType = sourcecode.cpp.cpp; name = main.cpp; path = ../src/kallisto/src/main.cpp; sourceTree = "<group>"; };
		EFE700971C8FA9920086A246 /* MinCollector.cpp */ = {isa = PBXFileReference; fileEncoding = 4; lastKnownFileType = sourcecode.cpp.cpp; name = MinCollector.cpp; path = ../src/kallisto/src/MinCollector.cpp; sourceTree = "<group>"; };
		EFE700981C8FA9920086A246 /* MinCollector.h */ = {isa = PBXFileReference; fileEncoding = 4; lastKnownFileType = sourcecode.c.h; name = MinCollector.h; path = ../src/kallisto/src/MinCollector.h; sourceTree = "<group>"; };
		EFE700991C8FA9920086A246 /* Multinomial.hpp */ = {isa = PBXFileReference; fileEncoding = 4; lastKnownFileType = sourcecode.cpp.h; name = Multinomial.hpp; path = ../src/kallisto/src/Multinomial.hpp; sourceTree = "<group>"; };
		EFE7009A1C8FA9920086A246 /* PlaintextWriter.cpp */ = {isa = PBXFileReference; fileEncoding = 4; lastKnownFileType = sourcecode.cpp.cpp; name = PlaintextWriter.cpp; path = ../src/kallisto/src/PlaintextWriter.cpp; sourceTree = "<group>"; };
		EFE7009B1C8FA9920086A246 /* PlaintextWriter.h */ = {isa = PBXFileReference; fileEncoding = 4; lastKnownFileType = sourcecode.c.h; name = PlaintextWriter.h; path = ../src/kallisto/src/PlaintextWriter.h; sourceTree = "<group>"; };
		EFE7009C1C8FA9920086A246 /* ProcessReads.cpp */ = {isa = PBXFileReference; fileEncoding = 4; lastKnownFileType = sourcecode.cpp.cpp; name = ProcessReads.cpp; path = ../src/kallisto/src/ProcessReads.cpp; sourceTree = "<group>"; };
		EFE7009D1C8FA9920086A246 /* ProcessReads.h */ = {isa = PBXFileReference; fileEncoding = 4; lastKnownFileType = sourcecode.c.h; name = ProcessReads.h; path = ../src/kallisto/src/ProcessReads.h; sourceTree = "<group>"; };
		EFE7009E1C8FA9920086A246 /* PseudoBam.cpp */ = {isa = PBXFileReference; fileEncoding = 4; lastKnownFileType = sourcecode.cpp.cpp; name = PseudoBam.cpp; path = ../src/kallisto/src/PseudoBam.cpp; sourceTree = "<group>"; };
		EFE7009F1C8FA9920086A246 /* PseudoBam.h */ = {isa = PBXFileReference; fileEncoding = 4; lastKnownFileType = sourcecode.c.h; name = PseudoBam.h; path = ../src/kallisto/src/PseudoBam.h; sourceTree = "<group>"; };
		EFE700A01C8FA9920086A246 /* weights.cpp */ = {isa = PBXFileReference; fileEncoding = 4; lastKnownFileType = sourcecode.cpp.cpp; name = weights.cpp; path = ../src/kallisto/src/weights.cpp; sourceTree = "<group>"; };
		EFE700A11C8FA9920086A246 /* weights.h */ = {isa = PBXFileReference; fileEncoding = 4; lastKnownFileType = sourcecode.c.h; name = weights.h; path = ../src/kallisto/src/weights.h; sourceTree = "<group>"; };
		EFE700B21C8FAF620086A246 /* libhdf5.a */ = {isa = PBXFileReference; lastKnownFileType = archive.ar; name = libhdf5.a; path = ../src/kallisto/libhdf5.a; sourceTree = "<group>"; };
		EFE8168E1B5370600004D9BF /* cmd.cpp */ = {isa = PBXFileReference; fileEncoding = 4; lastKnownFileType = sourcecode.cpp.cpp; path = cmd.cpp; sourceTree = "<group>"; };
		EFE88F951C15A7DD00B46829 /* t_assembly.cpp */ = {isa = PBXFileReference; fileEncoding = 4; lastKnownFileType = sourcecode.cpp.cpp; path = t_assembly.cpp; sourceTree = "<group>"; };
		EFE9A01E1AD3B11F00557829 /* writer.hpp */ = {isa = PBXFileReference; fileEncoding = 4; lastKnownFileType = sourcecode.cpp.h; name = writer.hpp; path = ../src/writers/writer.hpp; sourceTree = "<group>"; };
		EFF4B1D01C539FFD00DF6A0E /* stats.hpp */ = {isa = PBXFileReference; lastKnownFileType = sourcecode.cpp.h; name = stats.hpp; path = ../src/stats/stats.hpp; sourceTree = "<group>"; };
		EFF4B1D11C53A3CA00DF6A0E /* stats.cpp */ = {isa = PBXFileReference; fileEncoding = 4; lastKnownFileType = sourcecode.cpp.cpp; name = stats.cpp; path = ../tests/stats/stats.cpp; sourceTree = "<group>"; };
		EFF5DE161C4B8AF8001C3496 /* linear.cpp */ = {isa = PBXFileReference; fileEncoding = 4; lastKnownFileType = sourcecode.cpp.cpp; name = linear.cpp; path = ../src/stats/linear.cpp; sourceTree = "<group>"; };
/* End PBXFileReference section */

/* Begin PBXFrameworksBuildPhase section */
		7F7C704F1AB4726E00C6EE36 /* Frameworks */ = {
			isa = PBXFrameworksBuildPhase;
			buildActionMask = 2147483647;
			files = (
				EFE700B31C8FAF620086A246 /* libhdf5.a in Frameworks */,
				EFDD6A711B0DD60500450029 /* libz.dylib in Frameworks */,
			);
			runOnlyForDeploymentPostprocessing = 0;
		};
/* End PBXFrameworksBuildPhase section */

/* Begin PBXGroup section */
		7F6E0C831AB653AC00C9E3E0 /* Tests */ = {
			isa = PBXGroup;
			children = (
				EFB7FF371B4F84430045DC6A /* Data */,
				EF4BD9AD1ADE4035007BE6AB /* Parsers */,
				EFF4B1CD1C53895C00DF6A0E /* Stats */,
				EF6D05F11BD3E5F60048044F /* Tools */,
				EF9ACCE91B5FB5F20085D1B2 /* Trans */,
				EFE8168E1B5370600004D9BF /* cmd.cpp */,
				EF4270A11B213BF200C9ED4E /* test.cpp */,
			);
			name = Tests;
			path = ../Tests;
			sourceTree = "<group>";
		};
		7F7C70491AB4726E00C6EE36 = {
			isa = PBXGroup;
			children = (
				7FC557061AB473A90085C090 /* Sources */,
				7F6E0C831AB653AC00C9E3E0 /* Tests */,
				EF150F4D1AD505D50004E613 /* Framework */,
				7F7C70531AB4726E00C6EE36 /* Products */,
			);
			sourceTree = "<group>";
		};
		7F7C70531AB4726E00C6EE36 /* Products */ = {
			isa = PBXGroup;
			children = (
				7F7C70521AB4726E00C6EE36 /* Anaquin */,
			);
			name = Products;
			sourceTree = "<group>";
		};
		7FC557061AB473A90085C090 /* Sources */ = {
			isa = PBXGroup;
			children = (
				EFA9DE741BCB897D00780182 /* Analyzers */,
				EF4270A31B214F8400C9ED4E /* Data */,
				EF65DDB71C6C3EB5003EE08A /* FusQuin */,
				EF7278241CACEC570012648F /* LadQuin */,
				EF7278431CACEC9E0012648F /* Libraries */,
				EF7278341CACEC940012648F /* MetaQuin */,
				EF3860D61AD378190062D246 /* Parsers */,
				EF1DE0B81B21EC7C00DEC381 /* Stats */,
				EFA9DE701BCB7D5A00780182 /* Tools */,
				EF7278131CACEC280012648F /* TransQuin */,
				EF0C67861C5F1D460033168D /* VarQuin */,
				EFE9A01D1AD3B10900557829 /* Writers */,
				EF2290351AC0E58000CE76BF /* main.cpp */,
			);
			name = Sources;
			sourceTree = "<group>";
		};
		EF0C67861C5F1D460033168D /* VarQuin */ = {
			isa = PBXGroup;
			children = (
				EF7278101CACD9400012648F /* v_kexpress.cpp */,
				EF7278111CACD9400012648F /* v_kexpress.hpp */,
				EF0C67871C5F25070033168D /* v_align.cpp */,
				EF0C67881C5F25070033168D /* v_align.hpp */,
				EF0C67891C5F25070033168D /* v_allele.cpp */,
				EF0C678A1C5F25070033168D /* v_allele.hpp */,
				EF0C678B1C5F25070033168D /* v_coverage.cpp */,
				EF0C678C1C5F25070033168D /* v_coverage.hpp */,
				EF0C678D1C5F25070033168D /* v_discover.cpp */,
				EF0C678E1C5F25070033168D /* v_discover.hpp */,
				EFDC8F471CABB75C0031EF77 /* v_express.cpp */,
				EFDC8F481CABB75C0031EF77 /* v_express.hpp */,
				EF0C678F1C5F25070033168D /* v_sample.cpp */,
				EF0C67901C5F25070033168D /* v_sample.hpp */,
				EF0C67911C5F25070033168D /* v_viewer.hpp */,
				EF0C67921C5F25070033168D /* VarQuin.hpp */,
			);
			name = VarQuin;
			sourceTree = "<group>";
		};
		EF150F4D1AD505D50004E613 /* Framework */ = {
			isa = PBXGroup;
			children = (
				EFE700B21C8FAF620086A246 /* libhdf5.a */,
				EFDD6A701B0DD60500450029 /* libz.dylib */,
			);
			name = Framework;
			sourceTree = "<group>";
		};
		EF1DE0B81B21EC7C00DEC381 /* Stats */ = {
			isa = PBXGroup;
			children = (
				EF1DE0B91B21EC8300DEC381 /* analyzer.hpp */,
				EF1DE0BA1B21EC8300DEC381 /* classify.hpp */,
				EF1DE0BC1B21EC8300DEC381 /* limit.hpp */,
				EFF5DE161C4B8AF8001C3496 /* linear.cpp */,
				EFB897141C524A3500B875EE /* linear.hpp */,
				EFF4B1D01C539FFD00DF6A0E /* stats.hpp */,
			);
			name = Stats;
			sourceTree = "<group>";
		};
		EF2615691B5FF96400BE8037 /* Cufflinks */ = {
			isa = PBXGroup;
			children = (
				EF26157E1B5FF9F500BE8037 /* codons.cpp */,
				EF26157F1B5FF9F500BE8037 /* cuffcompare.cpp */,
				EF26156E1B5FF99F00BE8037 /* GArgs.cpp */,
				EF26156F1B5FF99F00BE8037 /* GBase.cpp */,
				EF26156A1B5FF98A00BE8037 /* gdna.cpp */,
				EF2615721B5FF9AD00BE8037 /* GFaSeqGet.cpp */,
				EF2615731B5FF9AD00BE8037 /* GFastaIndex.cpp */,
				EF2615781B5FF9DC00BE8037 /* gff_utils.cpp */,
				EF2615791B5FF9DC00BE8037 /* gff.cpp */,
				EF26157A1B5FF9DC00BE8037 /* gffread.cpp */,
				EF26156B1B5FF98A00BE8037 /* GStr.cpp */,
				EF2615761B5FF9C500BE8037 /* gtf_tracking.cpp */,
			);
			name = Cufflinks;
			sourceTree = "<group>";
		};
		EF3860D61AD378190062D246 /* Parsers */ = {
			isa = PBXGroup;
			children = (
				EF3860D81AD3783A0062D246 /* parser_bed.hpp */,
				EF3211931B1DBC1A0062BB10 /* parser_blast.cpp */,
				EF3211941B1DBC1A0062BB10 /* parser_blast.hpp */,
				EF4BD9A91ADDFB92007BE6AB /* parser_cdiffs.cpp */,
				EF4BD9AA1ADDFB92007BE6AB /* parser_cdiffs.hpp */,
				EF4E9E1C1C7B235800EE0A24 /* parser_cnvnator.hpp */,
				EF3860D91AD3783A0062D246 /* parser_csv.cpp */,
				EF3860DA1AD3783A0062D246 /* parser_csv.hpp */,
				EF4BD9AC1ADDFBC5007BE6AB /* parser_cuffs.hpp */,
				EF5B07C01C48E8A900751B46 /* parser_DESeq2.hpp */,
				EF5B07C11C48E8A900751B46 /* parser_edgeR.hpp */,
				EFA1A6B11AFC4FAB0066DD9F /* parser_fa.hpp */,
				EF7908AC1B81759100B7C8AF /* parser_feature.hpp */,
				EF3860DF1AD3783A0062D246 /* parser_gtf.cpp */,
				EF3860E01AD3783A0062D246 /* parser_gtf.hpp */,
				EF708C1B1C4C3BFB00039DE4 /* parser_HTSeqCount.hpp */,
				EF3302BC1C8E81FF007A73A2 /* parser_kallisto.hpp */,
				EF3860E11AD3783A0062D246 /* parser_sam.cpp */,
				EF3860E21AD3783A0062D246 /* parser_sam.hpp */,
				EFBB830C1ADF953B0002611E /* parser_sequins.cpp */,
				EFBB830D1ADF953B0002611E /* parser_sequins.hpp */,
				EFA4FB541C904013007094E8 /* parser_sleuth.hpp */,
				EFB2F8891BDEFB9800A9F0AB /* parser_stab.hpp */,
				EF3F04A41B6F2F5000179B55 /* parser_star_fusion.cpp */,
				EF3F04A51B6F2F5000179B55 /* parser_star_fusion.hpp */,
				EF2947F81C1A5BFA00F48EFB /* parser_stringtie.hpp */,
				EF44A81D1AF78FA20036C894 /* parser_tmap.cpp */,
				EF44A81E1AF78FA20036C894 /* parser_tmap.hpp */,
				EFB3FF601B4A30DC0065CEA0 /* parser_top_fusion.cpp */,
				EFB3FF611B4A30DC0065CEA0 /* parser_top_fusion.hpp */,
				EF3860DB1AD3783A0062D246 /* parser_tracking.cpp */,
				EF3860DC1AD3783A0062D246 /* parser_tracking.hpp */,
				EF2537B21BF0A49800ABAABC /* parser_tsv.hpp */,
				EF6B01CF1C60956500D82709 /* parser_varscan.hpp */,
				EF3860E31AD3783A0062D246 /* parser_vcf.cpp */,
				EF3860E41AD3783A0062D246 /* parser_vcf.hpp */,
				EFB1E0421B0098F300F093A2 /* parser.hpp */,
			);
			name = Parsers;
			sourceTree = "<group>";
		};
		EF4270A31B214F8400C9ED4E /* Data */ = {
			isa = PBXGroup;
			children = (
				EF1DE0A71B21EC6D00DEC381 /* alignment.hpp */,
				EF1DE0A81B21EC6D00DEC381 /* biology.hpp */,
				EF02A5231B7E0F8D00295799 /* compare.hpp */,
				EF5B07BF1C48E24100751B46 /* dtest.hpp */,
				EF92BC3D1CA3A9000054E8C8 /* errors.hpp */,
				EF5B07B61C48AE6B00751B46 /* experiment.cpp */,
				EF5B07B71C48AE6B00751B46 /* experiment.hpp */,
				EF1DE0A91B21EC6D00DEC381 /* feature.hpp */,
				EF2002531BCEFD6900F8CE08 /* intervals.hpp */,
				EF40C2AD1C21C0E30057415D /* itree.hpp */,
				EF1DE0AB1B21EC6D00DEC381 /* locus.hpp */,
				EF1DE0AC1B21EC6D00DEC381 /* reader.cpp */,
				EF1DE0AD1B21EC6D00DEC381 /* reader.hpp */,
				EF9F70ED1B9C397900B8BD7B /* reference.cpp */,
				EFC0DAC51B8C056F005F6C85 /* reference.hpp */,
				EF1DE0AE1B21EC6D00DEC381 /* resources.cpp */,
				EF3A43FB1B8EDF9400C968F0 /* script.hpp */,
				EF1DE0B01B21EC6D00DEC381 /* standard.cpp */,
				EF1DE0B11B21EC6D00DEC381 /* standard.hpp */,
				EF1DE0B21B21EC6D00DEC381 /* tokens.hpp */,
				EF1DE0B31B21EC6D00DEC381 /* types.hpp */,
				EF9F70EC1B9C331200B8BD7B /* variant.hpp */,
			);
			name = Data;
			sourceTree = "<group>";
		};
		EF4BD9AD1ADE4035007BE6AB /* Parsers */ = {
			isa = PBXGroup;
			children = (
				EF745EEA1C1E8B1B0072CEBB /* t_parser_gtf.cpp */,
				EF708C1C1C4C3DDF00039DE4 /* t_parser_HTSeqCount.cpp */,
				EF3302BD1C8E8498007A73A2 /* t_parser_kallisto.cpp */,
				EF4BD9B11ADE4054007BE6AB /* t_parser_sam.cpp */,
				EF3F04A71B6F309E00179B55 /* t_parser_star_fusion.cpp */,
				EF72F0EC1B6898940092DA34 /* t_parser_top_fusion.cpp */,
				EF6B01D01C60975000D82709 /* t_parser_varscan.cpp */,
			);
			name = Parsers;
			sourceTree = "<group>";
		};
		EF65DDB71C6C3EB5003EE08A /* FusQuin */ = {
			isa = PBXGroup;
			children = (
				EF65DDB81C6C3EC6003EE08A /* f_coverage.cpp */,
				EF65DDB91C6C3EC6003EE08A /* f_coverage.hpp */,
				EF65DDBA1C6C3EC6003EE08A /* f_diff.cpp */,
				EF65DDBB1C6C3EC6003EE08A /* f_diff.hpp */,
				EF65DDBC1C6C3EC6003EE08A /* f_discover.cpp */,
				EF65DDBD1C6C3EC6003EE08A /* f_discover.hpp */,
				EF65DDBE1C6C3EC6003EE08A /* f_express.cpp */,
				EF65DDBF1C6C3EC6003EE08A /* f_express.hpp */,
				EF65DDC01C6C3EC6003EE08A /* f_viewer.hpp */,
				EF65DDC11C6C3EC6003EE08A /* FUSQuin.hpp */,
			);
			name = FusQuin;
			sourceTree = "<group>";
		};
		EF6D05F11BD3E5F60048044F /* Tools */ = {
			isa = PBXGroup;
			children = (
				EF6D05F21BD3E6040048044F /* sampling.cpp */,
			);
			name = Tools;
			sourceTree = "<group>";
		};
		EF7278131CACEC280012648F /* TransQuin */ = {
			isa = PBXGroup;
			children = (
				EF7278141CACEC2F0012648F /* t_align.cpp */,
				EF7278151CACEC2F0012648F /* t_align.hpp */,
				EF7278161CACEC2F0012648F /* t_assembly.cpp */,
				EF7278171CACEC2F0012648F /* t_assembly.hpp */,
				EF7278181CACEC2F0012648F /* t_coverage.cpp */,
				EF7278191CACEC2F0012648F /* t_coverage.hpp */,
				EF72781A1CACEC2F0012648F /* t_diffs.cpp */,
				EF72781B1CACEC2F0012648F /* t_diffs.hpp */,
				EF72781C1CACEC2F0012648F /* t_express.cpp */,
				EF72781D1CACEC2F0012648F /* t_express.hpp */,
				EF72781E1CACEC2F0012648F /* t_viewer.hpp */,
			);
			name = TransQuin;
			sourceTree = "<group>";
		};
		EF7278241CACEC570012648F /* LadQuin */ = {
			isa = PBXGroup;
			children = (
				EF7278251CACEC5E0012648F /* l_abund.cpp */,
				EF7278261CACEC5E0012648F /* l_abund.hpp */,
				EF7278271CACEC5E0012648F /* l_copy.cpp */,
				EF7278281CACEC5E0012648F /* l_copy.hpp */,
				EF7278291CACEC5E0012648F /* l_coverage.cpp */,
				EF72782A1CACEC5E0012648F /* l_coverage.hpp */,
				EF72782B1CACEC5E0012648F /* l_diffs.cpp */,
				EF72782C1CACEC5E0012648F /* l_diffs.hpp */,
				EF72782D1CACEC5E0012648F /* l_norm.cpp */,
				EF72782E1CACEC5E0012648F /* l_norm.hpp */,
			);
			name = LadQuin;
			sourceTree = "<group>";
		};
		EF7278341CACEC940012648F /* MetaQuin */ = {
			isa = PBXGroup;
			children = (
				EF7278351CACEC940012648F /* m_abund.cpp */,
				EF7278361CACEC940012648F /* m_abund.hpp */,
				EF7278371CACEC940012648F /* m_assembler.hpp */,
				EF7278381CACEC940012648F /* m_assembly.cpp */,
				EF7278391CACEC940012648F /* m_assembly.hpp */,
				EF72783A1CACEC940012648F /* m_blat.cpp */,
				EF72783B1CACEC940012648F /* m_blat.hpp */,
				EF72783C1CACEC940012648F /* m_coverage.cpp */,
				EF72783D1CACEC940012648F /* m_coverage.hpp */,
				EF72783E1CACEC940012648F /* m_diffs.cpp */,
				EF72783F1CACEC940012648F /* m_diffs.hpp */,
				EF7278401CACEC940012648F /* m_histogram.cpp */,
				EF7278411CACEC940012648F /* m_histogram.h */,
				EF7278421CACEC940012648F /* m_viewer.hpp */,
			);
			name = MetaQuin;
			path = ../src/MetaQuin;
			sourceTree = "<group>";
		};
		EF7278431CACEC9E0012648F /* Libraries */ = {
			isa = PBXGroup;
			children = (
				EF2615691B5FF96400BE8037 /* Cufflinks */,
				EFDD6A731B0DD73900450029 /* Htslib */,
				EFE700801C8FA8F80086A246 /* Kallisto */,
			);
			name = Libraries;
			sourceTree = "<group>";
		};
		EF9ACCE91B5FB5F20085D1B2 /* Trans */ = {
			isa = PBXGroup;
			children = (
				EF9ACCEB1B5FB5F20085D1B2 /* t_align.cpp */,
				EFE88F951C15A7DD00B46829 /* t_assembly.cpp */,
				EF58D8DE1C1645EB00958A0C /* t_diffs.cpp */,
				EF58D8DF1C1645EB00958A0C /* t_express.cpp */,
			);
			name = Trans;
			path = ../tests/trans;
			sourceTree = "<group>";
		};
		EFA9DE701BCB7D5A00780182 /* Tools */ = {
			isa = PBXGroup;
			children = (
				EFA9DE711BCB7D6100780182 /* coverage.cpp */,
				EFA9DE721BCB7D6100780182 /* coverage.hpp */,
				EF6D05F01BD3E5DF0048044F /* sampling.hpp */,
			);
			name = Tools;
			sourceTree = "<group>";
		};
		EFA9DE741BCB897D00780182 /* Analyzers */ = {
			isa = PBXGroup;
			children = (
			);
			name = Analyzers;
			sourceTree = "<group>";
		};
		EFB7FF371B4F84430045DC6A /* Data */ = {
			isa = PBXGroup;
			children = (
				EF5B07B91C48B08700751B46 /* t_experiment.cpp */,
				EF17D29C1BCF246700F503F7 /* t_intervals.cpp */,
				EFB108441C22D29E004DCBCF /* t_itree.cpp */,
				EFB7FF381B4F848D0045DC6A /* t_locus.cpp */,
				EFBC882A1C3E78F500B604A7 /* t_r_writer.cpp */,
				EF98D6BB1C616B5D00697051 /* t_standard.cpp */,
			);
			name = Data;
			sourceTree = "<group>";
		};
		EFDD6A731B0DD73900450029 /* Htslib */ = {
			isa = PBXGroup;
			children = (
				EFDD6A741B0DD75300450029 /* cram */,
				EFDD6A7D1B0DD76200450029 /* hfile_net.c */,
				EFDD6A7E1B0DD76200450029 /* hfile.c */,
				EFDD6A801B0DD76200450029 /* hts.c */,
				EFDD6A821B0DD76200450029 /* kfunc.c */,
				EFDD6A831B0DD76200450029 /* knetfile.c */,
				EFDD6A841B0DD76200450029 /* kstring.c */,
				EFDD6A851B0DD76200450029 /* md5.c */,
				EFDD6A871B0DD76200450029 /* sam.c */,
				EFDD6A8A1B0DD76200450029 /* tbx.c */,
				EFDD6A8E1B0DD76200450029 /* vcfutils.c */,
				EFDD6A751B0DD75B00450029 /* bgzf.c */,
				EFDD6ADC1B0DE65D00450029 /* vcf.c */,
			);
			name = Htslib;
			sourceTree = "<group>";
		};
		EFDD6A741B0DD75300450029 /* cram */ = {
			isa = PBXGroup;
			children = (
				EFDD6AA31B0DD76C00450029 /* cram_codecs.c */,
				EFDD6AA51B0DD76C00450029 /* cram_decode.c */,
				EFDD6AA71B0DD76C00450029 /* cram_encode.c */,
				EFDD6AA91B0DD76C00450029 /* cram_index.c */,
				EFDD6AAB1B0DD76C00450029 /* cram_io.c */,
				EFDD6AAD1B0DD76C00450029 /* cram_samtools.c */,
				EFDD6AAF1B0DD76C00450029 /* cram_stats.c */,
				EFDD6ADA1B0DDB8700450029 /* files.c */,
				EFDD6AB41B0DD76C00450029 /* mFILE.c */,
				EFDD6AB71B0DD76C00450029 /* open_trace_file.c */,
				EFDD6ABA1B0DD76C00450029 /* pooled_alloc.c */,
				EFDD6ABD1B0DD76C00450029 /* rANS_static.c */,
				EFDD6ABF1B0DD76C00450029 /* sam_header.c */,
				EFDD6AC11B0DD76C00450029 /* string_alloc.c */,
				EFDD6AC31B0DD76C00450029 /* thread_pool.c */,
				EFDD6AC51B0DD76C00450029 /* vlen.c */,
				EFDD6AC71B0DD76C00450029 /* zfio.c */,
			);
			name = cram;
			sourceTree = "<group>";
		};
		EFE700801C8FA8F80086A246 /* Kallisto */ = {
			isa = PBXGroup;
			children = (
				EFE700811C8FA9920086A246 /* Bootstrap.cpp */,
				EFE700821C8FA9920086A246 /* Bootstrap.h */,
				EFE700831C8FA9920086A246 /* CMakeLists.txt */,
				EFE700841C8FA9920086A246 /* common.cpp */,
				EFE700851C8FA9920086A246 /* common.h */,
				EFE700861C8FA9920086A246 /* EMAlgorithm.h */,
				EFE700871C8FA9920086A246 /* h5utils.cpp */,
				EFE700881C8FA9920086A246 /* h5utils.h */,
				EFE7008A1C8FA9920086A246 /* H5Writer.h */,
				EFE7008B1C8FA9920086A246 /* hash.cpp */,
				EFE7008C1C8FA9920086A246 /* hash.hpp */,
				EFE700891C8FA9920086A246 /* H5Writer.cpp */,
				EFE7008D1C8FA9920086A246 /* Inspect.h */,
				EFE7008E1C8FA9920086A246 /* Kmer.cpp */,
				EFE7008F1C8FA9920086A246 /* Kmer.hpp */,
				EFE700901C8FA9920086A246 /* KmerHashTable.h */,
				EFE700911C8FA9920086A246 /* KmerIndex.cpp */,
				EFE700921C8FA9920086A246 /* KmerIndex.h */,
				EFE700931C8FA9920086A246 /* KmerIterator.cpp */,
				EFE700941C8FA9920086A246 /* KmerIterator.hpp */,
				EFE700951C8FA9920086A246 /* kseq.h */,
				EFE700961C8FA9920086A246 /* main.cpp */,
				EFE700971C8FA9920086A246 /* MinCollector.cpp */,
				EFE700981C8FA9920086A246 /* MinCollector.h */,
				EFE700991C8FA9920086A246 /* Multinomial.hpp */,
				EFE7009A1C8FA9920086A246 /* PlaintextWriter.cpp */,
				EFE7009B1C8FA9920086A246 /* PlaintextWriter.h */,
				EFE7009C1C8FA9920086A246 /* ProcessReads.cpp */,
				EFE7009D1C8FA9920086A246 /* ProcessReads.h */,
				EFE7009E1C8FA9920086A246 /* PseudoBam.cpp */,
				EFE7009F1C8FA9920086A246 /* PseudoBam.h */,
				EFE700A01C8FA9920086A246 /* weights.cpp */,
				EFE700A11C8FA9920086A246 /* weights.h */,
			);
			name = Kallisto;
			sourceTree = "<group>";
		};
		EFE9A01D1AD3B10900557829 /* Writers */ = {
			isa = PBXGroup;
			children = (
				EF76C91A1ADBD59F003D45F9 /* file_writer.hpp */,
				EF76C91D1ADBD59F003D45F9 /* mock_writer.hpp */,
				EFD6292A1C4CAE2400FDF262 /* r_writer.cpp */,
				EF5180E41AE09A56007010F3 /* r_writer.hpp */,
				EF09431A1B365FF6000BBF67 /* terminal_writer.hpp */,
				EFE9A01E1AD3B11F00557829 /* writer.hpp */,
			);
			name = Writers;
			sourceTree = "<group>";
		};
		EFF4B1CD1C53895C00DF6A0E /* Stats */ = {
			isa = PBXGroup;
			children = (
				EFF4B1D11C53A3CA00DF6A0E /* stats.cpp */,
			);
			name = Stats;
			sourceTree = "<group>";
		};
/* End PBXGroup section */

/* Begin PBXNativeTarget section */
		7F7C70511AB4726E00C6EE36 /* Anaquin */ = {
			isa = PBXNativeTarget;
			buildConfigurationList = 7F7C70591AB4726E00C6EE36 /* Build configuration list for PBXNativeTarget "Anaquin" */;
			buildPhases = (
				7F7C704E1AB4726E00C6EE36 /* Sources */,
				7F7C704F1AB4726E00C6EE36 /* Frameworks */,
				7F7C70501AB4726E00C6EE36 /* CopyFiles */,
			);
			buildRules = (
			);
			dependencies = (
			);
			name = Anaquin;
			productName = Anaquin;
			productReference = 7F7C70521AB4726E00C6EE36 /* Anaquin */;
			productType = "com.apple.product-type.tool";
		};
/* End PBXNativeTarget section */

/* Begin PBXProject section */
		7F7C704A1AB4726E00C6EE36 /* Project object */ = {
			isa = PBXProject;
			attributes = {
				LastUpgradeCheck = 0720;
				ORGANIZATIONNAME = "Garvan Institute";
				TargetAttributes = {
					7F7C70511AB4726E00C6EE36 = {
						CreatedOnToolsVersion = 6.1.1;
					};
				};
			};
			buildConfigurationList = 7F7C704D1AB4726E00C6EE36 /* Build configuration list for PBXProject "Anaquin" */;
			compatibilityVersion = "Xcode 3.2";
			developmentRegion = English;
			hasScannedForEncodings = 0;
			knownRegions = (
				en,
			);
			mainGroup = 7F7C70491AB4726E00C6EE36;
			productRefGroup = 7F7C70531AB4726E00C6EE36 /* Products */;
			projectDirPath = "";
			projectRoot = "";
			targets = (
				7F7C70511AB4726E00C6EE36 /* Anaquin */,
			);
		};
/* End PBXProject section */

/* Begin PBXSourcesBuildPhase section */
		7F7C704E1AB4726E00C6EE36 /* Sources */ = {
			isa = PBXSourcesBuildPhase;
			buildActionMask = 2147483647;
			files = (
				EF9ACCF31B5FB9790085D1B2 /* t_align.cpp in Sources */,
				EF17D29D1BCF246700F503F7 /* t_intervals.cpp in Sources */,
				EFF5DE171C4B8AF8001C3496 /* linear.cpp in Sources */,
				EF0C67971C5F25070033168D /* v_sample.cpp in Sources */,
				EF0C67941C5F25070033168D /* v_allele.cpp in Sources */,
				EF6D05F31BD3E6040048044F /* sampling.cpp in Sources */,
				EF7278211CACEC2F0012648F /* t_coverage.cpp in Sources */,
				EF9F70EE1B9C397900B8BD7B /* reference.cpp in Sources */,
				EFB108451C22D29E004DCBCF /* t_itree.cpp in Sources */,
				EFE700A51C8FA9920086A246 /* H5Writer.cpp in Sources */,
				EF7278201CACEC2F0012648F /* t_assembly.cpp in Sources */,
				EF65DDC41C6C3EC6003EE08A /* f_discover.cpp in Sources */,
				EF58D8E01C1645EB00958A0C /* t_diffs.cpp in Sources */,
				EFB3FF621B4A30DC0065CEA0 /* parser_top_fusion.cpp in Sources */,
				EF3860E71AD3783A0062D246 /* parser_csv.cpp in Sources */,
				EF72781F1CACEC2F0012648F /* t_align.cpp in Sources */,
				EFDD6AD61B0DD76C00450029 /* string_alloc.c in Sources */,
				EF4BD9AB1ADDFB92007BE6AB /* parser_cdiffs.cpp in Sources */,
				EF3F04A81B6F309E00179B55 /* t_parser_star_fusion.cpp in Sources */,
				EF44A81F1AF78FA20036C894 /* parser_tmap.cpp in Sources */,
				EF1DE0B61B21EC6D00DEC381 /* standard.cpp in Sources */,
				EFDD6AD41B0DD76C00450029 /* rANS_static.c in Sources */,
				EF72F0ED1B6898940092DA34 /* t_parser_top_fusion.cpp in Sources */,
				EFE88F961C15A7DD00B46829 /* t_assembly.cpp in Sources */,
				EFE700AB1C8FA9920086A246 /* MinCollector.cpp in Sources */,
				EF1DE0B41B21EC6D00DEC381 /* reader.cpp in Sources */,
				EFDD6A941B0DD76200450029 /* hts.c in Sources */,
				EF1DE0B51B21EC6D00DEC381 /* resources.cpp in Sources */,
				EF58D8E11C1645EB00958A0C /* t_express.cpp in Sources */,
				EFDD6AA21B0DD76200450029 /* vcfutils.c in Sources */,
				EFDD6A991B0DD76200450029 /* md5.c in Sources */,
				EFE700AF1C8FA9920086A246 /* weights.cpp in Sources */,
				EF5B07B81C48AE6B00751B46 /* experiment.cpp in Sources */,
				EF3860EC1AD3783A0062D246 /* parser_vcf.cpp in Sources */,
				EF5B07BA1C48B08700751B46 /* t_experiment.cpp in Sources */,
				EFF4B1D21C53A3CA00DF6A0E /* stats.cpp in Sources */,
				EF2290571AC0E58000CE76BF /* main.cpp in Sources */,
				EFDD6ACE1B0DD76C00450029 /* cram_samtools.c in Sources */,
				EFDD6A971B0DD76200450029 /* knetfile.c in Sources */,
				EFDD6AD21B0DD76C00450029 /* open_trace_file.c in Sources */,
				EF3211951B1DBC1A0062BB10 /* parser_blast.cpp in Sources */,
				EFDD6ACB1B0DD76C00450029 /* cram_encode.c in Sources */,
				EFDD6ADD1B0DE65D00450029 /* vcf.c in Sources */,
				EFA9DE731BCB7D6100780182 /* coverage.cpp in Sources */,
				EFB7FF3A1B4F848D0045DC6A /* t_locus.cpp in Sources */,
				EF65DDC31C6C3EC6003EE08A /* f_diff.cpp in Sources */,
				EF0C67931C5F25070033168D /* v_align.cpp in Sources */,
				EFDD6A981B0DD76200450029 /* kstring.c in Sources */,
				EF2615741B5FF9AD00BE8037 /* GFaSeqGet.cpp in Sources */,
				EF7278331CACEC5E0012648F /* l_norm.cpp in Sources */,
				EFDD6A781B0DD75B00450029 /* bgzf.c in Sources */,
				EFE700AA1C8FA9920086A246 /* main.cpp in Sources */,
				EF26157C1B5FF9DC00BE8037 /* gff.cpp in Sources */,
				EF0C67961C5F25070033168D /* v_discover.cpp in Sources */,
				EFDD6AD91B0DD76C00450029 /* zfio.c in Sources */,
				EFDD6AD31B0DD76C00450029 /* pooled_alloc.c in Sources */,
				EF3860EB1AD3783A0062D246 /* parser_sam.cpp in Sources */,
				EFDD6A9B1B0DD76200450029 /* sam.c in Sources */,
				EFDD6A961B0DD76200450029 /* kfunc.c in Sources */,
				EFDD6ACD1B0DD76C00450029 /* cram_io.c in Sources */,
				EF3860E81AD3783A0062D246 /* parser_tracking.cpp in Sources */,
				EF7278311CACEC5E0012648F /* l_coverage.cpp in Sources */,
				EFDD6AC91B0DD76C00450029 /* cram_codecs.c in Sources */,
				EF65DDC21C6C3EC6003EE08A /* f_coverage.cpp in Sources */,
				EF2615701B5FF99F00BE8037 /* GArgs.cpp in Sources */,
				EF26156D1B5FF98A00BE8037 /* GStr.cpp in Sources */,
				EFDD6ACA1B0DD76C00450029 /* cram_decode.c in Sources */,
				EF7278221CACEC2F0012648F /* t_diffs.cpp in Sources */,
				EF708C1D1C4C3DDF00039DE4 /* t_parser_HTSeqCount.cpp in Sources */,
				EF2615771B5FF9C500BE8037 /* gtf_tracking.cpp in Sources */,
				EFE700A41C8FA9920086A246 /* h5utils.cpp in Sources */,
				EF2615711B5FF99F00BE8037 /* GBase.cpp in Sources */,
				EF3860EA1AD3783A0062D246 /* parser_gtf.cpp in Sources */,
				EFDD6ACC1B0DD76C00450029 /* cram_index.c in Sources */,
				EFDD6AD51B0DD76C00450029 /* sam_header.c in Sources */,
				EFE700AC1C8FA9920086A246 /* PlaintextWriter.cpp in Sources */,
				EFDD6AD11B0DD76C00450029 /* mFILE.c in Sources */,
				EF98D6BC1C616B5D00697051 /* t_standard.cpp in Sources */,
				EFBC882B1C3E78F500B604A7 /* t_r_writer.cpp in Sources */,
				EFBB830E1ADF953B0002611E /* parser_sequins.cpp in Sources */,
				EFDD6AD81B0DD76C00450029 /* vlen.c in Sources */,
				EF2615751B5FF9AD00BE8037 /* GFastaIndex.cpp in Sources */,
				EFE700A21C8FA9920086A246 /* Bootstrap.cpp in Sources */,
				EFE700A61C8FA9920086A246 /* hash.cpp in Sources */,
				EF7278321CACEC5E0012648F /* l_diffs.cpp in Sources */,
				EFDD6A9E1B0DD76200450029 /* tbx.c in Sources */,
				EF7278301CACEC5E0012648F /* l_copy.cpp in Sources */,
				EFDD6ACF1B0DD76C00450029 /* cram_stats.c in Sources */,
				EFDC8F491CABB75C0031EF77 /* v_express.cpp in Sources */,
				EF2615801B5FF9F500BE8037 /* codons.cpp in Sources */,
				EF3302BE1C8E8498007A73A2 /* t_parser_kallisto.cpp in Sources */,
				EF7278231CACEC2F0012648F /* t_express.cpp in Sources */,
				EFDD6A921B0DD76200450029 /* hfile_net.c in Sources */,
				EFE700AD1C8FA9920086A246 /* ProcessReads.cpp in Sources */,
				EF26156C1B5FF98A00BE8037 /* gdna.cpp in Sources */,
				EFD6292B1C4CAE2400FDF262 /* r_writer.cpp in Sources */,
				EFE700AE1C8FA9920086A246 /* PseudoBam.cpp in Sources */,
				EF2615811B5FF9F500BE8037 /* cuffcompare.cpp in Sources */,
				EF26157D1B5FF9DC00BE8037 /* gffread.cpp in Sources */,
				EF72782F1CACEC5E0012648F /* l_abund.cpp in Sources */,
				EF4BD9B61ADE4054007BE6AB /* t_parser_sam.cpp in Sources */,
				EF4270A21B213BF200C9ED4E /* test.cpp in Sources */,
				EF3F04A61B6F2F5000179B55 /* parser_star_fusion.cpp in Sources */,
				EF6B01D11C60975000D82709 /* t_parser_varscan.cpp in Sources */,
				EF26157B1B5FF9DC00BE8037 /* gff_utils.cpp in Sources */,
				EF745EEB1C1E8B1B0072CEBB /* t_parser_gtf.cpp in Sources */,
				EF0C67951C5F25070033168D /* v_coverage.cpp in Sources */,
				EFDD6A931B0DD76200450029 /* hfile.c in Sources */,
				EF7278121CACD9400012648F /* v_kexpress.cpp in Sources */,
				EFE700A71C8FA9920086A246 /* Kmer.cpp in Sources */,
				EFDD6ADB1B0DDB8700450029 /* files.c in Sources */,
				EFDD6AD71B0DD76C00450029 /* thread_pool.c in Sources */,
				EFE8168F1B5370600004D9BF /* cmd.cpp in Sources */,
				EFE700A81C8FA9920086A246 /* KmerIndex.cpp in Sources */,
				EFE700A31C8FA9920086A246 /* common.cpp in Sources */,
				EFE700A91C8FA9920086A246 /* KmerIterator.cpp in Sources */,
				EF65DDC51C6C3EC6003EE08A /* f_express.cpp in Sources */,
			);
			runOnlyForDeploymentPostprocessing = 0;
		};
/* End PBXSourcesBuildPhase section */

/* Begin XCBuildConfiguration section */
		7F7C70571AB4726E00C6EE36 /* Debug */ = {
			isa = XCBuildConfiguration;
			buildSettings = {
				ALWAYS_SEARCH_USER_PATHS = NO;
				CLANG_CXX_LANGUAGE_STANDARD = "gnu++0x";
				CLANG_CXX_LIBRARY = "libc++";
				CLANG_ENABLE_MODULES = YES;
				CLANG_ENABLE_OBJC_ARC = YES;
				CLANG_WARN_BOOL_CONVERSION = YES;
				CLANG_WARN_CONSTANT_CONVERSION = YES;
				CLANG_WARN_DIRECT_OBJC_ISA_USAGE = YES_ERROR;
				CLANG_WARN_EMPTY_BODY = YES;
				CLANG_WARN_ENUM_CONVERSION = YES;
				CLANG_WARN_INT_CONVERSION = YES;
				CLANG_WARN_OBJC_ROOT_CLASS = YES_ERROR;
				CLANG_WARN_UNREACHABLE_CODE = YES;
				CLANG_WARN__DUPLICATE_METHOD_MATCH = YES;
				COPY_PHASE_STRIP = NO;
				ENABLE_STRICT_OBJC_MSGSEND = YES;
				ENABLE_TESTABILITY = YES;
				GCC_C_LANGUAGE_STANDARD = gnu99;
				GCC_DYNAMIC_NO_PIC = NO;
				GCC_OPTIMIZATION_LEVEL = 0;
				GCC_PREPROCESSOR_DEFINITIONS = (
					"DEBUG=1",
					"$(inherited)",
				);
				GCC_SYMBOLS_PRIVATE_EXTERN = NO;
				GCC_WARN_64_TO_32_BIT_CONVERSION = YES;
				GCC_WARN_ABOUT_RETURN_TYPE = YES_ERROR;
				GCC_WARN_UNDECLARED_SELECTOR = YES;
				GCC_WARN_UNINITIALIZED_AUTOS = YES_AGGRESSIVE;
				GCC_WARN_UNUSED_FUNCTION = YES;
				GCC_WARN_UNUSED_VARIABLE = YES;
				MACOSX_DEPLOYMENT_TARGET = 10.10;
				MTL_ENABLE_DEBUG_INFO = YES;
				ONLY_ACTIVE_ARCH = YES;
				SDKROOT = macosx;
			};
			name = Debug;
		};
		7F7C70581AB4726E00C6EE36 /* Release */ = {
			isa = XCBuildConfiguration;
			buildSettings = {
				ALWAYS_SEARCH_USER_PATHS = NO;
				CLANG_CXX_LANGUAGE_STANDARD = "gnu++0x";
				CLANG_CXX_LIBRARY = "libc++";
				CLANG_ENABLE_MODULES = YES;
				CLANG_ENABLE_OBJC_ARC = YES;
				CLANG_WARN_BOOL_CONVERSION = YES;
				CLANG_WARN_CONSTANT_CONVERSION = YES;
				CLANG_WARN_DIRECT_OBJC_ISA_USAGE = YES_ERROR;
				CLANG_WARN_EMPTY_BODY = YES;
				CLANG_WARN_ENUM_CONVERSION = YES;
				CLANG_WARN_INT_CONVERSION = YES;
				CLANG_WARN_OBJC_ROOT_CLASS = YES_ERROR;
				CLANG_WARN_UNREACHABLE_CODE = YES;
				CLANG_WARN__DUPLICATE_METHOD_MATCH = YES;
				COPY_PHASE_STRIP = YES;
				DEBUG_INFORMATION_FORMAT = "dwarf-with-dsym";
				ENABLE_NS_ASSERTIONS = NO;
				ENABLE_STRICT_OBJC_MSGSEND = YES;
				GCC_C_LANGUAGE_STANDARD = gnu99;
				GCC_WARN_64_TO_32_BIT_CONVERSION = YES;
				GCC_WARN_ABOUT_RETURN_TYPE = YES_ERROR;
				GCC_WARN_UNDECLARED_SELECTOR = YES;
				GCC_WARN_UNINITIALIZED_AUTOS = YES_AGGRESSIVE;
				GCC_WARN_UNUSED_FUNCTION = YES;
				GCC_WARN_UNUSED_VARIABLE = YES;
				MACOSX_DEPLOYMENT_TARGET = 10.10;
				MTL_ENABLE_DEBUG_INFO = NO;
				SDKROOT = macosx;
			};
			name = Release;
		};
		7F7C705A1AB4726E00C6EE36 /* Debug */ = {
			isa = XCBuildConfiguration;
			buildSettings = {
				CLANG_CXX_LIBRARY = "libc++";
				FRAMEWORK_SEARCH_PATHS = (
					"$(inherited)",
					"$(PROJECT_DIR)",
					/Users/tedwong/Sources/QA/src/htslib,
				);
				GCC_PREPROCESSOR_DEFINITIONS = (
					"$(inherited)",
					UNIT_TESTING,
					K_HACK,
				);
				HEADER_SEARCH_PATHS = (
					"$(inherited)",
					/Applications/Xcode.app/Contents/Developer/Toolchains/XcodeDefault.xctoolchain/usr/include,
					/usr/include/boost/,
					/usr/local/Cellar/eigen/3.2.4/include/eigen3,
					/usr/include/catch/include/,
					/Users/tedwong/Sources/SS,
					../../src,
					../src,
					src,
					/Users/tedwong/Sources/QA,
					/Users/tedwong/Sources/QA/src/htslib,
					/usr/local/Cellar/hdf5/1.8.14/include,
				);
				LIBRARY_SEARCH_PATHS = (
					"$(inherited)",
					"$(PROJECT_DIR)",
					/Users/tedwong/Sources/QA/src/kallisto,
				);
				OTHER_CPLUSPLUSFLAGS = (
					"$(OTHER_CFLAGS)",
					"-I/usr/include",
				);
				PRODUCT_NAME = Anaquin;
			};
			name = Debug;
		};
		7F7C705B1AB4726E00C6EE36 /* Release */ = {
			isa = XCBuildConfiguration;
			buildSettings = {
				CLANG_CXX_LIBRARY = "libc++";
				FRAMEWORK_SEARCH_PATHS = (
					"$(inherited)",
					"$(PROJECT_DIR)",
					/Users/tedwong/Sources/QA/src/htslib,
				);
				HEADER_SEARCH_PATHS = (
					"$(inherited)",
					/Applications/Xcode.app/Contents/Developer/Toolchains/XcodeDefault.xctoolchain/usr/include,
					/usr/include/boost/,
					/usr/local/Cellar/eigen/3.2.4/include/eigen3,
					/usr/include/catch/include/,
					/Users/tedwong/Sources/SS,
					../../src,
					../src,
					src,
					/Users/tedwong/Sources/QA,
					/Users/tedwong/Sources/QA/src/htslib,
					/usr/local/Cellar/hdf5/1.8.14/include,
				);
				LIBRARY_SEARCH_PATHS = (
					"$(inherited)",
					"$(PROJECT_DIR)",
					/Users/tedwong/Sources/QA/src/kallisto,
				);
				OTHER_CPLUSPLUSFLAGS = (
					"$(OTHER_CFLAGS)",
					"-I/usr/include",
				);
				PRODUCT_NAME = Anaquin;
			};
			name = Release;
		};
/* End XCBuildConfiguration section */

/* Begin XCConfigurationList section */
		7F7C704D1AB4726E00C6EE36 /* Build configuration list for PBXProject "Anaquin" */ = {
			isa = XCConfigurationList;
			buildConfigurations = (
				7F7C70571AB4726E00C6EE36 /* Debug */,
				7F7C70581AB4726E00C6EE36 /* Release */,
			);
			defaultConfigurationIsVisible = 0;
			defaultConfigurationName = Release;
		};
		7F7C70591AB4726E00C6EE36 /* Build configuration list for PBXNativeTarget "Anaquin" */ = {
			isa = XCConfigurationList;
			buildConfigurations = (
				7F7C705A1AB4726E00C6EE36 /* Debug */,
				7F7C705B1AB4726E00C6EE36 /* Release */,
			);
			defaultConfigurationIsVisible = 0;
			defaultConfigurationName = Release;
		};
/* End XCConfigurationList section */
	};
	rootObject = 7F7C704A1AB4726E00C6EE36 /* Project object */;
}
