// !$*UTF8*$!
{
	archiveVersion = 1;
	classes = {
	};
	objectVersion = 46;
	objects = {

/* Begin PBXBuildFile section */
		7F5CFB951AB7D72200B0E53F /* t_parser_bed.cpp in Sources */ = {isa = PBXBuildFile; fileRef = 7F5CFB941AB7D72200B0E53F /* t_parser_bed.cpp */; };
		7F6E0C8B1AB6554500C9E3E0 /* gtest.framework in Frameworks */ = {isa = PBXBuildFile; fileRef = 7F6E0C8A1AB6554500C9E3E0 /* gtest.framework */; };
		7F6E0C8C1AB6584E00C9E3E0 /* t_aligner.cpp in Sources */ = {isa = PBXBuildFile; fileRef = 7F6E0C841AB653AC00C9E3E0 /* t_aligner.cpp */; };
		7F6E0C8D1AB6585500C9E3E0 /* t_assembly.cpp in Sources */ = {isa = PBXBuildFile; fileRef = 7F6E0C851AB653AC00C9E3E0 /* t_assembly.cpp */; };
		7F6E0C8F1AB6586A00C9E3E0 /* t_standard_factory.cpp in Sources */ = {isa = PBXBuildFile; fileRef = 7F6E0C891AB653AC00C9E3E0 /* t_standard_factory.cpp */; };
		7F8226701AB7A5B400BDCFC7 /* t_parser_gtf.cpp in Sources */ = {isa = PBXBuildFile; fileRef = 7F82266F1AB7A5B400BDCFC7 /* t_parser_gtf.cpp */; };
		EF2290561AC0E58000CE76BF /* aligner.cpp in Sources */ = {isa = PBXBuildFile; fileRef = EF2290321AC0E58000CE76BF /* aligner.cpp */; };
		EF2290571AC0E58000CE76BF /* main.cpp in Sources */ = {isa = PBXBuildFile; fileRef = EF2290351AC0E58000CE76BF /* main.cpp */; };
		EF2290581AC0E58000CE76BF /* assembly.cpp in Sources */ = {isa = PBXBuildFile; fileRef = EF2290361AC0E58000CE76BF /* assembly.cpp */; };
		EF22905A1AC0E58000CE76BF /* expression.cpp in Sources */ = {isa = PBXBuildFile; fileRef = EF22903C1AC0E58000CE76BF /* expression.cpp */; };
		EF22905B1AC0E58000CE76BF /* parser_bed.cpp in Sources */ = {isa = PBXBuildFile; fileRef = EF2290401AC0E58000CE76BF /* parser_bed.cpp */; };
		EF22905C1AC0E58000CE76BF /* parser_csv.cpp in Sources */ = {isa = PBXBuildFile; fileRef = EF2290421AC0E58000CE76BF /* parser_csv.cpp */; };
		EF22905E1AC0E58000CE76BF /* parser_fa.cpp in Sources */ = {isa = PBXBuildFile; fileRef = EF2290461AC0E58000CE76BF /* parser_fa.cpp */; };
		EF22905F1AC0E58000CE76BF /* parser_gtf.cpp in Sources */ = {isa = PBXBuildFile; fileRef = EF2290481AC0E58000CE76BF /* parser_gtf.cpp */; };
		EF2290601AC0E58000CE76BF /* parser_sam.cpp in Sources */ = {isa = PBXBuildFile; fileRef = EF22904A1AC0E58000CE76BF /* parser_sam.cpp */; };
		EF2290621AC0E58000CE76BF /* standard.cpp in Sources */ = {isa = PBXBuildFile; fileRef = EF2290501AC0E58000CE76BF /* standard.cpp */; };
		EF2290631AC0E58000CE76BF /* standard_factory.cpp in Sources */ = {isa = PBXBuildFile; fileRef = EF2290521AC0E58000CE76BF /* standard_factory.cpp */; };
		EF2290671AC0EE0500CE76BF /* Anaquin in CopyFiles */ = {isa = PBXBuildFile; fileRef = 7F7C70521AB4726E00C6EE36 /* Anaquin */; };
		EF5D84C41AC39701009DFB9C /* variation.cpp in Sources */ = {isa = PBXBuildFile; fileRef = EF5D84C21AC39701009DFB9C /* variation.cpp */; };
		EF5D84C61AC3D685009DFB9C /* t_variation.cpp in Sources */ = {isa = PBXBuildFile; fileRef = EF5D84C51AC3D685009DFB9C /* t_variation.cpp */; };
		EF5D84C91AC3D85C009DFB9C /* parser_ctracking.cpp in Sources */ = {isa = PBXBuildFile; fileRef = EF5D84C71AC3D85C009DFB9C /* parser_ctracking.cpp */; };
		EFB2BFD71AC27E1E0017AA05 /* parser_vcf.cpp in Sources */ = {isa = PBXBuildFile; fileRef = EFB2BFD51AC27E1E0017AA05 /* parser_vcf.cpp */; };
		EFB2BFD91AC2CB760017AA05 /* t_parser_vcf.cpp in Sources */ = {isa = PBXBuildFile; fileRef = EFB2BFD81AC2CB760017AA05 /* t_parser_vcf.cpp */; };
		EFFC9F0E1AB9255100928CB5 /* t_expression.cpp in Sources */ = {isa = PBXBuildFile; fileRef = EFFC9F0D1AB9255100928CB5 /* t_expression.cpp */; };
		EFFC9F131AB9346400928CB5 /* t_parser_ctracking.cpp in Sources */ = {isa = PBXBuildFile; fileRef = EFFC9F121AB9346400928CB5 /* t_parser_ctracking.cpp */; };
/* End PBXBuildFile section */

/* Begin PBXCopyFilesBuildPhase section */
		7F7C70501AB4726E00C6EE36 /* CopyFiles */ = {
			isa = PBXCopyFilesBuildPhase;
			buildActionMask = 12;
			dstPath = /Users/tedwong/Sources/QA/builds;
			dstSubfolderSpec = 0;
			files = (
				EF2290671AC0EE0500CE76BF /* Anaquin in CopyFiles */,
			);
			runOnlyForDeploymentPostprocessing = 0;
		};
/* End PBXCopyFilesBuildPhase section */

/* Begin PBXFileReference section */
		7F5CFB941AB7D72200B0E53F /* t_parser_bed.cpp */ = {isa = PBXFileReference; fileEncoding = 4; lastKnownFileType = sourcecode.cpp.cpp; path = t_parser_bed.cpp; sourceTree = "<group>"; };
		7F6E0C841AB653AC00C9E3E0 /* t_aligner.cpp */ = {isa = PBXFileReference; lastKnownFileType = sourcecode.cpp.cpp; path = t_aligner.cpp; sourceTree = "<group>"; };
		7F6E0C851AB653AC00C9E3E0 /* t_assembly.cpp */ = {isa = PBXFileReference; lastKnownFileType = sourcecode.cpp.cpp; path = t_assembly.cpp; sourceTree = "<group>"; };
		7F6E0C891AB653AC00C9E3E0 /* t_standard_factory.cpp */ = {isa = PBXFileReference; lastKnownFileType = sourcecode.cpp.cpp; path = t_standard_factory.cpp; sourceTree = "<group>"; };
		7F6E0C8A1AB6554500C9E3E0 /* gtest.framework */ = {isa = PBXFileReference; lastKnownFileType = wrapper.framework; path = gtest.framework; sourceTree = "<group>"; };
		7F7C70521AB4726E00C6EE36 /* Anaquin */ = {isa = PBXFileReference; explicitFileType = "compiled.mach-o.executable"; includeInIndex = 0; path = Anaquin; sourceTree = BUILT_PRODUCTS_DIR; };
		7F82266F1AB7A5B400BDCFC7 /* t_parser_gtf.cpp */ = {isa = PBXFileReference; fileEncoding = 4; lastKnownFileType = sourcecode.cpp.cpp; path = t_parser_gtf.cpp; sourceTree = "<group>"; };
		EF2290321AC0E58000CE76BF /* aligner.cpp */ = {isa = PBXFileReference; fileEncoding = 4; lastKnownFileType = sourcecode.cpp.cpp; name = aligner.cpp; path = ../src/aligner.cpp; sourceTree = "<group>"; };
		EF2290331AC0E58000CE76BF /* aligner.hpp */ = {isa = PBXFileReference; fileEncoding = 4; lastKnownFileType = sourcecode.cpp.h; name = aligner.hpp; path = ../src/aligner.hpp; sourceTree = "<group>"; };
		EF2290341AC0E58000CE76BF /* alignment.hpp */ = {isa = PBXFileReference; fileEncoding = 4; lastKnownFileType = sourcecode.cpp.h; name = alignment.hpp; path = ../src/alignment.hpp; sourceTree = "<group>"; };
		EF2290351AC0E58000CE76BF /* main.cpp */ = {isa = PBXFileReference; fileEncoding = 4; lastKnownFileType = sourcecode.cpp.cpp; name = main.cpp; path = ../src/main.cpp; sourceTree = "<group>"; };
		EF2290361AC0E58000CE76BF /* assembly.cpp */ = {isa = PBXFileReference; fileEncoding = 4; lastKnownFileType = sourcecode.cpp.cpp; name = assembly.cpp; path = ../src/assembly.cpp; sourceTree = "<group>"; };
		EF2290371AC0E58000CE76BF /* assembly.hpp */ = {isa = PBXFileReference; fileEncoding = 4; lastKnownFileType = sourcecode.cpp.h; name = assembly.hpp; path = ../src/assembly.hpp; sourceTree = "<group>"; };
		EF2290381AC0E58000CE76BF /* biology.hpp */ = {isa = PBXFileReference; fileEncoding = 4; lastKnownFileType = sourcecode.cpp.h; name = biology.hpp; path = ../src/biology.hpp; sourceTree = "<group>"; };
		EF22903B1AC0E58000CE76BF /* confusion_matrix.hpp */ = {isa = PBXFileReference; fileEncoding = 4; lastKnownFileType = sourcecode.cpp.h; name = confusion_matrix.hpp; path = ../src/confusion_matrix.hpp; sourceTree = "<group>"; };
		EF22903C1AC0E58000CE76BF /* expression.cpp */ = {isa = PBXFileReference; fileEncoding = 4; lastKnownFileType = sourcecode.cpp.cpp; name = expression.cpp; path = ../src/expression.cpp; sourceTree = "<group>"; };
		EF22903D1AC0E58000CE76BF /* expression.hpp */ = {isa = PBXFileReference; fileEncoding = 4; lastKnownFileType = sourcecode.cpp.h; name = expression.hpp; path = ../src/expression.hpp; sourceTree = "<group>"; };
		EF22903E1AC0E58000CE76BF /* feature.hpp */ = {isa = PBXFileReference; fileEncoding = 4; lastKnownFileType = sourcecode.cpp.h; name = feature.hpp; path = ../src/feature.hpp; sourceTree = "<group>"; };
		EF22903F1AC0E58000CE76BF /* locus.hpp */ = {isa = PBXFileReference; fileEncoding = 4; lastKnownFileType = sourcecode.cpp.h; name = locus.hpp; path = ../src/locus.hpp; sourceTree = "<group>"; };
		EF2290401AC0E58000CE76BF /* parser_bed.cpp */ = {isa = PBXFileReference; fileEncoding = 4; lastKnownFileType = sourcecode.cpp.cpp; name = parser_bed.cpp; path = ../src/parser_bed.cpp; sourceTree = "<group>"; };
		EF2290411AC0E58000CE76BF /* parser_bed.hpp */ = {isa = PBXFileReference; fileEncoding = 4; lastKnownFileType = sourcecode.cpp.h; name = parser_bed.hpp; path = ../src/parser_bed.hpp; sourceTree = "<group>"; };
		EF2290421AC0E58000CE76BF /* parser_csv.cpp */ = {isa = PBXFileReference; fileEncoding = 4; lastKnownFileType = sourcecode.cpp.cpp; name = parser_csv.cpp; path = ../src/parser_csv.cpp; sourceTree = "<group>"; };
		EF2290431AC0E58000CE76BF /* parser_csv.hpp */ = {isa = PBXFileReference; fileEncoding = 4; lastKnownFileType = sourcecode.cpp.h; name = parser_csv.hpp; path = ../src/parser_csv.hpp; sourceTree = "<group>"; };
		EF2290461AC0E58000CE76BF /* parser_fa.cpp */ = {isa = PBXFileReference; fileEncoding = 4; lastKnownFileType = sourcecode.cpp.cpp; name = parser_fa.cpp; path = ../src/parser_fa.cpp; sourceTree = "<group>"; };
		EF2290471AC0E58000CE76BF /* parser_fa.hpp */ = {isa = PBXFileReference; fileEncoding = 4; lastKnownFileType = sourcecode.cpp.h; name = parser_fa.hpp; path = ../src/parser_fa.hpp; sourceTree = "<group>"; };
		EF2290481AC0E58000CE76BF /* parser_gtf.cpp */ = {isa = PBXFileReference; fileEncoding = 4; lastKnownFileType = sourcecode.cpp.cpp; name = parser_gtf.cpp; path = ../src/parser_gtf.cpp; sourceTree = "<group>"; };
		EF2290491AC0E58000CE76BF /* parser_gtf.hpp */ = {isa = PBXFileReference; fileEncoding = 4; lastKnownFileType = sourcecode.cpp.h; name = parser_gtf.hpp; path = ../src/parser_gtf.hpp; sourceTree = "<group>"; };
		EF22904A1AC0E58000CE76BF /* parser_sam.cpp */ = {isa = PBXFileReference; fileEncoding = 4; lastKnownFileType = sourcecode.cpp.cpp; name = parser_sam.cpp; path = ../src/parser_sam.cpp; sourceTree = "<group>"; };
		EF22904B1AC0E58000CE76BF /* parser_sam.hpp */ = {isa = PBXFileReference; fileEncoding = 4; lastKnownFileType = sourcecode.cpp.h; name = parser_sam.hpp; path = ../src/parser_sam.hpp; sourceTree = "<group>"; };
		EF22904F1AC0E58000CE76BF /* sequins.hpp */ = {isa = PBXFileReference; fileEncoding = 4; lastKnownFileType = sourcecode.cpp.h; name = sequins.hpp; path = ../src/sequins.hpp; sourceTree = "<group>"; };
		EF2290501AC0E58000CE76BF /* standard.cpp */ = {isa = PBXFileReference; fileEncoding = 4; lastKnownFileType = sourcecode.cpp.cpp; name = standard.cpp; path = ../src/standard.cpp; sourceTree = "<group>"; };
		EF2290511AC0E58000CE76BF /* standard.hpp */ = {isa = PBXFileReference; fileEncoding = 4; lastKnownFileType = sourcecode.cpp.h; name = standard.hpp; path = ../src/standard.hpp; sourceTree = "<group>"; };
		EF2290521AC0E58000CE76BF /* standard_factory.cpp */ = {isa = PBXFileReference; fileEncoding = 4; lastKnownFileType = sourcecode.cpp.cpp; name = standard_factory.cpp; path = ../src/standard_factory.cpp; sourceTree = "<group>"; };
		EF2290531AC0E58000CE76BF /* standard_factory.hpp */ = {isa = PBXFileReference; fileEncoding = 4; lastKnownFileType = sourcecode.cpp.h; name = standard_factory.hpp; path = ../src/standard_factory.hpp; sourceTree = "<group>"; };
		EF2290541AC0E58000CE76BF /* statistics.hpp */ = {isa = PBXFileReference; fileEncoding = 4; lastKnownFileType = sourcecode.cpp.h; name = statistics.hpp; path = ../src/statistics.hpp; sourceTree = "<group>"; };
		EF2290551AC0E58000CE76BF /* types.hpp */ = {isa = PBXFileReference; fileEncoding = 4; lastKnownFileType = sourcecode.cpp.h; name = types.hpp; path = ../src/types.hpp; sourceTree = "<group>"; };
		EF5D84C21AC39701009DFB9C /* variation.cpp */ = {isa = PBXFileReference; fileEncoding = 4; lastKnownFileType = sourcecode.cpp.cpp; name = variation.cpp; path = ../src/variation.cpp; sourceTree = "<group>"; };
		EF5D84C31AC39701009DFB9C /* variation.hpp */ = {isa = PBXFileReference; fileEncoding = 4; lastKnownFileType = sourcecode.cpp.h; name = variation.hpp; path = ../src/variation.hpp; sourceTree = "<group>"; };
		EF5D84C51AC3D685009DFB9C /* t_variation.cpp */ = {isa = PBXFileReference; fileEncoding = 4; lastKnownFileType = sourcecode.cpp.cpp; name = t_variation.cpp; path = ../tests/t_variation.cpp; sourceTree = "<group>"; };
		EF5D84C71AC3D85C009DFB9C /* parser_ctracking.cpp */ = {isa = PBXFileReference; fileEncoding = 4; lastKnownFileType = sourcecode.cpp.cpp; name = parser_ctracking.cpp; path = ../src/parser_ctracking.cpp; sourceTree = "<group>"; };
		EF5D84C81AC3D85C009DFB9C /* parser_ctracking.hpp */ = {isa = PBXFileReference; fileEncoding = 4; lastKnownFileType = sourcecode.cpp.h; name = parser_ctracking.hpp; path = ../src/parser_ctracking.hpp; sourceTree = "<group>"; };
		EFB2BFD51AC27E1E0017AA05 /* parser_vcf.cpp */ = {isa = PBXFileReference; fileEncoding = 4; lastKnownFileType = sourcecode.cpp.cpp; name = parser_vcf.cpp; path = ../src/parser_vcf.cpp; sourceTree = "<group>"; };
		EFB2BFD61AC27E1E0017AA05 /* parser_vcf.hpp */ = {isa = PBXFileReference; fileEncoding = 4; lastKnownFileType = sourcecode.cpp.h; name = parser_vcf.hpp; path = ../src/parser_vcf.hpp; sourceTree = "<group>"; };
		EFB2BFD81AC2CB760017AA05 /* t_parser_vcf.cpp */ = {isa = PBXFileReference; fileEncoding = 4; lastKnownFileType = sourcecode.cpp.cpp; name = t_parser_vcf.cpp; path = ../tests/t_parser_vcf.cpp; sourceTree = "<group>"; };
		EFFC9F0D1AB9255100928CB5 /* t_expression.cpp */ = {isa = PBXFileReference; fileEncoding = 4; lastKnownFileType = sourcecode.cpp.cpp; path = t_expression.cpp; sourceTree = "<group>"; };
		EFFC9F121AB9346400928CB5 /* t_parser_ctracking.cpp */ = {isa = PBXFileReference; fileEncoding = 4; lastKnownFileType = sourcecode.cpp.cpp; path = t_parser_ctracking.cpp; sourceTree = "<group>"; };
/* End PBXFileReference section */

/* Begin PBXFrameworksBuildPhase section */
		7F7C704F1AB4726E00C6EE36 /* Frameworks */ = {
			isa = PBXFrameworksBuildPhase;
			buildActionMask = 2147483647;
			files = (
				7F6E0C8B1AB6554500C9E3E0 /* gtest.framework in Frameworks */,
			);
			runOnlyForDeploymentPostprocessing = 0;
		};
/* End PBXFrameworksBuildPhase section */

/* Begin PBXGroup section */
		7F6E0C831AB653AC00C9E3E0 /* Tests */ = {
			isa = PBXGroup;
			children = (
				7F6E0C841AB653AC00C9E3E0 /* t_aligner.cpp */,
				7F6E0C851AB653AC00C9E3E0 /* t_assembly.cpp */,
				EFFC9F0D1AB9255100928CB5 /* t_expression.cpp */,
				7F5CFB941AB7D72200B0E53F /* t_parser_bed.cpp */,
				EFFC9F121AB9346400928CB5 /* t_parser_ctracking.cpp */,
				7F82266F1AB7A5B400BDCFC7 /* t_parser_gtf.cpp */,
				EFB2BFD81AC2CB760017AA05 /* t_parser_vcf.cpp */,
				7F6E0C891AB653AC00C9E3E0 /* t_standard_factory.cpp */,
				EF5D84C51AC3D685009DFB9C /* t_variation.cpp */,
			);
			name = Tests;
			path = ../Tests;
			sourceTree = "<group>";
		};
		7F7C70491AB4726E00C6EE36 = {
			isa = PBXGroup;
			children = (
				7FC557061AB473A90085C090 /* Sources */,
				7F6E0C831AB653AC00C9E3E0 /* Tests */,
				EFFC9F061AB8F62C00928CB5 /* Resources */,
				7F7C70531AB4726E00C6EE36 /* Products */,
			);
			sourceTree = "<group>";
		};
		7F7C70531AB4726E00C6EE36 /* Products */ = {
			isa = PBXGroup;
			children = (
				7F7C70521AB4726E00C6EE36 /* Anaquin */,
			);
			name = Products;
			sourceTree = "<group>";
		};
		7FC557061AB473A90085C090 /* Sources */ = {
			isa = PBXGroup;
			children = (
				EF2290321AC0E58000CE76BF /* aligner.cpp */,
				EF2290331AC0E58000CE76BF /* aligner.hpp */,
				EF2290341AC0E58000CE76BF /* alignment.hpp */,
				EF2290361AC0E58000CE76BF /* assembly.cpp */,
				EF2290371AC0E58000CE76BF /* assembly.hpp */,
				EF2290381AC0E58000CE76BF /* biology.hpp */,
				EF22903B1AC0E58000CE76BF /* confusion_matrix.hpp */,
				EF22903C1AC0E58000CE76BF /* expression.cpp */,
				EF22903D1AC0E58000CE76BF /* expression.hpp */,
				EF22903E1AC0E58000CE76BF /* feature.hpp */,
				EF22903F1AC0E58000CE76BF /* locus.hpp */,
				EF2290351AC0E58000CE76BF /* main.cpp */,
				EF2290401AC0E58000CE76BF /* parser_bed.cpp */,
				EF2290411AC0E58000CE76BF /* parser_bed.hpp */,
				EF2290421AC0E58000CE76BF /* parser_csv.cpp */,
				EF2290431AC0E58000CE76BF /* parser_csv.hpp */,
				EF5D84C71AC3D85C009DFB9C /* parser_ctracking.cpp */,
				EF5D84C81AC3D85C009DFB9C /* parser_ctracking.hpp */,
				EF2290461AC0E58000CE76BF /* parser_fa.cpp */,
				EF2290471AC0E58000CE76BF /* parser_fa.hpp */,
				EF2290481AC0E58000CE76BF /* parser_gtf.cpp */,
				EF2290491AC0E58000CE76BF /* parser_gtf.hpp */,
				EF22904A1AC0E58000CE76BF /* parser_sam.cpp */,
				EF22904B1AC0E58000CE76BF /* parser_sam.hpp */,
				EFB2BFD51AC27E1E0017AA05 /* parser_vcf.cpp */,
				EFB2BFD61AC27E1E0017AA05 /* parser_vcf.hpp */,
				EF22904F1AC0E58000CE76BF /* sequins.hpp */,
				EF2290521AC0E58000CE76BF /* standard_factory.cpp */,
				EF2290531AC0E58000CE76BF /* standard_factory.hpp */,
				EF2290501AC0E58000CE76BF /* standard.cpp */,
				EF2290511AC0E58000CE76BF /* standard.hpp */,
				EF2290541AC0E58000CE76BF /* statistics.hpp */,
				EF2290551AC0E58000CE76BF /* types.hpp */,
				EF5D84C21AC39701009DFB9C /* variation.cpp */,
				EF5D84C31AC39701009DFB9C /* variation.hpp */,
			);
			name = Sources;
			sourceTree = "<group>";
		};
		EF2290641AC0E5A500CE76BF /* Framework */ = {
			isa = PBXGroup;
			children = (
				7F6E0C8A1AB6554500C9E3E0 /* gtest.framework */,
			);
			name = Framework;
			sourceTree = "<group>";
		};
		EFFC9F061AB8F62C00928CB5 /* Resources */ = {
			isa = PBXGroup;
			children = (
				EF2290641AC0E5A500CE76BF /* Framework */,
			);
			name = Resources;
			sourceTree = "<group>";
		};
/* End PBXGroup section */

/* Begin PBXNativeTarget section */
		7F7C70511AB4726E00C6EE36 /* Anaquin */ = {
			isa = PBXNativeTarget;
			buildConfigurationList = 7F7C70591AB4726E00C6EE36 /* Build configuration list for PBXNativeTarget "Anaquin" */;
			buildPhases = (
				7F7C704E1AB4726E00C6EE36 /* Sources */,
				7F7C704F1AB4726E00C6EE36 /* Frameworks */,
				7F7C70501AB4726E00C6EE36 /* CopyFiles */,
			);
			buildRules = (
			);
			dependencies = (
			);
			name = Anaquin;
			productName = Anaquin;
			productReference = 7F7C70521AB4726E00C6EE36 /* Anaquin */;
			productType = "com.apple.product-type.tool";
		};
/* End PBXNativeTarget section */

/* Begin PBXProject section */
		7F7C704A1AB4726E00C6EE36 /* Project object */ = {
			isa = PBXProject;
			attributes = {
				LastUpgradeCheck = 0610;
				ORGANIZATIONNAME = "Garvan Institute";
				TargetAttributes = {
					7F7C70511AB4726E00C6EE36 = {
						CreatedOnToolsVersion = 6.1.1;
					};
				};
			};
			buildConfigurationList = 7F7C704D1AB4726E00C6EE36 /* Build configuration list for PBXProject "Anaquin" */;
			compatibilityVersion = "Xcode 3.2";
			developmentRegion = English;
			hasScannedForEncodings = 0;
			knownRegions = (
				en,
			);
			mainGroup = 7F7C70491AB4726E00C6EE36;
			productRefGroup = 7F7C70531AB4726E00C6EE36 /* Products */;
			projectDirPath = "";
			projectRoot = "";
			targets = (
				7F7C70511AB4726E00C6EE36 /* Anaquin */,
			);
		};
/* End PBXProject section */

/* Begin PBXSourcesBuildPhase section */
		7F7C704E1AB4726E00C6EE36 /* Sources */ = {
			isa = PBXSourcesBuildPhase;
			buildActionMask = 2147483647;
			files = (
				7F6E0C8F1AB6586A00C9E3E0 /* t_standard_factory.cpp in Sources */,
				EF22905E1AC0E58000CE76BF /* parser_fa.cpp in Sources */,
				EF2290621AC0E58000CE76BF /* standard.cpp in Sources */,
				EFB2BFD91AC2CB760017AA05 /* t_parser_vcf.cpp in Sources */,
				EF5D84C41AC39701009DFB9C /* variation.cpp in Sources */,
				EF22905C1AC0E58000CE76BF /* parser_csv.cpp in Sources */,
				EF2290561AC0E58000CE76BF /* aligner.cpp in Sources */,
				EF22905B1AC0E58000CE76BF /* parser_bed.cpp in Sources */,
				7F6E0C8D1AB6585500C9E3E0 /* t_assembly.cpp in Sources */,
				7F6E0C8C1AB6584E00C9E3E0 /* t_aligner.cpp in Sources */,
				EF2290581AC0E58000CE76BF /* assembly.cpp in Sources */,
				EF2290571AC0E58000CE76BF /* main.cpp in Sources */,
				EF2290601AC0E58000CE76BF /* parser_sam.cpp in Sources */,
				7F8226701AB7A5B400BDCFC7 /* t_parser_gtf.cpp in Sources */,
				EFFC9F0E1AB9255100928CB5 /* t_expression.cpp in Sources */,
				EF5D84C61AC3D685009DFB9C /* t_variation.cpp in Sources */,
				EFB2BFD71AC27E1E0017AA05 /* parser_vcf.cpp in Sources */,
				EF2290631AC0E58000CE76BF /* standard_factory.cpp in Sources */,
				7F5CFB951AB7D72200B0E53F /* t_parser_bed.cpp in Sources */,
				EF22905F1AC0E58000CE76BF /* parser_gtf.cpp in Sources */,
				EF22905A1AC0E58000CE76BF /* expression.cpp in Sources */,
				EFFC9F131AB9346400928CB5 /* t_parser_ctracking.cpp in Sources */,
				EF5D84C91AC3D85C009DFB9C /* parser_ctracking.cpp in Sources */,
			);
			runOnlyForDeploymentPostprocessing = 0;
		};
/* End PBXSourcesBuildPhase section */

/* Begin XCBuildConfiguration section */
		7F7C70571AB4726E00C6EE36 /* Debug */ = {
			isa = XCBuildConfiguration;
			buildSettings = {
				ALWAYS_SEARCH_USER_PATHS = NO;
				CLANG_CXX_LANGUAGE_STANDARD = "gnu++0x";
				CLANG_CXX_LIBRARY = "libc++";
				CLANG_ENABLE_MODULES = YES;
				CLANG_ENABLE_OBJC_ARC = YES;
				CLANG_WARN_BOOL_CONVERSION = YES;
				CLANG_WARN_CONSTANT_CONVERSION = YES;
				CLANG_WARN_DIRECT_OBJC_ISA_USAGE = YES_ERROR;
				CLANG_WARN_EMPTY_BODY = YES;
				CLANG_WARN_ENUM_CONVERSION = YES;
				CLANG_WARN_INT_CONVERSION = YES;
				CLANG_WARN_OBJC_ROOT_CLASS = YES_ERROR;
				CLANG_WARN_UNREACHABLE_CODE = YES;
				CLANG_WARN__DUPLICATE_METHOD_MATCH = YES;
				COPY_PHASE_STRIP = NO;
				ENABLE_STRICT_OBJC_MSGSEND = YES;
				GCC_C_LANGUAGE_STANDARD = gnu99;
				GCC_DYNAMIC_NO_PIC = NO;
				GCC_OPTIMIZATION_LEVEL = 0;
				GCC_PREPROCESSOR_DEFINITIONS = (
					"DEBUG=1",
					"$(inherited)",
				);
				GCC_SYMBOLS_PRIVATE_EXTERN = NO;
				GCC_WARN_64_TO_32_BIT_CONVERSION = YES;
				GCC_WARN_ABOUT_RETURN_TYPE = YES_ERROR;
				GCC_WARN_UNDECLARED_SELECTOR = YES;
				GCC_WARN_UNINITIALIZED_AUTOS = YES_AGGRESSIVE;
				GCC_WARN_UNUSED_FUNCTION = YES;
				GCC_WARN_UNUSED_VARIABLE = YES;
				MACOSX_DEPLOYMENT_TARGET = 10.10;
				MTL_ENABLE_DEBUG_INFO = YES;
				ONLY_ACTIVE_ARCH = YES;
				SDKROOT = macosx;
			};
			name = Debug;
		};
		7F7C70581AB4726E00C6EE36 /* Release */ = {
			isa = XCBuildConfiguration;
			buildSettings = {
				ALWAYS_SEARCH_USER_PATHS = NO;
				CLANG_CXX_LANGUAGE_STANDARD = "gnu++0x";
				CLANG_CXX_LIBRARY = "libc++";
				CLANG_ENABLE_MODULES = YES;
				CLANG_ENABLE_OBJC_ARC = YES;
				CLANG_WARN_BOOL_CONVERSION = YES;
				CLANG_WARN_CONSTANT_CONVERSION = YES;
				CLANG_WARN_DIRECT_OBJC_ISA_USAGE = YES_ERROR;
				CLANG_WARN_EMPTY_BODY = YES;
				CLANG_WARN_ENUM_CONVERSION = YES;
				CLANG_WARN_INT_CONVERSION = YES;
				CLANG_WARN_OBJC_ROOT_CLASS = YES_ERROR;
				CLANG_WARN_UNREACHABLE_CODE = YES;
				CLANG_WARN__DUPLICATE_METHOD_MATCH = YES;
				COPY_PHASE_STRIP = YES;
				DEBUG_INFORMATION_FORMAT = "dwarf-with-dsym";
				ENABLE_NS_ASSERTIONS = NO;
				ENABLE_STRICT_OBJC_MSGSEND = YES;
				GCC_C_LANGUAGE_STANDARD = gnu99;
				GCC_WARN_64_TO_32_BIT_CONVERSION = YES;
				GCC_WARN_ABOUT_RETURN_TYPE = YES_ERROR;
				GCC_WARN_UNDECLARED_SELECTOR = YES;
				GCC_WARN_UNINITIALIZED_AUTOS = YES_AGGRESSIVE;
				GCC_WARN_UNUSED_FUNCTION = YES;
				GCC_WARN_UNUSED_VARIABLE = YES;
				MACOSX_DEPLOYMENT_TARGET = 10.10;
				MTL_ENABLE_DEBUG_INFO = NO;
				SDKROOT = macosx;
			};
			name = Release;
		};
		7F7C705A1AB4726E00C6EE36 /* Debug */ = {
			isa = XCBuildConfiguration;
			buildSettings = {
				CLANG_CXX_LIBRARY = "libc++";
				FRAMEWORK_SEARCH_PATHS = (
					"$(inherited)",
					"$(USER_LIBRARY_DIR)/Developer/Xcode/DerivedData/gtest-cbzpefqbkfowxoeublrrueggjjvh/Build/Products/Debug",
					"$(PROJECT_DIR)",
					"/Users/user1/Library/Developer/Xcode/DerivedData/gtest-cbzpefqbkfowxoeublrrueggjjvh/Build/Products/Debug",
					"/Users/user1/Library/Developer/Xcode/DerivedData/Anaquin-guakbmsmdzxsaiajegaxnvtohszp/Build/Products/Debug/Anaquin",
				);
				GCC_PREPROCESSOR_DEFINITIONS = (
					"DEBUG=1",
					"$(inherited)",
				);
				HEADER_SEARCH_PATHS = (
					"$(inherited)",
					/Applications/Xcode.app/Contents/Developer/Toolchains/XcodeDefault.xctoolchain/usr/include,
					/usr/local/Cellar/boost155/1.55.0/include,
					/Users/tedwong/Sources/QQ/Headers,
					/usr/local/Cellar/eigen/3.2.4/include/eigen3,
					"/Users/tedwong/Sources/QA/libs/tclap-1.2.1/include",
				);
				LIBRARY_SEARCH_PATHS = (
					"$(inherited)",
					"$(USER_LIBRARY_DIR)/Developer/Xcode/DerivedData/gtest-cbzpefqbkfowxoeublrrueggjjvh/Build/Products/Debug",
					"$(PROJECT_DIR)",
				);
				PRODUCT_NAME = "$(TARGET_NAME)";
			};
			name = Debug;
		};
		7F7C705B1AB4726E00C6EE36 /* Release */ = {
			isa = XCBuildConfiguration;
			buildSettings = {
				CLANG_CXX_LIBRARY = "libc++";
				FRAMEWORK_SEARCH_PATHS = (
					"$(inherited)",
					"$(USER_LIBRARY_DIR)/Developer/Xcode/DerivedData/gtest-cbzpefqbkfowxoeublrrueggjjvh/Build/Products/Debug",
					"$(PROJECT_DIR)",
					"/Users/user1/Library/Developer/Xcode/DerivedData/gtest-cbzpefqbkfowxoeublrrueggjjvh/Build/Products/Debug",
					"/Users/user1/Library/Developer/Xcode/DerivedData/Anaquin-guakbmsmdzxsaiajegaxnvtohszp/Build/Products/Debug/Anaquin",
				);
				HEADER_SEARCH_PATHS = (
					"$(inherited)",
					/Applications/Xcode.app/Contents/Developer/Toolchains/XcodeDefault.xctoolchain/usr/include,
					/usr/local/Cellar/boost155/1.55.0/include,
					/Users/tedwong/Sources/QQ/Headers,
					/usr/local/Cellar/eigen/3.2.4/include/eigen3,
					"/Users/tedwong/Sources/QA/libs/tclap-1.2.1/include",
				);
				LIBRARY_SEARCH_PATHS = (
					"$(inherited)",
					"$(USER_LIBRARY_DIR)/Developer/Xcode/DerivedData/gtest-cbzpefqbkfowxoeublrrueggjjvh/Build/Products/Debug",
					"$(PROJECT_DIR)",
				);
				PRODUCT_NAME = "$(TARGET_NAME)";
			};
			name = Release;
		};
/* End XCBuildConfiguration section */

/* Begin XCConfigurationList section */
		7F7C704D1AB4726E00C6EE36 /* Build configuration list for PBXProject "Anaquin" */ = {
			isa = XCConfigurationList;
			buildConfigurations = (
				7F7C70571AB4726E00C6EE36 /* Debug */,
				7F7C70581AB4726E00C6EE36 /* Release */,
			);
			defaultConfigurationIsVisible = 0;
			defaultConfigurationName = Release;
		};
		7F7C70591AB4726E00C6EE36 /* Build configuration list for PBXNativeTarget "Anaquin" */ = {
			isa = XCConfigurationList;
			buildConfigurations = (
				7F7C705A1AB4726E00C6EE36 /* Debug */,
				7F7C705B1AB4726E00C6EE36 /* Release */,
			);
			defaultConfigurationIsVisible = 0;
			defaultConfigurationName = Release;
		};
/* End XCConfigurationList section */
	};
	rootObject = 7F7C704A1AB4726E00C6EE36 /* Project object */;
}
