// !$*UTF8*$!
{
	archiveVersion = 1;
	classes = {
	};
	objectVersion = 46;
	objects = {

/* Begin PBXBuildFile section */
		7F5CFB951AB7D72200B0E53F /* ParserBEDTest.cpp in Sources */ = {isa = PBXBuildFile; fileRef = 7F5CFB941AB7D72200B0E53F /* ParserBEDTest.cpp */; };
		7F6E0C7E1AB6526300C9E3E0 /* StandardFactory.cpp in Sources */ = {isa = PBXBuildFile; fileRef = 7F6E0C7C1AB6526300C9E3E0 /* StandardFactory.cpp */; };
		7F6E0C8B1AB6554500C9E3E0 /* gtest.framework in Frameworks */ = {isa = PBXBuildFile; fileRef = 7F6E0C8A1AB6554500C9E3E0 /* gtest.framework */; };
		7F6E0C8C1AB6584E00C9E3E0 /* AlignerStatsTest.cpp in Sources */ = {isa = PBXBuildFile; fileRef = 7F6E0C841AB653AC00C9E3E0 /* AlignerStatsTest.cpp */; };
		7F6E0C8D1AB6585500C9E3E0 /* AssemblyCompareTest.cpp in Sources */ = {isa = PBXBuildFile; fileRef = 7F6E0C851AB653AC00C9E3E0 /* AssemblyCompareTest.cpp */; };
		7F6E0C8F1AB6586A00C9E3E0 /* StandardFactoryTest.cpp in Sources */ = {isa = PBXBuildFile; fileRef = 7F6E0C891AB653AC00C9E3E0 /* StandardFactoryTest.cpp */; };
		7F6E0C911AB6590100C9E3E0 /* libgtest.a in Frameworks */ = {isa = PBXBuildFile; fileRef = 7F6E0C901AB6590100C9E3E0 /* libgtest.a */; };
		7F82266E1AB7A1C100BDCFC7 /* ParserBED.cpp in Sources */ = {isa = PBXBuildFile; fileRef = 7F82266C1AB7A1C100BDCFC7 /* ParserBED.cpp */; };
		7F8226701AB7A5B400BDCFC7 /* ParserGTFTest.cpp in Sources */ = {isa = PBXBuildFile; fileRef = 7F82266F1AB7A5B400BDCFC7 /* ParserGTFTest.cpp */; };
		7FC5571A1AB473C00085C090 /* AlignerAnalyst.cpp in Sources */ = {isa = PBXBuildFile; fileRef = 7FC557071AB473C00085C090 /* AlignerAnalyst.cpp */; };
		7FC5571B1AB473C00085C090 /* Anaquin.cpp in Sources */ = {isa = PBXBuildFile; fileRef = 7FC557081AB473C00085C090 /* Anaquin.cpp */; };
		7FC5571C1AB473C00085C090 /* AssemblyAnalyst.cpp in Sources */ = {isa = PBXBuildFile; fileRef = 7FC557091AB473C00085C090 /* AssemblyAnalyst.cpp */; };
		7FC5571D1AB473C00085C090 /* ExpressionAnalyst.cpp in Sources */ = {isa = PBXBuildFile; fileRef = 7FC5570A1AB473C00085C090 /* ExpressionAnalyst.cpp */; };
		7FC5571E1AB473C00085C090 /* ParserFA.cpp in Sources */ = {isa = PBXBuildFile; fileRef = 7FC5570B1AB473C00085C090 /* ParserFA.cpp */; };
		7FC5571F1AB473C00085C090 /* ParserGTF.cpp in Sources */ = {isa = PBXBuildFile; fileRef = 7FC5570C1AB473C00085C090 /* ParserGTF.cpp */; };
		7FC557201AB473C00085C090 /* ParserSAM.cpp in Sources */ = {isa = PBXBuildFile; fileRef = 7FC5570D1AB473C00085C090 /* ParserSAM.cpp */; };
/* End PBXBuildFile section */

/* Begin PBXCopyFilesBuildPhase section */
		7F7C70501AB4726E00C6EE36 /* CopyFiles */ = {
			isa = PBXCopyFilesBuildPhase;
			buildActionMask = 2147483647;
			dstPath = /usr/share/man/man1/;
			dstSubfolderSpec = 0;
			files = (
			);
			runOnlyForDeploymentPostprocessing = 1;
		};
/* End PBXCopyFilesBuildPhase section */

/* Begin PBXFileReference section */
		7F2B8E301AB6B9FC0069D607 /* Standard.hpp */ = {isa = PBXFileReference; lastKnownFileType = sourcecode.cpp.h; name = Standard.hpp; path = ../Standard.hpp; sourceTree = "<group>"; };
		7F2B8E311AB6BA570069D607 /* Sequins.hpp */ = {isa = PBXFileReference; fileEncoding = 4; lastKnownFileType = sourcecode.cpp.h; name = Sequins.hpp; path = ../Sequins.hpp; sourceTree = "<group>"; };
		7F2B8E321AB79EBC0069D607 /* ConfusionMatrix.hpp */ = {isa = PBXFileReference; fileEncoding = 4; lastKnownFileType = sourcecode.cpp.h; name = ConfusionMatrix.hpp; path = ../ConfusionMatrix.hpp; sourceTree = "<group>"; };
		7F5CFB941AB7D72200B0E53F /* ParserBEDTest.cpp */ = {isa = PBXFileReference; fileEncoding = 4; lastKnownFileType = sourcecode.cpp.cpp; path = ParserBEDTest.cpp; sourceTree = "<group>"; };
		7F5CFB981AB7DB6000B0E53F /* Locus.hpp */ = {isa = PBXFileReference; fileEncoding = 4; lastKnownFileType = sourcecode.cpp.h; name = Locus.hpp; path = ../Locus.hpp; sourceTree = "<group>"; };
		7F5CFB9A1AB8135E00B0E53F /* Biology.hpp */ = {isa = PBXFileReference; fileEncoding = 4; lastKnownFileType = sourcecode.cpp.h; name = Biology.hpp; path = ../Biology.hpp; sourceTree = "<group>"; };
		7F5CFB9B1AB814E700B0E53F /* Statistics.hpp */ = {isa = PBXFileReference; fileEncoding = 4; lastKnownFileType = sourcecode.cpp.h; name = Statistics.hpp; path = ../Statistics.hpp; sourceTree = "<group>"; };
		7F6E0C7C1AB6526300C9E3E0 /* StandardFactory.cpp */ = {isa = PBXFileReference; fileEncoding = 4; lastKnownFileType = sourcecode.cpp.cpp; name = StandardFactory.cpp; path = ../StandardFactory.cpp; sourceTree = "<group>"; };
		7F6E0C7D1AB6526300C9E3E0 /* StandardFactory.hpp */ = {isa = PBXFileReference; fileEncoding = 4; lastKnownFileType = sourcecode.cpp.h; name = StandardFactory.hpp; path = ../StandardFactory.hpp; sourceTree = "<group>"; };
		7F6E0C841AB653AC00C9E3E0 /* AlignerStatsTest.cpp */ = {isa = PBXFileReference; lastKnownFileType = sourcecode.cpp.cpp; path = AlignerStatsTest.cpp; sourceTree = "<group>"; };
		7F6E0C851AB653AC00C9E3E0 /* AssemblyCompareTest.cpp */ = {isa = PBXFileReference; lastKnownFileType = sourcecode.cpp.cpp; path = AssemblyCompareTest.cpp; sourceTree = "<group>"; };
		7F6E0C891AB653AC00C9E3E0 /* StandardFactoryTest.cpp */ = {isa = PBXFileReference; lastKnownFileType = sourcecode.cpp.cpp; path = StandardFactoryTest.cpp; sourceTree = "<group>"; };
		7F6E0C8A1AB6554500C9E3E0 /* gtest.framework */ = {isa = PBXFileReference; lastKnownFileType = wrapper.framework; path = gtest.framework; sourceTree = "<group>"; };
		7F6E0C901AB6590100C9E3E0 /* libgtest.a */ = {isa = PBXFileReference; lastKnownFileType = archive.ar; path = libgtest.a; sourceTree = "<group>"; };
		7F7C70521AB4726E00C6EE36 /* Anaquin */ = {isa = PBXFileReference; explicitFileType = "compiled.mach-o.executable"; includeInIndex = 0; path = Anaquin; sourceTree = BUILT_PRODUCTS_DIR; };
		7F82266C1AB7A1C100BDCFC7 /* ParserBED.cpp */ = {isa = PBXFileReference; fileEncoding = 4; lastKnownFileType = sourcecode.cpp.cpp; name = ParserBED.cpp; path = ../ParserBED.cpp; sourceTree = "<group>"; };
		7F82266D1AB7A1C100BDCFC7 /* ParserBED.hpp */ = {isa = PBXFileReference; fileEncoding = 4; lastKnownFileType = sourcecode.cpp.h; name = ParserBED.hpp; path = ../ParserBED.hpp; sourceTree = "<group>"; };
		7F82266F1AB7A5B400BDCFC7 /* ParserGTFTest.cpp */ = {isa = PBXFileReference; fileEncoding = 4; lastKnownFileType = sourcecode.cpp.cpp; path = ParserGTFTest.cpp; sourceTree = "<group>"; };
		7FC557071AB473C00085C090 /* AlignerAnalyst.cpp */ = {isa = PBXFileReference; fileEncoding = 4; lastKnownFileType = sourcecode.cpp.cpp; name = AlignerAnalyst.cpp; path = ../AlignerAnalyst.cpp; sourceTree = "<group>"; };
		7FC557081AB473C00085C090 /* Anaquin.cpp */ = {isa = PBXFileReference; fileEncoding = 4; lastKnownFileType = sourcecode.cpp.cpp; name = Anaquin.cpp; path = ../Anaquin.cpp; sourceTree = "<group>"; };
		7FC557091AB473C00085C090 /* AssemblyAnalyst.cpp */ = {isa = PBXFileReference; fileEncoding = 4; lastKnownFileType = sourcecode.cpp.cpp; name = AssemblyAnalyst.cpp; path = ../AssemblyAnalyst.cpp; sourceTree = "<group>"; };
		7FC5570A1AB473C00085C090 /* ExpressionAnalyst.cpp */ = {isa = PBXFileReference; fileEncoding = 4; lastKnownFileType = sourcecode.cpp.cpp; name = ExpressionAnalyst.cpp; path = ../ExpressionAnalyst.cpp; sourceTree = "<group>"; };
		7FC5570B1AB473C00085C090 /* ParserFA.cpp */ = {isa = PBXFileReference; fileEncoding = 4; lastKnownFileType = sourcecode.cpp.cpp; name = ParserFA.cpp; path = ../ParserFA.cpp; sourceTree = "<group>"; };
		7FC5570C1AB473C00085C090 /* ParserGTF.cpp */ = {isa = PBXFileReference; fileEncoding = 4; lastKnownFileType = sourcecode.cpp.cpp; name = ParserGTF.cpp; path = ../ParserGTF.cpp; sourceTree = "<group>"; };
		7FC5570D1AB473C00085C090 /* ParserSAM.cpp */ = {isa = PBXFileReference; fileEncoding = 4; lastKnownFileType = sourcecode.cpp.cpp; name = ParserSAM.cpp; path = ../ParserSAM.cpp; sourceTree = "<group>"; };
		7FC5570F1AB473C00085C090 /* AlignerAnalyst.hpp */ = {isa = PBXFileReference; fileEncoding = 4; lastKnownFileType = sourcecode.cpp.h; name = AlignerAnalyst.hpp; path = ../AlignerAnalyst.hpp; sourceTree = "<group>"; };
		7FC557101AB473C00085C090 /* Alignment.hpp */ = {isa = PBXFileReference; fileEncoding = 4; lastKnownFileType = sourcecode.cpp.h; name = Alignment.hpp; path = ../Alignment.hpp; sourceTree = "<group>"; };
		7FC557111AB473C00085C090 /* AssemblyAnalyst.hpp */ = {isa = PBXFileReference; fileEncoding = 4; lastKnownFileType = sourcecode.cpp.h; name = AssemblyAnalyst.hpp; path = ../AssemblyAnalyst.hpp; sourceTree = "<group>"; };
		7FC557121AB473C00085C090 /* ExpressionAnalyst.hpp */ = {isa = PBXFileReference; fileEncoding = 4; lastKnownFileType = sourcecode.cpp.h; name = ExpressionAnalyst.hpp; path = ../ExpressionAnalyst.hpp; sourceTree = "<group>"; };
		7FC557131AB473C00085C090 /* Feature.hpp */ = {isa = PBXFileReference; fileEncoding = 4; lastKnownFileType = sourcecode.cpp.h; name = Feature.hpp; path = ../Feature.hpp; sourceTree = "<group>"; };
		7FC557141AB473C00085C090 /* ParserFA.hpp */ = {isa = PBXFileReference; fileEncoding = 4; lastKnownFileType = sourcecode.cpp.h; name = ParserFA.hpp; path = ../ParserFA.hpp; sourceTree = "<group>"; };
		7FC557151AB473C00085C090 /* ParserGTF.hpp */ = {isa = PBXFileReference; fileEncoding = 4; lastKnownFileType = sourcecode.cpp.h; name = ParserGTF.hpp; path = ../ParserGTF.hpp; sourceTree = "<group>"; };
		7FC557161AB473C00085C090 /* ParserSAM.hpp */ = {isa = PBXFileReference; fileEncoding = 4; lastKnownFileType = sourcecode.cpp.h; name = ParserSAM.hpp; path = ../ParserSAM.hpp; sourceTree = "<group>"; };
		7FC557171AB473C00085C090 /* Sequence.hpp */ = {isa = PBXFileReference; fileEncoding = 4; lastKnownFileType = sourcecode.cpp.h; name = Sequence.hpp; path = ../Sequence.hpp; sourceTree = "<group>"; };
		7FC557191AB473C00085C090 /* Types.hpp */ = {isa = PBXFileReference; fileEncoding = 4; lastKnownFileType = sourcecode.cpp.h; name = Types.hpp; path = ../Types.hpp; sourceTree = "<group>"; };
/* End PBXFileReference section */

/* Begin PBXFrameworksBuildPhase section */
		7F7C704F1AB4726E00C6EE36 /* Frameworks */ = {
			isa = PBXFrameworksBuildPhase;
			buildActionMask = 2147483647;
			files = (
				7F6E0C8B1AB6554500C9E3E0 /* gtest.framework in Frameworks */,
				7F6E0C911AB6590100C9E3E0 /* libgtest.a in Frameworks */,
			);
			runOnlyForDeploymentPostprocessing = 0;
		};
/* End PBXFrameworksBuildPhase section */

/* Begin PBXGroup section */
		7F6E0C831AB653AC00C9E3E0 /* Tests */ = {
			isa = PBXGroup;
			children = (
				7F6E0C841AB653AC00C9E3E0 /* AlignerStatsTest.cpp */,
				7F6E0C851AB653AC00C9E3E0 /* AssemblyCompareTest.cpp */,
				7F5CFB941AB7D72200B0E53F /* ParserBEDTest.cpp */,
				7F82266F1AB7A5B400BDCFC7 /* ParserGTFTest.cpp */,
				7F6E0C891AB653AC00C9E3E0 /* StandardFactoryTest.cpp */,
			);
			name = Tests;
			path = ../Tests;
			sourceTree = "<group>";
		};
		7F7C70491AB4726E00C6EE36 = {
			isa = PBXGroup;
			children = (
				7F6E0C901AB6590100C9E3E0 /* libgtest.a */,
				7F6E0C8A1AB6554500C9E3E0 /* gtest.framework */,
				7FC557061AB473A90085C090 /* Sources */,
				7F7C70531AB4726E00C6EE36 /* Products */,
			);
			sourceTree = "<group>";
		};
		7F7C70531AB4726E00C6EE36 /* Products */ = {
			isa = PBXGroup;
			children = (
				7F7C70521AB4726E00C6EE36 /* Anaquin */,
			);
			name = Products;
			sourceTree = "<group>";
		};
		7FC557061AB473A90085C090 /* Sources */ = {
			isa = PBXGroup;
			children = (
				7F6E0C831AB653AC00C9E3E0 /* Tests */,
				7FC557071AB473C00085C090 /* AlignerAnalyst.cpp */,
				7FC5570F1AB473C00085C090 /* AlignerAnalyst.hpp */,
				7FC557101AB473C00085C090 /* Alignment.hpp */,
				7FC557081AB473C00085C090 /* Anaquin.cpp */,
				7FC557091AB473C00085C090 /* AssemblyAnalyst.cpp */,
				7FC557111AB473C00085C090 /* AssemblyAnalyst.hpp */,
				7F5CFB9A1AB8135E00B0E53F /* Biology.hpp */,
				7F2B8E321AB79EBC0069D607 /* ConfusionMatrix.hpp */,
				7FC5570A1AB473C00085C090 /* ExpressionAnalyst.cpp */,
				7FC557121AB473C00085C090 /* ExpressionAnalyst.hpp */,
				7FC557131AB473C00085C090 /* Feature.hpp */,
				7F5CFB981AB7DB6000B0E53F /* Locus.hpp */,
				7F82266C1AB7A1C100BDCFC7 /* ParserBED.cpp */,
				7F82266D1AB7A1C100BDCFC7 /* ParserBED.hpp */,
				7FC5570B1AB473C00085C090 /* ParserFA.cpp */,
				7FC557141AB473C00085C090 /* ParserFA.hpp */,
				7FC5570C1AB473C00085C090 /* ParserGTF.cpp */,
				7FC557151AB473C00085C090 /* ParserGTF.hpp */,
				7FC5570D1AB473C00085C090 /* ParserSAM.cpp */,
				7FC557161AB473C00085C090 /* ParserSAM.hpp */,
				7FC557171AB473C00085C090 /* Sequence.hpp */,
				7F2B8E311AB6BA570069D607 /* Sequins.hpp */,
				7F2B8E301AB6B9FC0069D607 /* Standard.hpp */,
				7F6E0C7C1AB6526300C9E3E0 /* StandardFactory.cpp */,
				7F6E0C7D1AB6526300C9E3E0 /* StandardFactory.hpp */,
				7F5CFB9B1AB814E700B0E53F /* Statistics.hpp */,
				7FC557191AB473C00085C090 /* Types.hpp */,
			);
			name = Sources;
			sourceTree = "<group>";
		};
/* End PBXGroup section */

/* Begin PBXNativeTarget section */
		7F7C70511AB4726E00C6EE36 /* Anaquin */ = {
			isa = PBXNativeTarget;
			buildConfigurationList = 7F7C70591AB4726E00C6EE36 /* Build configuration list for PBXNativeTarget "Anaquin" */;
			buildPhases = (
				7F7C704E1AB4726E00C6EE36 /* Sources */,
				7F7C704F1AB4726E00C6EE36 /* Frameworks */,
				7F7C70501AB4726E00C6EE36 /* CopyFiles */,
			);
			buildRules = (
			);
			dependencies = (
			);
			name = Anaquin;
			productName = Anaquin;
			productReference = 7F7C70521AB4726E00C6EE36 /* Anaquin */;
			productType = "com.apple.product-type.tool";
		};
/* End PBXNativeTarget section */

/* Begin PBXProject section */
		7F7C704A1AB4726E00C6EE36 /* Project object */ = {
			isa = PBXProject;
			attributes = {
				LastUpgradeCheck = 0610;
				ORGANIZATIONNAME = "Garvan Institute";
				TargetAttributes = {
					7F7C70511AB4726E00C6EE36 = {
						CreatedOnToolsVersion = 6.1.1;
					};
				};
			};
			buildConfigurationList = 7F7C704D1AB4726E00C6EE36 /* Build configuration list for PBXProject "Anaquin" */;
			compatibilityVersion = "Xcode 3.2";
			developmentRegion = English;
			hasScannedForEncodings = 0;
			knownRegions = (
				en,
			);
			mainGroup = 7F7C70491AB4726E00C6EE36;
			productRefGroup = 7F7C70531AB4726E00C6EE36 /* Products */;
			projectDirPath = "";
			projectRoot = "";
			targets = (
				7F7C70511AB4726E00C6EE36 /* Anaquin */,
			);
		};
/* End PBXProject section */

/* Begin PBXSourcesBuildPhase section */
		7F7C704E1AB4726E00C6EE36 /* Sources */ = {
			isa = PBXSourcesBuildPhase;
			buildActionMask = 2147483647;
			files = (
				7F6E0C8F1AB6586A00C9E3E0 /* StandardFactoryTest.cpp in Sources */,
				7F6E0C8D1AB6585500C9E3E0 /* AssemblyCompareTest.cpp in Sources */,
				7F6E0C8C1AB6584E00C9E3E0 /* AlignerStatsTest.cpp in Sources */,
				7FC5571A1AB473C00085C090 /* AlignerAnalyst.cpp in Sources */,
				7F8226701AB7A5B400BDCFC7 /* ParserGTFTest.cpp in Sources */,
				7FC5571B1AB473C00085C090 /* Anaquin.cpp in Sources */,
				7FC5571D1AB473C00085C090 /* ExpressionAnalyst.cpp in Sources */,
				7FC5571E1AB473C00085C090 /* ParserFA.cpp in Sources */,
				7FC5571F1AB473C00085C090 /* ParserGTF.cpp in Sources */,
				7F6E0C7E1AB6526300C9E3E0 /* StandardFactory.cpp in Sources */,
				7FC557201AB473C00085C090 /* ParserSAM.cpp in Sources */,
				7F82266E1AB7A1C100BDCFC7 /* ParserBED.cpp in Sources */,
				7F5CFB951AB7D72200B0E53F /* ParserBEDTest.cpp in Sources */,
				7FC5571C1AB473C00085C090 /* AssemblyAnalyst.cpp in Sources */,
			);
			runOnlyForDeploymentPostprocessing = 0;
		};
/* End PBXSourcesBuildPhase section */

/* Begin XCBuildConfiguration section */
		7F7C70571AB4726E00C6EE36 /* Debug */ = {
			isa = XCBuildConfiguration;
			buildSettings = {
				ALWAYS_SEARCH_USER_PATHS = NO;
				CLANG_CXX_LANGUAGE_STANDARD = "gnu++0x";
				CLANG_CXX_LIBRARY = "libc++";
				CLANG_ENABLE_MODULES = YES;
				CLANG_ENABLE_OBJC_ARC = YES;
				CLANG_WARN_BOOL_CONVERSION = YES;
				CLANG_WARN_CONSTANT_CONVERSION = YES;
				CLANG_WARN_DIRECT_OBJC_ISA_USAGE = YES_ERROR;
				CLANG_WARN_EMPTY_BODY = YES;
				CLANG_WARN_ENUM_CONVERSION = YES;
				CLANG_WARN_INT_CONVERSION = YES;
				CLANG_WARN_OBJC_ROOT_CLASS = YES_ERROR;
				CLANG_WARN_UNREACHABLE_CODE = YES;
				CLANG_WARN__DUPLICATE_METHOD_MATCH = YES;
				COPY_PHASE_STRIP = NO;
				ENABLE_STRICT_OBJC_MSGSEND = YES;
				GCC_C_LANGUAGE_STANDARD = gnu99;
				GCC_DYNAMIC_NO_PIC = NO;
				GCC_OPTIMIZATION_LEVEL = 0;
				GCC_PREPROCESSOR_DEFINITIONS = (
					"DEBUG=1",
					"$(inherited)",
				);
				GCC_SYMBOLS_PRIVATE_EXTERN = NO;
				GCC_WARN_64_TO_32_BIT_CONVERSION = YES;
				GCC_WARN_ABOUT_RETURN_TYPE = YES_ERROR;
				GCC_WARN_UNDECLARED_SELECTOR = YES;
				GCC_WARN_UNINITIALIZED_AUTOS = YES_AGGRESSIVE;
				GCC_WARN_UNUSED_FUNCTION = YES;
				GCC_WARN_UNUSED_VARIABLE = YES;
				MACOSX_DEPLOYMENT_TARGET = 10.10;
				MTL_ENABLE_DEBUG_INFO = YES;
				ONLY_ACTIVE_ARCH = YES;
				SDKROOT = macosx;
			};
			name = Debug;
		};
		7F7C70581AB4726E00C6EE36 /* Release */ = {
			isa = XCBuildConfiguration;
			buildSettings = {
				ALWAYS_SEARCH_USER_PATHS = NO;
				CLANG_CXX_LANGUAGE_STANDARD = "gnu++0x";
				CLANG_CXX_LIBRARY = "libc++";
				CLANG_ENABLE_MODULES = YES;
				CLANG_ENABLE_OBJC_ARC = YES;
				CLANG_WARN_BOOL_CONVERSION = YES;
				CLANG_WARN_CONSTANT_CONVERSION = YES;
				CLANG_WARN_DIRECT_OBJC_ISA_USAGE = YES_ERROR;
				CLANG_WARN_EMPTY_BODY = YES;
				CLANG_WARN_ENUM_CONVERSION = YES;
				CLANG_WARN_INT_CONVERSION = YES;
				CLANG_WARN_OBJC_ROOT_CLASS = YES_ERROR;
				CLANG_WARN_UNREACHABLE_CODE = YES;
				CLANG_WARN__DUPLICATE_METHOD_MATCH = YES;
				COPY_PHASE_STRIP = YES;
				DEBUG_INFORMATION_FORMAT = "dwarf-with-dsym";
				ENABLE_NS_ASSERTIONS = NO;
				ENABLE_STRICT_OBJC_MSGSEND = YES;
				GCC_C_LANGUAGE_STANDARD = gnu99;
				GCC_WARN_64_TO_32_BIT_CONVERSION = YES;
				GCC_WARN_ABOUT_RETURN_TYPE = YES_ERROR;
				GCC_WARN_UNDECLARED_SELECTOR = YES;
				GCC_WARN_UNINITIALIZED_AUTOS = YES_AGGRESSIVE;
				GCC_WARN_UNUSED_FUNCTION = YES;
				GCC_WARN_UNUSED_VARIABLE = YES;
				MACOSX_DEPLOYMENT_TARGET = 10.10;
				MTL_ENABLE_DEBUG_INFO = NO;
				SDKROOT = macosx;
			};
			name = Release;
		};
		7F7C705A1AB4726E00C6EE36 /* Debug */ = {
			isa = XCBuildConfiguration;
			buildSettings = {
				CLANG_CXX_LIBRARY = "libc++";
				FRAMEWORK_SEARCH_PATHS = (
					"$(inherited)",
					"$(USER_LIBRARY_DIR)/Developer/Xcode/DerivedData/gtest-cbzpefqbkfowxoeublrrueggjjvh/Build/Products/Debug",
					"$(PROJECT_DIR)",
					"/Users/user1/Library/Developer/Xcode/DerivedData/gtest-cbzpefqbkfowxoeublrrueggjjvh/Build/Products/Debug",
					"/Users/user1/Library/Developer/Xcode/DerivedData/Anaquin-guakbmsmdzxsaiajegaxnvtohszp/Build/Products/Debug/Anaquin",
				);
				HEADER_SEARCH_PATHS = (
					"$(inherited)",
					/Applications/Xcode.app/Contents/Developer/Toolchains/XcodeDefault.xctoolchain/usr/include,
					"/Users/user1/Sources/googletest-read-only/include",
					/Users/user1/Sources/boost155/1.55.0/include,
				);
				LIBRARY_SEARCH_PATHS = (
					"$(inherited)",
					"$(USER_LIBRARY_DIR)/Developer/Xcode/DerivedData/gtest-cbzpefqbkfowxoeublrrueggjjvh/Build/Products/Debug",
					"$(PROJECT_DIR)",
				);
				PRODUCT_NAME = "$(TARGET_NAME)";
			};
			name = Debug;
		};
		7F7C705B1AB4726E00C6EE36 /* Release */ = {
			isa = XCBuildConfiguration;
			buildSettings = {
				CLANG_CXX_LIBRARY = "libc++";
				FRAMEWORK_SEARCH_PATHS = (
					"$(inherited)",
					"$(USER_LIBRARY_DIR)/Developer/Xcode/DerivedData/gtest-cbzpefqbkfowxoeublrrueggjjvh/Build/Products/Debug",
					"$(PROJECT_DIR)",
					"/Users/user1/Library/Developer/Xcode/DerivedData/gtest-cbzpefqbkfowxoeublrrueggjjvh/Build/Products/Debug",
					"/Users/user1/Library/Developer/Xcode/DerivedData/Anaquin-guakbmsmdzxsaiajegaxnvtohszp/Build/Products/Debug/Anaquin",
				);
				HEADER_SEARCH_PATHS = (
					"$(inherited)",
					/Applications/Xcode.app/Contents/Developer/Toolchains/XcodeDefault.xctoolchain/usr/include,
					"/Users/user1/Sources/googletest-read-only/include",
					/Users/user1/Sources/boost155/1.55.0/include,
				);
				LIBRARY_SEARCH_PATHS = (
					"$(inherited)",
					"$(USER_LIBRARY_DIR)/Developer/Xcode/DerivedData/gtest-cbzpefqbkfowxoeublrrueggjjvh/Build/Products/Debug",
					"$(PROJECT_DIR)",
				);
				PRODUCT_NAME = "$(TARGET_NAME)";
			};
			name = Release;
		};
/* End XCBuildConfiguration section */

/* Begin XCConfigurationList section */
		7F7C704D1AB4726E00C6EE36 /* Build configuration list for PBXProject "Anaquin" */ = {
			isa = XCConfigurationList;
			buildConfigurations = (
				7F7C70571AB4726E00C6EE36 /* Debug */,
				7F7C70581AB4726E00C6EE36 /* Release */,
			);
			defaultConfigurationIsVisible = 0;
			defaultConfigurationName = Release;
		};
		7F7C70591AB4726E00C6EE36 /* Build configuration list for PBXNativeTarget "Anaquin" */ = {
			isa = XCConfigurationList;
			buildConfigurations = (
				7F7C705A1AB4726E00C6EE36 /* Debug */,
				7F7C705B1AB4726E00C6EE36 /* Release */,
			);
			defaultConfigurationIsVisible = 0;
			defaultConfigurationName = Release;
		};
/* End XCConfigurationList section */
	};
	rootObject = 7F7C704A1AB4726E00C6EE36 /* Project object */;
}
